// !$*UTF8*$!
{
	archiveVersion = 1;
	classes = {
	};
	objectVersion = 55;
	objects = {

/* Begin PBXBuildFile section */
		01CFA4F46672EC6F17C7AAA9 /* AccessibilityTestApp.app in Dependencies */ = {isa = PBXBuildFile; fileRef = 4E41C475F84218C390FCF3E5 /* AccessibilityTestApp.app */; };
		04912A64AC25EE9FBAF9E407 /* ClientMessageTests.swift in Sources */ = {isa = PBXBuildFile; fileRef = F6D73BFA5255C8A2DF49F8F9 /* ClientMessageTests.swift */; };
		064C998F6E4663744710C60C /* TheMastermind.swift in Sources */ = {isa = PBXBuildFile; fileRef = 54A4628DF7E03D859F181B6A /* TheMastermind.swift */; };
		075005209685BC2EAE669585 /* RecordingPayloadTests.swift in Sources */ = {isa = PBXBuildFile; fileRef = 8EB78C05290143B3FE6E3F55 /* RecordingPayloadTests.swift */; };
		08AC4A9AA192B564B9FFBA5B /* TheFence+Formatting.swift in Sources */ = {isa = PBXBuildFile; fileRef = BD8ED05F8A920806D4175663 /* TheFence+Formatting.swift */; };
		0B727DFA33963386D57AA5BD /* AuthFailureTests.swift in Sources */ = {isa = PBXBuildFile; fileRef = FABF374ED46E8B26F4A831C2 /* AuthFailureTests.swift */; };
		10225D3B3C868E82D45D1CAC /* Crypto.framework in Frameworks */ = {isa = PBXBuildFile; fileRef = E52AAF089A5FF3332696D2C8 /* Crypto.framework */; };
		172D155B6F1B4DAFA1040B54 /* TheFenceTests.swift in Sources */ = {isa = PBXBuildFile; fileRef = 7EDD81A8A08CBF2229093AA4 /* TheFenceTests.swift */; };
		1BC430199BC9FAA411772D27 /* ScreenshotPayloadTests.swift in Sources */ = {isa = PBXBuildFile; fileRef = A7E4CC1813061818AEFEECDC /* ScreenshotPayloadTests.swift */; };
		1DCE97491DF9EAC2AA50E6EB /* DeviceConnectionTLSTests.swift in Sources */ = {isa = PBXBuildFile; fileRef = 1D6FCAB01DA8EBABEF0F5E94 /* DeviceConnectionTLSTests.swift */; };
		1F11B76D2ED18F20EE37A037 /* TheScore.framework in Frameworks */ = {isa = PBXBuildFile; fileRef = 9A918FE0F8CB350A49C5A16C /* TheScore.framework */; };
		23383C5DDB478FF24AC6A933 /* SyntheticTouch.swift in Sources */ = {isa = PBXBuildFile; fileRef = 505ED717985FBDFE68196CEB /* SyntheticTouch.swift */; };
		23F27EF90EA64C363A84E6B2 /* Animation.swift in Sources */ = {isa = PBXBuildFile; fileRef = 4C34776C3FA2EF395B509E52 /* Animation.swift */; };
		268C0891BC4BD683AA2C806C /* ButtonHeist.framework in Frameworks */ = {isa = PBXBuildFile; fileRef = 5D9A980927A3C00ED36E2929 /* ButtonHeist.framework */; };
		28B7A718F42369C803E58495 /* swift-crypto_CCryptoBoringSSLShims.bundle in Dependencies */ = {isa = PBXBuildFile; fileRef = 6777391A168B3CB3695C0BCF /* swift-crypto_CCryptoBoringSSLShims.bundle */; };
		2A360A9CAC75AEA9C9993F93 /* AuthMessageTests.swift in Sources */ = {isa = PBXBuildFile; fileRef = 6BE8A7B3A58123142AC5A3C1 /* AuthMessageTests.swift */; };
		2E0CD071F454D6FD708D52DC /* DeviceResolver.swift in Sources */ = {isa = PBXBuildFile; fileRef = 44278872AF4289E309CD78E2 /* DeviceResolver.swift */; };
		2F380AD6AE4BB22EF36DA8B6 /* TheScore.framework in Frameworks */ = {isa = PBXBuildFile; fileRef = 9A918FE0F8CB350A49C5A16C /* TheScore.framework */; };
		3199385249BEDA947E25945D /* DeviceProtocols.swift in Sources */ = {isa = PBXBuildFile; fileRef = D43D24A6682C61D9E2826547 /* DeviceProtocols.swift */; };
		35EBC59194F55574BEF113CB /* TheFence+CommandCatalog.swift in Sources */ = {isa = PBXBuildFile; fileRef = 1DE42B79AEEE4C94665D0B86 /* TheFence+CommandCatalog.swift */; };
		3CA92319C3F0C158E06E578A /* TheSafecracker+Actions.swift in Sources */ = {isa = PBXBuildFile; fileRef = CD416A7997E2F29556BAC914 /* TheSafecracker+Actions.swift */; };
		3EB1B7099693FEACF46E8F37 /* SessionLockTests.swift in Sources */ = {isa = PBXBuildFile; fileRef = 1809F7EF8AE66B295A3EFFA3 /* SessionLockTests.swift */; };
		43FAA429064665630FF0445A /* TheInsideJob.framework in Frameworks */ = {isa = PBXBuildFile; fileRef = BCBC80A25FD1B978F9DFF2B9 /* TheInsideJob.framework */; };
		444E8A980C32638FC69394E6 /* BezierSamplerTests.swift in Sources */ = {isa = PBXBuildFile; fileRef = DCC1088F98FACEF52AEBC66A /* BezierSamplerTests.swift */; };
		45C3D85998AB61A6D3ECCDD8 /* TheSafecracker+IOHIDEventBuilder.swift in Sources */ = {isa = PBXBuildFile; fileRef = 321FA500B51174D203977116 /* TheSafecracker+IOHIDEventBuilder.swift */; };
		461D067E90C5263C7A4CE830 /* TheSafecracker.swift in Sources */ = {isa = PBXBuildFile; fileRef = 1308BFFECC16AF7E933839EB /* TheSafecracker.swift */; };
		47D3B8CCCCA0ED59297EB946 /* ConnectionStateTests.swift in Sources */ = {isa = PBXBuildFile; fileRef = 0B3613C6087209693A0A50B4 /* ConnectionStateTests.swift */; };
		47D9445026E958EF6E2326A3 /* Crypto.framework in Frameworks */ = {isa = PBXBuildFile; fileRef = E52AAF089A5FF3332696D2C8 /* Crypto.framework */; };
		4D3FAF8D7AAA5F9F98997531 /* TLSIdentity.swift in Sources */ = {isa = PBXBuildFile; fileRef = AD647E6B8282C97B896CBBB8 /* TLSIdentity.swift */; };
		4E6ACA44E7873AB5F7F3379B /* ClientMessages+WireCoding.swift in Sources */ = {isa = PBXBuildFile; fileRef = 2F3E63876D513CED21786EC3 /* ClientMessages+WireCoding.swift */; };
		500C86B095B0F024D2F4B97C /* ServerMessages+WireCoding.swift in Sources */ = {isa = PBXBuildFile; fileRef = 439B35798F06B42BE1C978A6 /* ServerMessages+WireCoding.swift */; };
		5016FC7A53548764BBC63C6A /* ConnectionScopeTests.swift in Sources */ = {isa = PBXBuildFile; fileRef = FD96D09CD68F61CCD6902F18 /* ConnectionScopeTests.swift */; };
		57827CF243972B2F55DBB7E4 /* ConstantsTests.swift in Sources */ = {isa = PBXBuildFile; fileRef = 9714B85F0616DE73C7A879C6 /* ConstantsTests.swift */; };
		5CD6355BDA9E635AE450847F /* Polling.swift in Sources */ = {isa = PBXBuildFile; fileRef = E2E49A2463969D4E335E9E49 /* Polling.swift */; };
		5EF13631934912FD7D933DB1 /* Screen.swift in Sources */ = {isa = PBXBuildFile; fileRef = EA6E45285127FD6657C85307 /* Screen.swift */; };
		6037C9C5116D05143A407D11 /* AutoStart.swift in Sources */ = {isa = PBXBuildFile; fileRef = 011FC701399ED6B199815A4C /* AutoStart.swift */; };
		62DE534419EEF19F9A0C383D /* Crypto.framework in Frameworks */ = {isa = PBXBuildFile; fileRef = E52AAF089A5FF3332696D2C8 /* Crypto.framework */; };
		674F25A2AE43B004B9BD49ED /* TheScore.framework in Frameworks */ = {isa = PBXBuildFile; fileRef = 9A918FE0F8CB350A49C5A16C /* TheScore.framework */; };
		698A3E5AED394552492E2372 /* DeviceConnection.swift in Sources */ = {isa = PBXBuildFile; fileRef = 2B0E22793B929DC48507268C /* DeviceConnection.swift */; };
		6A855CBF2E2A25A0115F3021 /* TheMastermindTests.swift in Sources */ = {isa = PBXBuildFile; fileRef = C52109DAE44BD0E9A96B8047 /* TheMastermindTests.swift */; };
		70645F302E2187171D64E958 /* TheMuscleTests.swift in Sources */ = {isa = PBXBuildFile; fileRef = 594A7F8340C7B335C8033319 /* TheMuscleTests.swift */; };
		71D803CC09A6B351F9EE95F4 /* ButtonHeistActor.swift in Sources */ = {isa = PBXBuildFile; fileRef = 48C0A7E7B525AB54B71D0EC5 /* ButtonHeistActor.swift */; };
		72B63867F39709CBEC77B303 /* HierarchyPayloadTests.swift in Sources */ = {isa = PBXBuildFile; fileRef = 3FEBFC658B72A791C1BFEF2B /* HierarchyPayloadTests.swift */; };
		7AC5BB6A8C8049B4734E9D87 /* Crypto.framework in Frameworks */ = {isa = PBXBuildFile; fileRef = E52AAF089A5FF3332696D2C8 /* Crypto.framework */; };
		7C171E0C9479C3EAD5757469 /* TheSafecrackerTests.swift in Sources */ = {isa = PBXBuildFile; fileRef = 424717FB3ECFCCEA52B1971B /* TheSafecrackerTests.swift */; };
		7C9D2F12AC93C715BE94D816 /* ThePlantAutoStart.m in Sources */ = {isa = PBXBuildFile; fileRef = 376587F2D81DC81C4DE344CD /* ThePlantAutoStart.m */; };
		7DD042B29F6EA06B23F49451 /* TheTripwire.swift in Sources */ = {isa = PBXBuildFile; fileRef = E2EA15816DA81341F66436C5 /* TheTripwire.swift */; };
		7DE9C29580D34C57826B3ED0 /* USBDeviceDiscovery.swift in Sources */ = {isa = PBXBuildFile; fileRef = DFE165B7F4612979A10F917F /* USBDeviceDiscovery.swift */; };
		7E12A24AF6AB9194E21C2DE2 /* ConnectionScope.swift in Sources */ = {isa = PBXBuildFile; fileRef = 2B00E3ADE91F58C1FDF40089 /* ConnectionScope.swift */; };
		7FB26FEC3688200253566165 /* swift-crypto_CCryptoBoringSSL.bundle in Resources */ = {isa = PBXBuildFile; fileRef = 13D30AC92A982F4FC9F47B71 /* swift-crypto_CCryptoBoringSSL.bundle */; };
		829B5C6336718013BECCF027 /* TheInsideJob+Dispatch.swift in Sources */ = {isa = PBXBuildFile; fileRef = 19290497683B32A62E132809 /* TheInsideJob+Dispatch.swift */; };
		84A337C8A25148BC81B2DE3B /* TheSafecracker+TextEntry.swift in Sources */ = {isa = PBXBuildFile; fileRef = DEF71F4358EF1D15FD8D6E7B /* TheSafecracker+TextEntry.swift */; };
		89284D94AD5C257AB04C81E9 /* ClientMessages.swift in Sources */ = {isa = PBXBuildFile; fileRef = 8F2A56B947CB11F8C462EC56 /* ClientMessages.swift */; };
		8A1C2908B07C993A9BC28DE0 /* DeviceDiscovery.swift in Sources */ = {isa = PBXBuildFile; fileRef = B327E8A00585684B8DF1E7AE /* DeviceDiscovery.swift */; };
		90C16D53B6D3D2C41A8CC04B /* Elements.swift in Sources */ = {isa = PBXBuildFile; fileRef = 88BDCE237E3F7B5B1B2C73F6 /* Elements.swift */; };
		931B0CC777D0C21B1A21B1F5 /* AuthFlowIntegrationTests.swift in Sources */ = {isa = PBXBuildFile; fileRef = C307C5131F207C1B1AAB9EE9 /* AuthFlowIntegrationTests.swift */; };
		941DD066B32A0D60D5B6EB8B /* ServerTransport.swift in Sources */ = {isa = PBXBuildFile; fileRef = 1E836566E11E4B5CB5815D28 /* ServerTransport.swift */; };
		9C01EEBC0C435AE772D7ED9A /* TheMuscle.swift in Sources */ = {isa = PBXBuildFile; fileRef = C33FA97BFD66D89E91027A83 /* TheMuscle.swift */; };
		9C5A844A6040C6C5A5073D35 /* Mocks.swift in Sources */ = {isa = PBXBuildFile; fileRef = 5B12846943603FCF34BBBFCA /* Mocks.swift */; };
		A1DBD280620BA4EE8B43FAD8 /* TLSIntegrationTests.swift in Sources */ = {isa = PBXBuildFile; fileRef = D94936AF5E9BDD58D63A4D4C /* TLSIntegrationTests.swift */; };
		A2432E043DE81B8B1BEEFD79 /* swift-crypto__CryptoExtras.bundle in Resources */ = {isa = PBXBuildFile; fileRef = 6A3DED8FA6023701C7060202 /* swift-crypto__CryptoExtras.bundle */; };
		A2F13036F15FC1C1828257A0 /* TheHandoff.swift in Sources */ = {isa = PBXBuildFile; fileRef = 49DC85F5FB0AB0E2A81C9B96 /* TheHandoff.swift */; };
		A316C6ED9A0272428A388BEF /* swift-crypto_CryptoBoringWrapper.bundle in Resources */ = {isa = PBXBuildFile; fileRef = D99E915C8B258173B025852E /* swift-crypto_CryptoBoringWrapper.bundle */; };
		A339D30D4BB6B82C2D3A9BA3 /* Exports.swift in Sources */ = {isa = PBXBuildFile; fileRef = 286300664EC22C2386C8F58E /* Exports.swift */; };
		A65BD0AA33C822B456716447 /* AccessibilityElementDataTests.swift in Sources */ = {isa = PBXBuildFile; fileRef = 46B60C3CBA7FEE19B6FCFB08 /* AccessibilityElementDataTests.swift */; };
		A74AB42D76A561F05EB3EA3B /* TheFingerprints.swift in Sources */ = {isa = PBXBuildFile; fileRef = 179DAF88825C7F500380DD4B /* TheFingerprints.swift */; };
		AA9C3C4951AB133A139E704C /* TheBagman.swift in Sources */ = {isa = PBXBuildFile; fileRef = 5AB50C4C1FDF47B7376A6A2A /* TheBagman.swift */; };
		AD8FC6AC09AAE31D6D365834 /* swift-crypto__CryptoExtras.bundle in Dependencies */ = {isa = PBXBuildFile; fileRef = 6A3DED8FA6023701C7060202 /* swift-crypto__CryptoExtras.bundle */; };
		ADEBEB61F1B3DE1E04595B5F /* TLSIdentityTests.swift in Sources */ = {isa = PBXBuildFile; fileRef = ACF6FCCFB96D20A5EBD41C48 /* TLSIdentityTests.swift */; };
		B567A9FA76509594564D7D3B /* swift-crypto_CCryptoBoringSSLShims.bundle in Resources */ = {isa = PBXBuildFile; fileRef = 6777391A168B3CB3695C0BCF /* swift-crypto_CCryptoBoringSSLShims.bundle */; };
		BAE49213A7F4FAACD9AE1EE0 /* TheScore.framework in Frameworks */ = {isa = PBXBuildFile; fileRef = 9A918FE0F8CB350A49C5A16C /* TheScore.framework */; };
		BCBD96904472CF97DC0FBA32 /* ServerMessageTests.swift in Sources */ = {isa = PBXBuildFile; fileRef = 4787FCEE2083A3D0D9CF380A /* ServerMessageTests.swift */; };
		C23A54D8EE16D10E22F9DC02 /* TheScoreTests.swift in Sources */ = {isa = PBXBuildFile; fileRef = DEB0B7809F88FC5A43CCE9A4 /* TheScoreTests.swift */; };
		C5342E6482326D40D2501735 /* swift-crypto_CCryptoBoringSSL.bundle in Dependencies */ = {isa = PBXBuildFile; fileRef = 13D30AC92A982F4FC9F47B71 /* swift-crypto_CCryptoBoringSSL.bundle */; };
		C58ABCE1E2EC2AABA74AC5B0 /* X509.framework in Frameworks */ = {isa = PBXBuildFile; fileRef = 2AAAEEB751AA8F9E857DAF57 /* X509.framework */; };
		C631D8CED9D54B65D5B59413 /* TheSafecracker+MultiTouch.swift in Sources */ = {isa = PBXBuildFile; fileRef = 4B37E569E22FDE553EB0005A /* TheSafecracker+MultiTouch.swift */; };
		C7C2040B34E358C9BDE7C21C /* swift-crypto_CryptoBoringWrapper.bundle in Dependencies */ = {isa = PBXBuildFile; fileRef = D99E915C8B258173B025852E /* swift-crypto_CryptoBoringWrapper.bundle */; };
		CA8DB44843A29EE5482011BE /* TheFence.swift in Sources */ = {isa = PBXBuildFile; fileRef = 9554F39FBD74E02DB6F040EC /* TheFence.swift */; };
		CB9A2AB183D9522F7E8DD4C1 /* TheFence+Handlers.swift in Sources */ = {isa = PBXBuildFile; fileRef = 83137EE544169770435091EA /* TheFence+Handlers.swift */; };
		D0C1E44F2545E6F62A38BA54 /* TheFenceSecurityTests.swift in Sources */ = {isa = PBXBuildFile; fileRef = D3EA65F009A28CA1D8F7B8F7 /* TheFenceSecurityTests.swift */; };
		D19C1AD163D7F2C987339045 /* TheTripwireTests.swift in Sources */ = {isa = PBXBuildFile; fileRef = CDD59EB8684A62ABBB0EFEF4 /* TheTripwireTests.swift */; };
		D1CABD6D09423256E7BA63A3 /* DiscoveredDevice.swift in Sources */ = {isa = PBXBuildFile; fileRef = 558658BD430870069086F3A8 /* DiscoveredDevice.swift */; };
		D207FAE9BC6BD64E7765BB78 /* TheBagman+Conversion.swift in Sources */ = {isa = PBXBuildFile; fileRef = 144A5EA0D6BE40725DC8F36F /* TheBagman+Conversion.swift */; };
		D75454A1CADC70337F726797 /* TheInsideJob.swift in Sources */ = {isa = PBXBuildFile; fileRef = 0A30441A167F4DEDD5C2F562 /* TheInsideJob.swift */; };
		D8798A1C0B2AA1291B1E3655 /* AccessibilitySnapshotParser.framework in Frameworks */ = {isa = PBXBuildFile; fileRef = A10CE4609BC79CCF4BF0CFAA /* AccessibilitySnapshotParser.framework */; };
		D87D2ABD901052AC655202DB /* ThePlantAutoStart.h in Headers */ = {isa = PBXBuildFile; fileRef = 09C4C594B932300D1817D3F0 /* ThePlantAutoStart.h */; settings = {ATTRIBUTES = (Public, ); }; };
		DE851FFADFCAC1719EC060DC /* ObjCRuntime.swift in Sources */ = {isa = PBXBuildFile; fileRef = 14BC478345C6BE0A8B155580 /* ObjCRuntime.swift */; };
		E053E068CA957250B66351E4 /* TheFenceHandlerTests.swift in Sources */ = {isa = PBXBuildFile; fileRef = 6B1D087B067D089CF13A7BBC /* TheFenceHandlerTests.swift */; };
		E2F793CFC12A5894338CC018 /* SimpleSocketServer.swift in Sources */ = {isa = PBXBuildFile; fileRef = A74F5E0C5B7E7C511F140992 /* SimpleSocketServer.swift */; };
		E3EB50B8FF78DE114640D797 /* TheStakeout.swift in Sources */ = {isa = PBXBuildFile; fileRef = 01CD3D2D34C5473EB6B4E4D1 /* TheStakeout.swift */; };
		EB70E312ACAB369A26299111 /* Messages.swift in Sources */ = {isa = PBXBuildFile; fileRef = 8EB2EFB0B0E9B9ADCBDE598A /* Messages.swift */; };
		EC8A154334ECF021BA4A2729 /* DiscoveredDeviceTests.swift in Sources */ = {isa = PBXBuildFile; fileRef = C9506D9D84CD17AEC619D171 /* DiscoveredDeviceTests.swift */; };
		EF33A29DE94964545E58B8E8 /* ServerMessages.swift in Sources */ = {isa = PBXBuildFile; fileRef = B191B5186E8A65BA9E5042F3 /* ServerMessages.swift */; };
		FC2DD3D03C11B65E2333F63F /* ServerInfoTests.swift in Sources */ = {isa = PBXBuildFile; fileRef = 1B264A91FB8B3A90E1686912 /* ServerInfoTests.swift */; };
		FF72FE3ED77B03A1BC1CBA46 /* TheSafecracker+Bezier.swift in Sources */ = {isa = PBXBuildFile; fileRef = 78E08CC045CD0C77114CCCD5 /* TheSafecracker+Bezier.swift */; };
/* End PBXBuildFile section */

/* Begin PBXContainerItemProxy section */
		44667F583C708BD53710BEC0 /* PBXContainerItemProxy */ = {
			isa = PBXContainerItemProxy;
			containerPortal = 05095CDD5321516AFB12077C /* Project object */;
			proxyType = 1;
			remoteGlobalIDString = DE504387EAB6C70F9E30849E;
			remoteInfo = TheScore;
		};
		6074A7DA989E51692EB0BBC4 /* PBXContainerItemProxy */ = {
			isa = PBXContainerItemProxy;
			containerPortal = 05095CDD5321516AFB12077C /* Project object */;
			proxyType = 1;
			remoteGlobalIDString = DE504387EAB6C70F9E30849E;
			remoteInfo = TheScore;
		};
		9A57193D9ED424CFFB012FE4 /* PBXContainerItemProxy */ = {
			isa = PBXContainerItemProxy;
			containerPortal = 05095CDD5321516AFB12077C /* Project object */;
			proxyType = 1;
			remoteGlobalIDString = DE504387EAB6C70F9E30849E;
			remoteInfo = TheScore;
		};
		A7D7B66CC2A9ED01D5B9BBD1 /* PBXContainerItemProxy */ = {
			isa = PBXContainerItemProxy;
			containerPortal = 05095CDD5321516AFB12077C /* Project object */;
			proxyType = 1;
			remoteGlobalIDString = 01AB9D7BD988A7ADF961852B;
			remoteInfo = ButtonHeist;
		};
		D89D0F4195B7C4ADF1411715 /* PBXContainerItemProxy */ = {
			isa = PBXContainerItemProxy;
			containerPortal = 05095CDD5321516AFB12077C /* Project object */;
			proxyType = 1;
			remoteGlobalIDString = DE504387EAB6C70F9E30849E;
			remoteInfo = TheScore;
		};
		DAD54DEB8D8895599A2E2C2E /* PBXContainerItemProxy */ = {
			isa = PBXContainerItemProxy;
			containerPortal = 05095CDD5321516AFB12077C /* Project object */;
			proxyType = 1;
			remoteGlobalIDString = 4966D1848821855A88573DCD;
			remoteInfo = TheInsideJob;
		};
/* End PBXContainerItemProxy section */

/* Begin PBXCopyFilesBuildPhase section */
		558DEF781C764B5E61035B69 /* Embed Frameworks */ = {
			isa = PBXCopyFilesBuildPhase;
			buildActionMask = 2147483647;
			dstPath = "";
			dstSubfolderSpec = 10;
			files = (
			);
			name = "Embed Frameworks";
			runOnlyForDeploymentPostprocessing = 0;
		};
		7B2CE408991E2A4542136805 /* Embed Frameworks */ = {
			isa = PBXCopyFilesBuildPhase;
			buildActionMask = 2147483647;
			dstPath = "";
			dstSubfolderSpec = 10;
			files = (
			);
			name = "Embed Frameworks";
			runOnlyForDeploymentPostprocessing = 0;
		};
		8A1D5BFD53DE28B9225D1730 /* Embed Frameworks */ = {
			isa = PBXCopyFilesBuildPhase;
			buildActionMask = 2147483647;
			dstPath = "";
			dstSubfolderSpec = 10;
			files = (
			);
			name = "Embed Frameworks";
			runOnlyForDeploymentPostprocessing = 0;
		};
		A6124DE618045BA4243A3E8E /* Dependencies */ = {
			isa = PBXCopyFilesBuildPhase;
			buildActionMask = 8;
			dstSubfolderSpec = 16;
			files = (
				01CFA4F46672EC6F17C7AAA9 /* AccessibilityTestApp.app in Dependencies */,
				C5342E6482326D40D2501735 /* swift-crypto_CCryptoBoringSSL.bundle in Dependencies */,
				28B7A718F42369C803E58495 /* swift-crypto_CCryptoBoringSSLShims.bundle in Dependencies */,
				C7C2040B34E358C9BDE7C21C /* swift-crypto_CryptoBoringWrapper.bundle in Dependencies */,
				AD8FC6AC09AAE31D6D365834 /* swift-crypto__CryptoExtras.bundle in Dependencies */,
			);
			name = Dependencies;
			runOnlyForDeploymentPostprocessing = 1;
		};
		B222EB8197BAD28885AF5B5A /* Embed Frameworks */ = {
			isa = PBXCopyFilesBuildPhase;
			buildActionMask = 2147483647;
			dstPath = "";
			dstSubfolderSpec = 10;
			files = (
			);
			name = "Embed Frameworks";
			runOnlyForDeploymentPostprocessing = 0;
		};
		B99C06FF78D087099018B6FB /* Embed Frameworks */ = {
			isa = PBXCopyFilesBuildPhase;
			buildActionMask = 2147483647;
			dstPath = "";
			dstSubfolderSpec = 10;
			files = (
			);
			name = "Embed Frameworks";
			runOnlyForDeploymentPostprocessing = 0;
		};
		D0AA2894149AAA52F9267CBE /* Embed Frameworks */ = {
			isa = PBXCopyFilesBuildPhase;
			buildActionMask = 2147483647;
			dstPath = "";
			dstSubfolderSpec = 10;
			files = (
			);
			name = "Embed Frameworks";
			runOnlyForDeploymentPostprocessing = 0;
		};
/* End PBXCopyFilesBuildPhase section */

/* Begin PBXFileReference section */
		011FC701399ED6B199815A4C /* AutoStart.swift */ = {isa = PBXFileReference; lastKnownFileType = sourcecode.swift; path = AutoStart.swift; sourceTree = "<group>"; };
		01CD3D2D34C5473EB6B4E4D1 /* TheStakeout.swift */ = {isa = PBXFileReference; lastKnownFileType = sourcecode.swift; path = TheStakeout.swift; sourceTree = "<group>"; };
		06D7913F56126CFD418986FA /* TheInsideJobTests-Info.plist */ = {isa = PBXFileReference; lastKnownFileType = text.plist; path = "TheInsideJobTests-Info.plist"; sourceTree = "<group>"; };
		09C4C594B932300D1817D3F0 /* ThePlantAutoStart.h */ = {isa = PBXFileReference; lastKnownFileType = sourcecode.c.h; path = ThePlantAutoStart.h; sourceTree = "<group>"; };
		0A30441A167F4DEDD5C2F562 /* TheInsideJob.swift */ = {isa = PBXFileReference; lastKnownFileType = sourcecode.swift; path = TheInsideJob.swift; sourceTree = "<group>"; };
		0B3613C6087209693A0A50B4 /* ConnectionStateTests.swift */ = {isa = PBXFileReference; lastKnownFileType = sourcecode.swift; path = ConnectionStateTests.swift; sourceTree = "<group>"; };
		1308BFFECC16AF7E933839EB /* TheSafecracker.swift */ = {isa = PBXFileReference; lastKnownFileType = sourcecode.swift; path = TheSafecracker.swift; sourceTree = "<group>"; };
		13D30AC92A982F4FC9F47B71 /* swift-crypto_CCryptoBoringSSL.bundle */ = {isa = PBXFileReference; explicitFileType = wrapper.cfbundle; includeInIndex = 0; path = "swift-crypto_CCryptoBoringSSL.bundle"; sourceTree = BUILT_PRODUCTS_DIR; };
		144A5EA0D6BE40725DC8F36F /* TheBagman+Conversion.swift */ = {isa = PBXFileReference; lastKnownFileType = sourcecode.swift; path = "TheBagman+Conversion.swift"; sourceTree = "<group>"; };
		14BC478345C6BE0A8B155580 /* ObjCRuntime.swift */ = {isa = PBXFileReference; lastKnownFileType = sourcecode.swift; path = ObjCRuntime.swift; sourceTree = "<group>"; };
		179DAF88825C7F500380DD4B /* TheFingerprints.swift */ = {isa = PBXFileReference; lastKnownFileType = sourcecode.swift; path = TheFingerprints.swift; sourceTree = "<group>"; };
		1809F7EF8AE66B295A3EFFA3 /* SessionLockTests.swift */ = {isa = PBXFileReference; lastKnownFileType = sourcecode.swift; path = SessionLockTests.swift; sourceTree = "<group>"; };
		19290497683B32A62E132809 /* TheInsideJob+Dispatch.swift */ = {isa = PBXFileReference; lastKnownFileType = sourcecode.swift; path = "TheInsideJob+Dispatch.swift"; sourceTree = "<group>"; };
		1B264A91FB8B3A90E1686912 /* ServerInfoTests.swift */ = {isa = PBXFileReference; lastKnownFileType = sourcecode.swift; path = ServerInfoTests.swift; sourceTree = "<group>"; };
		1D6FCAB01DA8EBABEF0F5E94 /* DeviceConnectionTLSTests.swift */ = {isa = PBXFileReference; lastKnownFileType = sourcecode.swift; path = DeviceConnectionTLSTests.swift; sourceTree = "<group>"; };
		1DE42B79AEEE4C94665D0B86 /* TheFence+CommandCatalog.swift */ = {isa = PBXFileReference; lastKnownFileType = sourcecode.swift; path = "TheFence+CommandCatalog.swift"; sourceTree = "<group>"; };
		1E836566E11E4B5CB5815D28 /* ServerTransport.swift */ = {isa = PBXFileReference; lastKnownFileType = sourcecode.swift; path = ServerTransport.swift; sourceTree = "<group>"; };
		286300664EC22C2386C8F58E /* Exports.swift */ = {isa = PBXFileReference; lastKnownFileType = sourcecode.swift; path = Exports.swift; sourceTree = "<group>"; };
		2AAAEEB751AA8F9E857DAF57 /* X509.framework */ = {isa = PBXFileReference; explicitFileType = wrapper.framework; includeInIndex = 0; path = X509.framework; sourceTree = BUILT_PRODUCTS_DIR; };
		2B00E3ADE91F58C1FDF40089 /* ConnectionScope.swift */ = {isa = PBXFileReference; lastKnownFileType = sourcecode.swift; path = ConnectionScope.swift; sourceTree = "<group>"; };
		2B0E22793B929DC48507268C /* DeviceConnection.swift */ = {isa = PBXFileReference; lastKnownFileType = sourcecode.swift; path = DeviceConnection.swift; sourceTree = "<group>"; };
		2EB1711D7BADFA08C5ACA515 /* ButtonHeistTests.xctest */ = {isa = PBXFileReference; explicitFileType = wrapper.cfbundle; includeInIndex = 0; path = ButtonHeistTests.xctest; sourceTree = BUILT_PRODUCTS_DIR; };
		2F3E63876D513CED21786EC3 /* ClientMessages+WireCoding.swift */ = {isa = PBXFileReference; lastKnownFileType = sourcecode.swift; path = "ClientMessages+WireCoding.swift"; sourceTree = "<group>"; };
		321FA500B51174D203977116 /* TheSafecracker+IOHIDEventBuilder.swift */ = {isa = PBXFileReference; lastKnownFileType = sourcecode.swift; path = "TheSafecracker+IOHIDEventBuilder.swift"; sourceTree = "<group>"; };
		376587F2D81DC81C4DE344CD /* ThePlantAutoStart.m */ = {isa = PBXFileReference; lastKnownFileType = sourcecode.c.objc; path = ThePlantAutoStart.m; sourceTree = "<group>"; };
		3F7FFF3C83178165F90D0E35 /* TheScore-Info.plist */ = {isa = PBXFileReference; lastKnownFileType = text.plist; path = "TheScore-Info.plist"; sourceTree = "<group>"; };
		3FEBFC658B72A791C1BFEF2B /* HierarchyPayloadTests.swift */ = {isa = PBXFileReference; lastKnownFileType = sourcecode.swift; path = HierarchyPayloadTests.swift; sourceTree = "<group>"; };
		424717FB3ECFCCEA52B1971B /* TheSafecrackerTests.swift */ = {isa = PBXFileReference; lastKnownFileType = sourcecode.swift; path = TheSafecrackerTests.swift; sourceTree = "<group>"; };
		439B35798F06B42BE1C978A6 /* ServerMessages+WireCoding.swift */ = {isa = PBXFileReference; lastKnownFileType = sourcecode.swift; path = "ServerMessages+WireCoding.swift"; sourceTree = "<group>"; };
		44278872AF4289E309CD78E2 /* DeviceResolver.swift */ = {isa = PBXFileReference; lastKnownFileType = sourcecode.swift; path = DeviceResolver.swift; sourceTree = "<group>"; };
		46B60C3CBA7FEE19B6FCFB08 /* AccessibilityElementDataTests.swift */ = {isa = PBXFileReference; lastKnownFileType = sourcecode.swift; path = AccessibilityElementDataTests.swift; sourceTree = "<group>"; };
		4787FCEE2083A3D0D9CF380A /* ServerMessageTests.swift */ = {isa = PBXFileReference; lastKnownFileType = sourcecode.swift; path = ServerMessageTests.swift; sourceTree = "<group>"; };
		48C0A7E7B525AB54B71D0EC5 /* ButtonHeistActor.swift */ = {isa = PBXFileReference; lastKnownFileType = sourcecode.swift; path = ButtonHeistActor.swift; sourceTree = "<group>"; };
		49DC85F5FB0AB0E2A81C9B96 /* TheHandoff.swift */ = {isa = PBXFileReference; lastKnownFileType = sourcecode.swift; path = TheHandoff.swift; sourceTree = "<group>"; };
		4B37E569E22FDE553EB0005A /* TheSafecracker+MultiTouch.swift */ = {isa = PBXFileReference; lastKnownFileType = sourcecode.swift; path = "TheSafecracker+MultiTouch.swift"; sourceTree = "<group>"; };
		4C34776C3FA2EF395B509E52 /* Animation.swift */ = {isa = PBXFileReference; lastKnownFileType = sourcecode.swift; path = Animation.swift; sourceTree = "<group>"; };
		4CECA4ED8F3DA5B21DA1E4C7 /* ButtonHeistTests-Info.plist */ = {isa = PBXFileReference; lastKnownFileType = text.plist; path = "ButtonHeistTests-Info.plist"; sourceTree = "<group>"; };
		4E41C475F84218C390FCF3E5 /* AccessibilityTestApp.app */ = {isa = PBXFileReference; explicitFileType = wrapper.application; includeInIndex = 0; path = AccessibilityTestApp.app; sourceTree = BUILT_PRODUCTS_DIR; };
		505ED717985FBDFE68196CEB /* SyntheticTouch.swift */ = {isa = PBXFileReference; lastKnownFileType = sourcecode.swift; path = SyntheticTouch.swift; sourceTree = "<group>"; };
		54A4628DF7E03D859F181B6A /* TheMastermind.swift */ = {isa = PBXFileReference; lastKnownFileType = sourcecode.swift; path = TheMastermind.swift; sourceTree = "<group>"; };
		558658BD430870069086F3A8 /* DiscoveredDevice.swift */ = {isa = PBXFileReference; lastKnownFileType = sourcecode.swift; path = DiscoveredDevice.swift; sourceTree = "<group>"; };
		594A7F8340C7B335C8033319 /* TheMuscleTests.swift */ = {isa = PBXFileReference; lastKnownFileType = sourcecode.swift; path = TheMuscleTests.swift; sourceTree = "<group>"; };
		5AB50C4C1FDF47B7376A6A2A /* TheBagman.swift */ = {isa = PBXFileReference; lastKnownFileType = sourcecode.swift; path = TheBagman.swift; sourceTree = "<group>"; };
		5B12846943603FCF34BBBFCA /* Mocks.swift */ = {isa = PBXFileReference; lastKnownFileType = sourcecode.swift; path = Mocks.swift; sourceTree = "<group>"; };
		5D9A980927A3C00ED36E2929 /* ButtonHeist.framework */ = {isa = PBXFileReference; explicitFileType = wrapper.framework; includeInIndex = 0; path = ButtonHeist.framework; sourceTree = BUILT_PRODUCTS_DIR; };
		6777391A168B3CB3695C0BCF /* swift-crypto_CCryptoBoringSSLShims.bundle */ = {isa = PBXFileReference; explicitFileType = wrapper.cfbundle; includeInIndex = 0; path = "swift-crypto_CCryptoBoringSSLShims.bundle"; sourceTree = BUILT_PRODUCTS_DIR; };
		6A3DED8FA6023701C7060202 /* swift-crypto__CryptoExtras.bundle */ = {isa = PBXFileReference; explicitFileType = wrapper.cfbundle; includeInIndex = 0; path = "swift-crypto__CryptoExtras.bundle"; sourceTree = BUILT_PRODUCTS_DIR; };
		6B1D087B067D089CF13A7BBC /* TheFenceHandlerTests.swift */ = {isa = PBXFileReference; lastKnownFileType = sourcecode.swift; path = TheFenceHandlerTests.swift; sourceTree = "<group>"; };
		6BE8A7B3A58123142AC5A3C1 /* AuthMessageTests.swift */ = {isa = PBXFileReference; lastKnownFileType = sourcecode.swift; path = AuthMessageTests.swift; sourceTree = "<group>"; };
		78E08CC045CD0C77114CCCD5 /* TheSafecracker+Bezier.swift */ = {isa = PBXFileReference; lastKnownFileType = sourcecode.swift; path = "TheSafecracker+Bezier.swift"; sourceTree = "<group>"; };
		7EDD81A8A08CBF2229093AA4 /* TheFenceTests.swift */ = {isa = PBXFileReference; lastKnownFileType = sourcecode.swift; path = TheFenceTests.swift; sourceTree = "<group>"; };
		83137EE544169770435091EA /* TheFence+Handlers.swift */ = {isa = PBXFileReference; lastKnownFileType = sourcecode.swift; path = "TheFence+Handlers.swift"; sourceTree = "<group>"; };
		886C395B67A91072CBF2A507 /* TheScoreTests-Info.plist */ = {isa = PBXFileReference; lastKnownFileType = text.plist; path = "TheScoreTests-Info.plist"; sourceTree = "<group>"; };
		88BDCE237E3F7B5B1B2C73F6 /* Elements.swift */ = {isa = PBXFileReference; lastKnownFileType = sourcecode.swift; path = Elements.swift; sourceTree = "<group>"; };
		8A1D4EE85FB1349A4CA87816 /* TheScoreTests.xctest */ = {isa = PBXFileReference; explicitFileType = wrapper.cfbundle; includeInIndex = 0; path = TheScoreTests.xctest; sourceTree = BUILT_PRODUCTS_DIR; };
		8B7BC6F50889828C130CFD1A /* ButtonHeist-Info.plist */ = {isa = PBXFileReference; lastKnownFileType = text.plist; path = "ButtonHeist-Info.plist"; sourceTree = "<group>"; };
		8EB2EFB0B0E9B9ADCBDE598A /* Messages.swift */ = {isa = PBXFileReference; lastKnownFileType = sourcecode.swift; path = Messages.swift; sourceTree = "<group>"; };
		8EB78C05290143B3FE6E3F55 /* RecordingPayloadTests.swift */ = {isa = PBXFileReference; lastKnownFileType = sourcecode.swift; path = RecordingPayloadTests.swift; sourceTree = "<group>"; };
		8F2A56B947CB11F8C462EC56 /* ClientMessages.swift */ = {isa = PBXFileReference; lastKnownFileType = sourcecode.swift; path = ClientMessages.swift; sourceTree = "<group>"; };
		9554F39FBD74E02DB6F040EC /* TheFence.swift */ = {isa = PBXFileReference; lastKnownFileType = sourcecode.swift; path = TheFence.swift; sourceTree = "<group>"; };
		9714B85F0616DE73C7A879C6 /* ConstantsTests.swift */ = {isa = PBXFileReference; lastKnownFileType = sourcecode.swift; path = ConstantsTests.swift; sourceTree = "<group>"; };
		9A918FE0F8CB350A49C5A16C /* TheScore.framework */ = {isa = PBXFileReference; explicitFileType = wrapper.framework; includeInIndex = 0; path = TheScore.framework; sourceTree = BUILT_PRODUCTS_DIR; };
		A10CE4609BC79CCF4BF0CFAA /* AccessibilitySnapshotParser.framework */ = {isa = PBXFileReference; explicitFileType = wrapper.framework; includeInIndex = 0; path = AccessibilitySnapshotParser.framework; sourceTree = BUILT_PRODUCTS_DIR; };
		A74F5E0C5B7E7C511F140992 /* SimpleSocketServer.swift */ = {isa = PBXFileReference; lastKnownFileType = sourcecode.swift; path = SimpleSocketServer.swift; sourceTree = "<group>"; };
		A7E4CC1813061818AEFEECDC /* ScreenshotPayloadTests.swift */ = {isa = PBXFileReference; lastKnownFileType = sourcecode.swift; path = ScreenshotPayloadTests.swift; sourceTree = "<group>"; };
		ACF6FCCFB96D20A5EBD41C48 /* TLSIdentityTests.swift */ = {isa = PBXFileReference; lastKnownFileType = sourcecode.swift; path = TLSIdentityTests.swift; sourceTree = "<group>"; };
		AD647E6B8282C97B896CBBB8 /* TLSIdentity.swift */ = {isa = PBXFileReference; lastKnownFileType = sourcecode.swift; path = TLSIdentity.swift; sourceTree = "<group>"; };
		B191B5186E8A65BA9E5042F3 /* ServerMessages.swift */ = {isa = PBXFileReference; lastKnownFileType = sourcecode.swift; path = ServerMessages.swift; sourceTree = "<group>"; };
		B327E8A00585684B8DF1E7AE /* DeviceDiscovery.swift */ = {isa = PBXFileReference; lastKnownFileType = sourcecode.swift; path = DeviceDiscovery.swift; sourceTree = "<group>"; };
		BCBC80A25FD1B978F9DFF2B9 /* TheInsideJob.framework */ = {isa = PBXFileReference; explicitFileType = wrapper.framework; includeInIndex = 0; path = TheInsideJob.framework; sourceTree = BUILT_PRODUCTS_DIR; };
		BD8ED05F8A920806D4175663 /* TheFence+Formatting.swift */ = {isa = PBXFileReference; lastKnownFileType = sourcecode.swift; path = "TheFence+Formatting.swift"; sourceTree = "<group>"; };
		C307C5131F207C1B1AAB9EE9 /* AuthFlowIntegrationTests.swift */ = {isa = PBXFileReference; lastKnownFileType = sourcecode.swift; path = AuthFlowIntegrationTests.swift; sourceTree = "<group>"; };
		C33FA97BFD66D89E91027A83 /* TheMuscle.swift */ = {isa = PBXFileReference; lastKnownFileType = sourcecode.swift; path = TheMuscle.swift; sourceTree = "<group>"; };
		C52109DAE44BD0E9A96B8047 /* TheMastermindTests.swift */ = {isa = PBXFileReference; lastKnownFileType = sourcecode.swift; path = TheMastermindTests.swift; sourceTree = "<group>"; };
		C9506D9D84CD17AEC619D171 /* DiscoveredDeviceTests.swift */ = {isa = PBXFileReference; lastKnownFileType = sourcecode.swift; path = DiscoveredDeviceTests.swift; sourceTree = "<group>"; };
		CD416A7997E2F29556BAC914 /* TheSafecracker+Actions.swift */ = {isa = PBXFileReference; lastKnownFileType = sourcecode.swift; path = "TheSafecracker+Actions.swift"; sourceTree = "<group>"; };
		CDD59EB8684A62ABBB0EFEF4 /* TheTripwireTests.swift */ = {isa = PBXFileReference; lastKnownFileType = sourcecode.swift; path = TheTripwireTests.swift; sourceTree = "<group>"; };
		D0BAD5A4EB504A85EF99890C /* TheInsideJob-Info.plist */ = {isa = PBXFileReference; lastKnownFileType = text.plist; path = "TheInsideJob-Info.plist"; sourceTree = "<group>"; };
		D3EA65F009A28CA1D8F7B8F7 /* TheFenceSecurityTests.swift */ = {isa = PBXFileReference; lastKnownFileType = sourcecode.swift; path = TheFenceSecurityTests.swift; sourceTree = "<group>"; };
		D43D24A6682C61D9E2826547 /* DeviceProtocols.swift */ = {isa = PBXFileReference; lastKnownFileType = sourcecode.swift; path = DeviceProtocols.swift; sourceTree = "<group>"; };
		D94936AF5E9BDD58D63A4D4C /* TLSIntegrationTests.swift */ = {isa = PBXFileReference; lastKnownFileType = sourcecode.swift; path = TLSIntegrationTests.swift; sourceTree = "<group>"; };
		D99E915C8B258173B025852E /* swift-crypto_CryptoBoringWrapper.bundle */ = {isa = PBXFileReference; explicitFileType = wrapper.cfbundle; includeInIndex = 0; path = "swift-crypto_CryptoBoringWrapper.bundle"; sourceTree = BUILT_PRODUCTS_DIR; };
		DCC1088F98FACEF52AEBC66A /* BezierSamplerTests.swift */ = {isa = PBXFileReference; lastKnownFileType = sourcecode.swift; path = BezierSamplerTests.swift; sourceTree = "<group>"; };
		DEB0B7809F88FC5A43CCE9A4 /* TheScoreTests.swift */ = {isa = PBXFileReference; lastKnownFileType = sourcecode.swift; path = TheScoreTests.swift; sourceTree = "<group>"; };
		DEF71F4358EF1D15FD8D6E7B /* TheSafecracker+TextEntry.swift */ = {isa = PBXFileReference; lastKnownFileType = sourcecode.swift; path = "TheSafecracker+TextEntry.swift"; sourceTree = "<group>"; };
		DFE165B7F4612979A10F917F /* USBDeviceDiscovery.swift */ = {isa = PBXFileReference; lastKnownFileType = sourcecode.swift; path = USBDeviceDiscovery.swift; sourceTree = "<group>"; };
		E2E49A2463969D4E335E9E49 /* Polling.swift */ = {isa = PBXFileReference; lastKnownFileType = sourcecode.swift; path = Polling.swift; sourceTree = "<group>"; };
		E2EA15816DA81341F66436C5 /* TheTripwire.swift */ = {isa = PBXFileReference; lastKnownFileType = sourcecode.swift; path = TheTripwire.swift; sourceTree = "<group>"; };
		E52AAF089A5FF3332696D2C8 /* Crypto.framework */ = {isa = PBXFileReference; explicitFileType = wrapper.framework; includeInIndex = 0; path = Crypto.framework; sourceTree = BUILT_PRODUCTS_DIR; };
		EA6E45285127FD6657C85307 /* Screen.swift */ = {isa = PBXFileReference; lastKnownFileType = sourcecode.swift; path = Screen.swift; sourceTree = "<group>"; };
		F6D73BFA5255C8A2DF49F8F9 /* ClientMessageTests.swift */ = {isa = PBXFileReference; lastKnownFileType = sourcecode.swift; path = ClientMessageTests.swift; sourceTree = "<group>"; };
		FABF374ED46E8B26F4A831C2 /* AuthFailureTests.swift */ = {isa = PBXFileReference; lastKnownFileType = sourcecode.swift; path = AuthFailureTests.swift; sourceTree = "<group>"; };
		FD96D09CD68F61CCD6902F18 /* ConnectionScopeTests.swift */ = {isa = PBXFileReference; lastKnownFileType = sourcecode.swift; path = ConnectionScopeTests.swift; sourceTree = "<group>"; };
		FEC9D64E860D2FC24B8BD256 /* TheInsideJobTests.xctest */ = {isa = PBXFileReference; explicitFileType = wrapper.cfbundle; includeInIndex = 0; path = TheInsideJobTests.xctest; sourceTree = BUILT_PRODUCTS_DIR; };
/* End PBXFileReference section */

/* Begin PBXFrameworksBuildPhase section */
		093447A21A9B553642CCA8B6 /* Frameworks */ = {
			isa = PBXFrameworksBuildPhase;
			buildActionMask = 2147483647;
			files = (
				674F25A2AE43B004B9BD49ED /* TheScore.framework in Frameworks */,
			);
			runOnlyForDeploymentPostprocessing = 0;
		};
		14CA61B9B732E4A7AC523157 /* Frameworks */ = {
			isa = PBXFrameworksBuildPhase;
			buildActionMask = 2147483647;
			files = (
				62DE534419EEF19F9A0C383D /* Crypto.framework in Frameworks */,
				43FAA429064665630FF0445A /* TheInsideJob.framework in Frameworks */,
				2F380AD6AE4BB22EF36DA8B6 /* TheScore.framework in Frameworks */,
			);
			runOnlyForDeploymentPostprocessing = 0;
		};
		1A882EADF4133F4E06DF0D47 /* Frameworks */ = {
			isa = PBXFrameworksBuildPhase;
			buildActionMask = 2147483647;
			files = (
			);
			runOnlyForDeploymentPostprocessing = 0;
		};
		4575FEB3C776A49A5D61FC9A /* Frameworks */ = {
			isa = PBXFrameworksBuildPhase;
			buildActionMask = 2147483647;
			files = (
				268C0891BC4BD683AA2C806C /* ButtonHeist.framework in Frameworks */,
				7AC5BB6A8C8049B4734E9D87 /* Crypto.framework in Frameworks */,
			);
			runOnlyForDeploymentPostprocessing = 0;
		};
		B602454E9D798E32F45D7C43 /* Frameworks */ = {
			isa = PBXFrameworksBuildPhase;
			buildActionMask = 2147483647;
			files = (
				10225D3B3C868E82D45D1CAC /* Crypto.framework in Frameworks */,
				BAE49213A7F4FAACD9AE1EE0 /* TheScore.framework in Frameworks */,
			);
			runOnlyForDeploymentPostprocessing = 0;
		};
		E8552EDC870A12D326E727F2 /* Frameworks */ = {
			isa = PBXFrameworksBuildPhase;
			buildActionMask = 2147483647;
			files = (
				D8798A1C0B2AA1291B1E3655 /* AccessibilitySnapshotParser.framework in Frameworks */,
				47D9445026E958EF6E2326A3 /* Crypto.framework in Frameworks */,
				1F11B76D2ED18F20EE37A037 /* TheScore.framework in Frameworks */,
				C58ABCE1E2EC2AABA74AC5B0 /* X509.framework in Frameworks */,
			);
			runOnlyForDeploymentPostprocessing = 0;
		};
/* End PBXFrameworksBuildPhase section */

/* Begin PBXGroup section */
		00407D826337C530975FFF13 /* ButtonHeistTests */ = {
			isa = PBXGroup;
			children = (
				FABF374ED46E8B26F4A831C2 /* AuthFailureTests.swift */,
				C307C5131F207C1B1AAB9EE9 /* AuthFlowIntegrationTests.swift */,
				0B3613C6087209693A0A50B4 /* ConnectionStateTests.swift */,
				1D6FCAB01DA8EBABEF0F5E94 /* DeviceConnectionTLSTests.swift */,
				C9506D9D84CD17AEC619D171 /* DiscoveredDeviceTests.swift */,
				5B12846943603FCF34BBBFCA /* Mocks.swift */,
				1809F7EF8AE66B295A3EFFA3 /* SessionLockTests.swift */,
				6B1D087B067D089CF13A7BBC /* TheFenceHandlerTests.swift */,
				D3EA65F009A28CA1D8F7B8F7 /* TheFenceSecurityTests.swift */,
				7EDD81A8A08CBF2229093AA4 /* TheFenceTests.swift */,
				C52109DAE44BD0E9A96B8047 /* TheMastermindTests.swift */,
			);
			path = ButtonHeistTests;
			sourceTree = "<group>";
		};
		01A6C2269E71316DFFD456C4 /* TheButtonHeist */ = {
			isa = PBXGroup;
			children = (
				73FBFF062EEE0B5B5B516EA2 /* TheHandoff */,
				48C0A7E7B525AB54B71D0EC5 /* ButtonHeistActor.swift */,
				286300664EC22C2386C8F58E /* Exports.swift */,
				9554F39FBD74E02DB6F040EC /* TheFence.swift */,
				1DE42B79AEEE4C94665D0B86 /* TheFence+CommandCatalog.swift */,
				BD8ED05F8A920806D4175663 /* TheFence+Formatting.swift */,
				83137EE544169770435091EA /* TheFence+Handlers.swift */,
				54A4628DF7E03D859F181B6A /* TheMastermind.swift */,
			);
			path = TheButtonHeist;
			sourceTree = "<group>";
		};
		0E77E51EEF3E53F750D02638 /* include */ = {
			isa = PBXGroup;
			children = (
				09C4C594B932300D1817D3F0 /* ThePlantAutoStart.h */,
			);
			path = include;
			sourceTree = "<group>";
		};
		119B93DA40D0AC511E09A219 /* Products */ = {
			isa = PBXGroup;
			children = (
				A10CE4609BC79CCF4BF0CFAA /* AccessibilitySnapshotParser.framework */,
				4E41C475F84218C390FCF3E5 /* AccessibilityTestApp.app */,
				5D9A980927A3C00ED36E2929 /* ButtonHeist.framework */,
				2EB1711D7BADFA08C5ACA515 /* ButtonHeistTests.xctest */,
				E52AAF089A5FF3332696D2C8 /* Crypto.framework */,
				6A3DED8FA6023701C7060202 /* swift-crypto__CryptoExtras.bundle */,
				13D30AC92A982F4FC9F47B71 /* swift-crypto_CCryptoBoringSSL.bundle */,
				6777391A168B3CB3695C0BCF /* swift-crypto_CCryptoBoringSSLShims.bundle */,
				D99E915C8B258173B025852E /* swift-crypto_CryptoBoringWrapper.bundle */,
				BCBC80A25FD1B978F9DFF2B9 /* TheInsideJob.framework */,
				FEC9D64E860D2FC24B8BD256 /* TheInsideJobTests.xctest */,
				9A918FE0F8CB350A49C5A16C /* TheScore.framework */,
				8A1D4EE85FB1349A4CA87816 /* TheScoreTests.xctest */,
				2AAAEEB751AA8F9E857DAF57 /* X509.framework */,
			);
			name = Products;
			sourceTree = "<group>";
		};
		163B9A0D37D6558625F11254 /* ButtonHeist */ = {
			isa = PBXGroup;
			children = (
				2EC3724EF6BB15C5608AFA1A /* Sources */,
				65F9437CA625EC19AE790A5C /* Tests */,
			);
			path = ButtonHeist;
			sourceTree = "<group>";
		};
		17840E5599593D335B9F716D /* TheInsideJob */ = {
			isa = PBXGroup;
			children = (
				DE2A055195EB170C7CE3CF0D /* Extensions */,
				9F1C7D991B4200C2941046D0 /* TheSafecracker */,
				1E836566E11E4B5CB5815D28 /* ServerTransport.swift */,
				A74F5E0C5B7E7C511F140992 /* SimpleSocketServer.swift */,
				5AB50C4C1FDF47B7376A6A2A /* TheBagman.swift */,
				144A5EA0D6BE40725DC8F36F /* TheBagman+Conversion.swift */,
				179DAF88825C7F500380DD4B /* TheFingerprints.swift */,
				0A30441A167F4DEDD5C2F562 /* TheInsideJob.swift */,
				19290497683B32A62E132809 /* TheInsideJob+Dispatch.swift */,
				C33FA97BFD66D89E91027A83 /* TheMuscle.swift */,
				01CD3D2D34C5473EB6B4E4D1 /* TheStakeout.swift */,
				E2EA15816DA81341F66436C5 /* TheTripwire.swift */,
				AD647E6B8282C97B896CBBB8 /* TLSIdentity.swift */,
			);
			path = TheInsideJob;
			sourceTree = "<group>";
		};
		2EC3724EF6BB15C5608AFA1A /* Sources */ = {
			isa = PBXGroup;
			children = (
				01A6C2269E71316DFFD456C4 /* TheButtonHeist */,
				17840E5599593D335B9F716D /* TheInsideJob */,
				FD3C4BF7547AE10804BA625A /* ThePlant */,
				7CBEA3B65E7D5861F1EEE8C2 /* TheScore */,
			);
			path = Sources;
			sourceTree = "<group>";
		};
		65F9437CA625EC19AE790A5C /* Tests */ = {
			isa = PBXGroup;
			children = (
				00407D826337C530975FFF13 /* ButtonHeistTests */,
				A6B2D61908997D8B1576A5CF /* TheInsideJobTests */,
				F6767A00ECE311DACAE11CD3 /* TheScoreTests */,
			);
			path = Tests;
			sourceTree = "<group>";
		};
		6955CA01C937C24CEC6A75B4 /* Derived */ = {
			isa = PBXGroup;
			children = (
				DB0B66B8E13EAC7B83DF0273 /* InfoPlists */,
			);
			path = Derived;
			sourceTree = "<group>";
		};
		73FBFF062EEE0B5B5B516EA2 /* TheHandoff */ = {
			isa = PBXGroup;
			children = (
				2B0E22793B929DC48507268C /* DeviceConnection.swift */,
				B327E8A00585684B8DF1E7AE /* DeviceDiscovery.swift */,
				D43D24A6682C61D9E2826547 /* DeviceProtocols.swift */,
				44278872AF4289E309CD78E2 /* DeviceResolver.swift */,
				558658BD430870069086F3A8 /* DiscoveredDevice.swift */,
				49DC85F5FB0AB0E2A81C9B96 /* TheHandoff.swift */,
				DFE165B7F4612979A10F917F /* USBDeviceDiscovery.swift */,
			);
			path = TheHandoff;
			sourceTree = "<group>";
		};
		7CBEA3B65E7D5861F1EEE8C2 /* TheScore */ = {
			isa = PBXGroup;
			children = (
				8F2A56B947CB11F8C462EC56 /* ClientMessages.swift */,
				2F3E63876D513CED21786EC3 /* ClientMessages+WireCoding.swift */,
				2B00E3ADE91F58C1FDF40089 /* ConnectionScope.swift */,
				88BDCE237E3F7B5B1B2C73F6 /* Elements.swift */,
				8EB2EFB0B0E9B9ADCBDE598A /* Messages.swift */,
				B191B5186E8A65BA9E5042F3 /* ServerMessages.swift */,
				439B35798F06B42BE1C978A6 /* ServerMessages+WireCoding.swift */,
			);
			path = TheScore;
			sourceTree = "<group>";
		};
		9F1C7D991B4200C2941046D0 /* TheSafecracker */ = {
			isa = PBXGroup;
			children = (
				14BC478345C6BE0A8B155580 /* ObjCRuntime.swift */,
				505ED717985FBDFE68196CEB /* SyntheticTouch.swift */,
				1308BFFECC16AF7E933839EB /* TheSafecracker.swift */,
				CD416A7997E2F29556BAC914 /* TheSafecracker+Actions.swift */,
				78E08CC045CD0C77114CCCD5 /* TheSafecracker+Bezier.swift */,
				321FA500B51174D203977116 /* TheSafecracker+IOHIDEventBuilder.swift */,
				4B37E569E22FDE553EB0005A /* TheSafecracker+MultiTouch.swift */,
				DEF71F4358EF1D15FD8D6E7B /* TheSafecracker+TextEntry.swift */,
			);
			path = TheSafecracker;
			sourceTree = "<group>";
		};
		A6B2D61908997D8B1576A5CF /* TheInsideJobTests */ = {
			isa = PBXGroup;
			children = (
				DCC1088F98FACEF52AEBC66A /* BezierSamplerTests.swift */,
				594A7F8340C7B335C8033319 /* TheMuscleTests.swift */,
				424717FB3ECFCCEA52B1971B /* TheSafecrackerTests.swift */,
				CDD59EB8684A62ABBB0EFEF4 /* TheTripwireTests.swift */,
				ACF6FCCFB96D20A5EBD41C48 /* TLSIdentityTests.swift */,
				D94936AF5E9BDD58D63A4D4C /* TLSIntegrationTests.swift */,
			);
			path = TheInsideJobTests;
			sourceTree = "<group>";
		};
		DB0B66B8E13EAC7B83DF0273 /* InfoPlists */ = {
			isa = PBXGroup;
			children = (
				8B7BC6F50889828C130CFD1A /* ButtonHeist-Info.plist */,
				4CECA4ED8F3DA5B21DA1E4C7 /* ButtonHeistTests-Info.plist */,
				D0BAD5A4EB504A85EF99890C /* TheInsideJob-Info.plist */,
				06D7913F56126CFD418986FA /* TheInsideJobTests-Info.plist */,
				3F7FFF3C83178165F90D0E35 /* TheScore-Info.plist */,
				886C395B67A91072CBF2A507 /* TheScoreTests-Info.plist */,
			);
			path = InfoPlists;
			sourceTree = "<group>";
		};
		DE2A055195EB170C7CE3CF0D /* Extensions */ = {
			isa = PBXGroup;
			children = (
				4C34776C3FA2EF395B509E52 /* Animation.swift */,
				011FC701399ED6B199815A4C /* AutoStart.swift */,
				E2E49A2463969D4E335E9E49 /* Polling.swift */,
				EA6E45285127FD6657C85307 /* Screen.swift */,
			);
			path = Extensions;
			sourceTree = "<group>";
		};
		F0E23FDFBE2AEBCB4B5EAD36 = {
			isa = PBXGroup;
			children = (
				FEA146ADAD433E87A26D764C /* Project */,
				119B93DA40D0AC511E09A219 /* Products */,
			);
			sourceTree = "<group>";
		};
		F6767A00ECE311DACAE11CD3 /* TheScoreTests */ = {
			isa = PBXGroup;
			children = (
				46B60C3CBA7FEE19B6FCFB08 /* AccessibilityElementDataTests.swift */,
				6BE8A7B3A58123142AC5A3C1 /* AuthMessageTests.swift */,
				F6D73BFA5255C8A2DF49F8F9 /* ClientMessageTests.swift */,
				FD96D09CD68F61CCD6902F18 /* ConnectionScopeTests.swift */,
				9714B85F0616DE73C7A879C6 /* ConstantsTests.swift */,
				3FEBFC658B72A791C1BFEF2B /* HierarchyPayloadTests.swift */,
				8EB78C05290143B3FE6E3F55 /* RecordingPayloadTests.swift */,
				A7E4CC1813061818AEFEECDC /* ScreenshotPayloadTests.swift */,
				1B264A91FB8B3A90E1686912 /* ServerInfoTests.swift */,
				4787FCEE2083A3D0D9CF380A /* ServerMessageTests.swift */,
				DEB0B7809F88FC5A43CCE9A4 /* TheScoreTests.swift */,
			);
			path = TheScoreTests;
			sourceTree = "<group>";
		};
		FD3C4BF7547AE10804BA625A /* ThePlant */ = {
			isa = PBXGroup;
			children = (
				0E77E51EEF3E53F750D02638 /* include */,
				376587F2D81DC81C4DE344CD /* ThePlantAutoStart.m */,
			);
			path = ThePlant;
			sourceTree = "<group>";
		};
		FEA146ADAD433E87A26D764C /* Project */ = {
			isa = PBXGroup;
			children = (
				163B9A0D37D6558625F11254 /* ButtonHeist */,
				6955CA01C937C24CEC6A75B4 /* Derived */,
			);
			name = Project;
			sourceTree = "<group>";
		};
/* End PBXGroup section */

/* Begin PBXHeadersBuildPhase section */
		22C137DFEF76FF881876D2CA /* Headers */ = {
			isa = PBXHeadersBuildPhase;
			buildActionMask = 2147483647;
			files = (
				D87D2ABD901052AC655202DB /* ThePlantAutoStart.h in Headers */,
			);
			runOnlyForDeploymentPostprocessing = 0;
		};
/* End PBXHeadersBuildPhase section */

/* Begin PBXNativeTarget section */
		01AB9D7BD988A7ADF961852B /* ButtonHeist */ = {
			isa = PBXNativeTarget;
			buildConfigurationList = 6D046CCE0D445D1A153C0DDB /* Build configuration list for PBXNativeTarget "ButtonHeist" */;
			buildPhases = (
				A7F06C4DB34AF1E2673A3973 /* Sources */,
				6F173592DBAF7EDA4853CDB4 /* Resources */,
				B602454E9D798E32F45D7C43 /* Frameworks */,
				B222EB8197BAD28885AF5B5A /* Embed Frameworks */,
			);
			buildRules = (
			);
			dependencies = (
				DE4AF76A7E24F03406F80154 /* PBXTargetDependency */,
			);
			name = ButtonHeist;
			packageProductDependencies = (
			);
			productName = ButtonHeist;
			productReference = 5D9A980927A3C00ED36E2929 /* ButtonHeist.framework */;
			productType = "com.apple.product-type.framework";
		};
		4966D1848821855A88573DCD /* TheInsideJob */ = {
			isa = PBXNativeTarget;
			buildConfigurationList = 9F9ED4384F518A334B9BEE7B /* Build configuration list for PBXNativeTarget "TheInsideJob" */;
			buildPhases = (
				22C137DFEF76FF881876D2CA /* Headers */,
				A55B23267CD7BA35E2DAE419 /* Sources */,
				C2920AB6CDC3629524BF9539 /* Resources */,
				E8552EDC870A12D326E727F2 /* Frameworks */,
				B99C06FF78D087099018B6FB /* Embed Frameworks */,
			);
			buildRules = (
			);
			dependencies = (
				37C1C0AA613D84DB80A1AB4E /* PBXTargetDependency */,
			);
			name = TheInsideJob;
			packageProductDependencies = (
			);
			productName = TheInsideJob;
			productReference = BCBC80A25FD1B978F9DFF2B9 /* TheInsideJob.framework */;
			productType = "com.apple.product-type.framework";
		};
		7E0F23D58CBD2EF0C15E34EB /* TheInsideJobTests */ = {
			isa = PBXNativeTarget;
			buildConfigurationList = 3F6529553789FD230F67C871 /* Build configuration list for PBXNativeTarget "TheInsideJobTests" */;
			buildPhases = (
				BFE4288BC3EC91D35A340D51 /* Sources */,
				7788BB78E5D51E6E7E5D8BE6 /* Resources */,
				14CA61B9B732E4A7AC523157 /* Frameworks */,
				D0AA2894149AAA52F9267CBE /* Embed Frameworks */,
				A6124DE618045BA4243A3E8E /* Dependencies */,
			);
			buildRules = (
			);
			dependencies = (
				0EFA7BE632864C70E6E69B60 /* PBXTargetDependency */,
				DFDFD660F8CE3FDE5E4A73A2 /* PBXTargetDependency */,
			);
			name = TheInsideJobTests;
			packageProductDependencies = (
			);
			productName = TheInsideJobTests;
			productReference = FEC9D64E860D2FC24B8BD256 /* TheInsideJobTests.xctest */;
			productType = "com.apple.product-type.bundle.unit-test";
		};
		DCA40E9CBA58FAD77D4C6A4E /* TheScoreTests */ = {
			isa = PBXNativeTarget;
			buildConfigurationList = 5BE22EE848BF9A65D2CA6457 /* Build configuration list for PBXNativeTarget "TheScoreTests" */;
			buildPhases = (
				655C67C58F60599C2BC4CC09 /* Sources */,
				F0E450A08D05FACB6FCC8A4E /* Resources */,
				093447A21A9B553642CCA8B6 /* Frameworks */,
				8A1D5BFD53DE28B9225D1730 /* Embed Frameworks */,
			);
			buildRules = (
			);
			dependencies = (
				F3865920A9792F7DC6CF6C66 /* PBXTargetDependency */,
			);
			name = TheScoreTests;
			packageProductDependencies = (
			);
			productName = TheScoreTests;
			productReference = 8A1D4EE85FB1349A4CA87816 /* TheScoreTests.xctest */;
			productType = "com.apple.product-type.bundle.unit-test";
		};
		DE504387EAB6C70F9E30849E /* TheScore */ = {
			isa = PBXNativeTarget;
			buildConfigurationList = F57578B5C404C5A95D60CD04 /* Build configuration list for PBXNativeTarget "TheScore" */;
			buildPhases = (
				35ECE0FCF841EEFC3740116D /* Sources */,
				F605E76B5E8DBD8B15DBC6B7 /* Resources */,
				1A882EADF4133F4E06DF0D47 /* Frameworks */,
				558DEF781C764B5E61035B69 /* Embed Frameworks */,
			);
			buildRules = (
			);
			dependencies = (
			);
			name = TheScore;
			packageProductDependencies = (
			);
			productName = TheScore;
			productReference = 9A918FE0F8CB350A49C5A16C /* TheScore.framework */;
			productType = "com.apple.product-type.framework";
		};
		E59AC4213C28C64460B66331 /* ButtonHeistTests */ = {
			isa = PBXNativeTarget;
			buildConfigurationList = E61912E614DD3484D53CF9AD /* Build configuration list for PBXNativeTarget "ButtonHeistTests" */;
			buildPhases = (
				BF598C5C3422D0DA30109829 /* Sources */,
				F15818CE403B4B1AB9E18AF6 /* Resources */,
				4575FEB3C776A49A5D61FC9A /* Frameworks */,
				7B2CE408991E2A4542136805 /* Embed Frameworks */,
			);
			buildRules = (
			);
			dependencies = (
				4FF73F7AC03BA7B3662026BE /* PBXTargetDependency */,
			);
			name = ButtonHeistTests;
			packageProductDependencies = (
			);
			productName = ButtonHeistTests;
			productReference = 2EB1711D7BADFA08C5ACA515 /* ButtonHeistTests.xctest */;
			productType = "com.apple.product-type.bundle.unit-test";
		};
/* End PBXNativeTarget section */

/* Begin PBXProject section */
		05095CDD5321516AFB12077C /* Project object */ = {
			isa = PBXProject;
			attributes = {
				BuildIndependentTargetsInParallel = YES;
			};
			buildConfigurationList = 3A3C0FC0326E7A58AAD87CE7 /* Build configuration list for PBXProject "ButtonHeist" */;
			compatibilityVersion = "Xcode 14.0";
			developmentRegion = en;
			hasScannedForEncodings = 0;
			knownRegions = (
				Base,
				en,
			);
			mainGroup = F0E23FDFBE2AEBCB4B5EAD36;
			productRefGroup = 119B93DA40D0AC511E09A219 /* Products */;
			projectDirPath = "";
			projectRoot = "";
			targets = (
				01AB9D7BD988A7ADF961852B /* ButtonHeist */,
				E59AC4213C28C64460B66331 /* ButtonHeistTests */,
				4966D1848821855A88573DCD /* TheInsideJob */,
				7E0F23D58CBD2EF0C15E34EB /* TheInsideJobTests */,
				DE504387EAB6C70F9E30849E /* TheScore */,
				DCA40E9CBA58FAD77D4C6A4E /* TheScoreTests */,
			);
		};
/* End PBXProject section */

/* Begin PBXResourcesBuildPhase section */
		6F173592DBAF7EDA4853CDB4 /* Resources */ = {
			isa = PBXResourcesBuildPhase;
			buildActionMask = 2147483647;
			files = (
			);
			runOnlyForDeploymentPostprocessing = 0;
		};
		7788BB78E5D51E6E7E5D8BE6 /* Resources */ = {
			isa = PBXResourcesBuildPhase;
			buildActionMask = 2147483647;
			files = (
				7FB26FEC3688200253566165 /* swift-crypto_CCryptoBoringSSL.bundle in Resources */,
				B567A9FA76509594564D7D3B /* swift-crypto_CCryptoBoringSSLShims.bundle in Resources */,
				A316C6ED9A0272428A388BEF /* swift-crypto_CryptoBoringWrapper.bundle in Resources */,
				A2432E043DE81B8B1BEEFD79 /* swift-crypto__CryptoExtras.bundle in Resources */,
			);
			runOnlyForDeploymentPostprocessing = 0;
		};
		C2920AB6CDC3629524BF9539 /* Resources */ = {
			isa = PBXResourcesBuildPhase;
			buildActionMask = 2147483647;
			files = (
			);
			runOnlyForDeploymentPostprocessing = 0;
		};
		F0E450A08D05FACB6FCC8A4E /* Resources */ = {
			isa = PBXResourcesBuildPhase;
			buildActionMask = 2147483647;
			files = (
			);
			runOnlyForDeploymentPostprocessing = 0;
		};
		F15818CE403B4B1AB9E18AF6 /* Resources */ = {
			isa = PBXResourcesBuildPhase;
			buildActionMask = 2147483647;
			files = (
			);
			runOnlyForDeploymentPostprocessing = 0;
		};
		F605E76B5E8DBD8B15DBC6B7 /* Resources */ = {
			isa = PBXResourcesBuildPhase;
			buildActionMask = 2147483647;
			files = (
			);
			runOnlyForDeploymentPostprocessing = 0;
		};
/* End PBXResourcesBuildPhase section */

/* Begin PBXSourcesBuildPhase section */
		35ECE0FCF841EEFC3740116D /* Sources */ = {
			isa = PBXSourcesBuildPhase;
			buildActionMask = 2147483647;
			files = (
				4E6ACA44E7873AB5F7F3379B /* ClientMessages+WireCoding.swift in Sources */,
				89284D94AD5C257AB04C81E9 /* ClientMessages.swift in Sources */,
				7E12A24AF6AB9194E21C2DE2 /* ConnectionScope.swift in Sources */,
				90C16D53B6D3D2C41A8CC04B /* Elements.swift in Sources */,
				EB70E312ACAB369A26299111 /* Messages.swift in Sources */,
				500C86B095B0F024D2F4B97C /* ServerMessages+WireCoding.swift in Sources */,
				EF33A29DE94964545E58B8E8 /* ServerMessages.swift in Sources */,
			);
			runOnlyForDeploymentPostprocessing = 0;
		};
		655C67C58F60599C2BC4CC09 /* Sources */ = {
			isa = PBXSourcesBuildPhase;
			buildActionMask = 2147483647;
			files = (
				A65BD0AA33C822B456716447 /* AccessibilityElementDataTests.swift in Sources */,
				2A360A9CAC75AEA9C9993F93 /* AuthMessageTests.swift in Sources */,
				04912A64AC25EE9FBAF9E407 /* ClientMessageTests.swift in Sources */,
				5016FC7A53548764BBC63C6A /* ConnectionScopeTests.swift in Sources */,
				57827CF243972B2F55DBB7E4 /* ConstantsTests.swift in Sources */,
				72B63867F39709CBEC77B303 /* HierarchyPayloadTests.swift in Sources */,
				075005209685BC2EAE669585 /* RecordingPayloadTests.swift in Sources */,
				1BC430199BC9FAA411772D27 /* ScreenshotPayloadTests.swift in Sources */,
				FC2DD3D03C11B65E2333F63F /* ServerInfoTests.swift in Sources */,
				BCBD96904472CF97DC0FBA32 /* ServerMessageTests.swift in Sources */,
				C23A54D8EE16D10E22F9DC02 /* TheScoreTests.swift in Sources */,
			);
			runOnlyForDeploymentPostprocessing = 0;
		};
		A55B23267CD7BA35E2DAE419 /* Sources */ = {
			isa = PBXSourcesBuildPhase;
			buildActionMask = 2147483647;
			files = (
				23F27EF90EA64C363A84E6B2 /* Animation.swift in Sources */,
				6037C9C5116D05143A407D11 /* AutoStart.swift in Sources */,
				5CD6355BDA9E635AE450847F /* Polling.swift in Sources */,
				5EF13631934912FD7D933DB1 /* Screen.swift in Sources */,
				941DD066B32A0D60D5B6EB8B /* ServerTransport.swift in Sources */,
				E2F793CFC12A5894338CC018 /* SimpleSocketServer.swift in Sources */,
				4D3FAF8D7AAA5F9F98997531 /* TLSIdentity.swift in Sources */,
				D207FAE9BC6BD64E7765BB78 /* TheBagman+Conversion.swift in Sources */,
				AA9C3C4951AB133A139E704C /* TheBagman.swift in Sources */,
				A74AB42D76A561F05EB3EA3B /* TheFingerprints.swift in Sources */,
				829B5C6336718013BECCF027 /* TheInsideJob+Dispatch.swift in Sources */,
				D75454A1CADC70337F726797 /* TheInsideJob.swift in Sources */,
				9C01EEBC0C435AE772D7ED9A /* TheMuscle.swift in Sources */,
				DE851FFADFCAC1719EC060DC /* ObjCRuntime.swift in Sources */,
				23383C5DDB478FF24AC6A933 /* SyntheticTouch.swift in Sources */,
				3CA92319C3F0C158E06E578A /* TheSafecracker+Actions.swift in Sources */,
				FF72FE3ED77B03A1BC1CBA46 /* TheSafecracker+Bezier.swift in Sources */,
				45C3D85998AB61A6D3ECCDD8 /* TheSafecracker+IOHIDEventBuilder.swift in Sources */,
				C631D8CED9D54B65D5B59413 /* TheSafecracker+MultiTouch.swift in Sources */,
				84A337C8A25148BC81B2DE3B /* TheSafecracker+TextEntry.swift in Sources */,
				461D067E90C5263C7A4CE830 /* TheSafecracker.swift in Sources */,
				E3EB50B8FF78DE114640D797 /* TheStakeout.swift in Sources */,
				7DD042B29F6EA06B23F49451 /* TheTripwire.swift in Sources */,
				7C9D2F12AC93C715BE94D816 /* ThePlantAutoStart.m in Sources */,
			);
			runOnlyForDeploymentPostprocessing = 0;
		};
		A7F06C4DB34AF1E2673A3973 /* Sources */ = {
			isa = PBXSourcesBuildPhase;
			buildActionMask = 2147483647;
			files = (
				71D803CC09A6B351F9EE95F4 /* ButtonHeistActor.swift in Sources */,
				A339D30D4BB6B82C2D3A9BA3 /* Exports.swift in Sources */,
				35EBC59194F55574BEF113CB /* TheFence+CommandCatalog.swift in Sources */,
				08AC4A9AA192B564B9FFBA5B /* TheFence+Formatting.swift in Sources */,
				CB9A2AB183D9522F7E8DD4C1 /* TheFence+Handlers.swift in Sources */,
				CA8DB44843A29EE5482011BE /* TheFence.swift in Sources */,
				698A3E5AED394552492E2372 /* DeviceConnection.swift in Sources */,
				8A1C2908B07C993A9BC28DE0 /* DeviceDiscovery.swift in Sources */,
				3199385249BEDA947E25945D /* DeviceProtocols.swift in Sources */,
				2E0CD071F454D6FD708D52DC /* DeviceResolver.swift in Sources */,
				D1CABD6D09423256E7BA63A3 /* DiscoveredDevice.swift in Sources */,
				A2F13036F15FC1C1828257A0 /* TheHandoff.swift in Sources */,
				7DE9C29580D34C57826B3ED0 /* USBDeviceDiscovery.swift in Sources */,
				064C998F6E4663744710C60C /* TheMastermind.swift in Sources */,
			);
			runOnlyForDeploymentPostprocessing = 0;
		};
		BF598C5C3422D0DA30109829 /* Sources */ = {
			isa = PBXSourcesBuildPhase;
			buildActionMask = 2147483647;
			files = (
				0B727DFA33963386D57AA5BD /* AuthFailureTests.swift in Sources */,
				931B0CC777D0C21B1A21B1F5 /* AuthFlowIntegrationTests.swift in Sources */,
				47D3B8CCCCA0ED59297EB946 /* ConnectionStateTests.swift in Sources */,
				1DCE97491DF9EAC2AA50E6EB /* DeviceConnectionTLSTests.swift in Sources */,
				EC8A154334ECF021BA4A2729 /* DiscoveredDeviceTests.swift in Sources */,
				9C5A844A6040C6C5A5073D35 /* Mocks.swift in Sources */,
				3EB1B7099693FEACF46E8F37 /* SessionLockTests.swift in Sources */,
				E053E068CA957250B66351E4 /* TheFenceHandlerTests.swift in Sources */,
				D0C1E44F2545E6F62A38BA54 /* TheFenceSecurityTests.swift in Sources */,
				172D155B6F1B4DAFA1040B54 /* TheFenceTests.swift in Sources */,
				6A855CBF2E2A25A0115F3021 /* TheMastermindTests.swift in Sources */,
			);
			runOnlyForDeploymentPostprocessing = 0;
		};
		BFE4288BC3EC91D35A340D51 /* Sources */ = {
			isa = PBXSourcesBuildPhase;
			buildActionMask = 2147483647;
			files = (
				444E8A980C32638FC69394E6 /* BezierSamplerTests.swift in Sources */,
				ADEBEB61F1B3DE1E04595B5F /* TLSIdentityTests.swift in Sources */,
				A1DBD280620BA4EE8B43FAD8 /* TLSIntegrationTests.swift in Sources */,
				70645F302E2187171D64E958 /* TheMuscleTests.swift in Sources */,
				7C171E0C9479C3EAD5757469 /* TheSafecrackerTests.swift in Sources */,
				D19C1AD163D7F2C987339045 /* TheTripwireTests.swift in Sources */,
			);
			runOnlyForDeploymentPostprocessing = 0;
		};
/* End PBXSourcesBuildPhase section */

/* Begin PBXTargetDependency section */
		0EFA7BE632864C70E6E69B60 /* PBXTargetDependency */ = {
			isa = PBXTargetDependency;
			name = TheInsideJob;
			target = 4966D1848821855A88573DCD /* TheInsideJob */;
			targetProxy = DAD54DEB8D8895599A2E2C2E /* PBXContainerItemProxy */;
		};
		37C1C0AA613D84DB80A1AB4E /* PBXTargetDependency */ = {
			isa = PBXTargetDependency;
			name = TheScore;
			target = DE504387EAB6C70F9E30849E /* TheScore */;
			targetProxy = 44667F583C708BD53710BEC0 /* PBXContainerItemProxy */;
		};
		4FF73F7AC03BA7B3662026BE /* PBXTargetDependency */ = {
			isa = PBXTargetDependency;
			name = ButtonHeist;
			target = 01AB9D7BD988A7ADF961852B /* ButtonHeist */;
			targetProxy = A7D7B66CC2A9ED01D5B9BBD1 /* PBXContainerItemProxy */;
		};
		DE4AF76A7E24F03406F80154 /* PBXTargetDependency */ = {
			isa = PBXTargetDependency;
			name = TheScore;
			target = DE504387EAB6C70F9E30849E /* TheScore */;
			targetProxy = 6074A7DA989E51692EB0BBC4 /* PBXContainerItemProxy */;
		};
		DFDFD660F8CE3FDE5E4A73A2 /* PBXTargetDependency */ = {
			isa = PBXTargetDependency;
			name = TheScore;
			target = DE504387EAB6C70F9E30849E /* TheScore */;
			targetProxy = 9A57193D9ED424CFFB012FE4 /* PBXContainerItemProxy */;
		};
		F3865920A9792F7DC6CF6C66 /* PBXTargetDependency */ = {
			isa = PBXTargetDependency;
			name = TheScore;
			target = DE504387EAB6C70F9E30849E /* TheScore */;
			targetProxy = D89D0F4195B7C4ADF1411715 /* PBXContainerItemProxy */;
		};
/* End PBXTargetDependency section */

/* Begin XCBuildConfiguration section */
		1D47A2BCA568CBC01EDB1872 /* Debug */ = {
			isa = XCBuildConfiguration;
			buildSettings = {
				CODE_SIGN_IDENTITY = "";
				COMBINE_HIDPI_IMAGES = YES;
				CURRENT_PROJECT_VERSION = 1;
				DEFINES_MODULE = YES;
				DYLIB_COMPATIBILITY_VERSION = 1;
				DYLIB_CURRENT_VERSION = 1;
				DYLIB_INSTALL_NAME_BASE = "@rpath";
				FRAMEWORK_VERSION = A;
				INFOPLIST_FILE = "Derived/InfoPlists/ButtonHeist-Info.plist";
				INSTALL_PATH = "$(LOCAL_LIBRARY_DIR)/Frameworks";
				LD_RUNPATH_SEARCH_PATHS = (
					"$(inherited)",
					"@executable_path/../Frameworks",
					"@loader_path/../Frameworks",
				);
				MACOSX_DEPLOYMENT_TARGET = 14.0;
				PRODUCT_BUNDLE_IDENTIFIER = com.buttonheist.buttonheist;
				PRODUCT_NAME = ButtonHeist;
				SDKROOT = macosx;
				SKIP_INSTALL = YES;
				SWIFT_ACTIVE_COMPILATION_CONDITIONS = (
					"$(inherited)",
					DEBUG,
				);
				SWIFT_COMPILATION_MODE = singlefile;
				SWIFT_OPTIMIZATION_LEVEL = "-Onone";
				VERSIONING_SYSTEM = "apple-generic";
				VERSION_INFO_PREFIX = "";
			};
			name = Debug;
		};
		2F7C6B8F46593EBC86F2E7E9 /* Debug */ = {
			isa = XCBuildConfiguration;
			buildSettings = {
				CODE_SIGN_IDENTITY = "-";
				INFOPLIST_FILE = "Derived/InfoPlists/ButtonHeistTests-Info.plist";
				LD_RUNPATH_SEARCH_PATHS = (
					"$(inherited)",
					"@executable_path/../Frameworks",
					"@loader_path/../Frameworks",
				);
				MACOSX_DEPLOYMENT_TARGET = 14.0;
				PRODUCT_BUNDLE_IDENTIFIER = com.buttonheist.tests;
				PRODUCT_NAME = ButtonHeistTests;
				SDKROOT = macosx;
				SWIFT_ACTIVE_COMPILATION_CONDITIONS = (
					"$(inherited)",
					DEBUG,
				);
				SWIFT_COMPILATION_MODE = singlefile;
				SWIFT_OPTIMIZATION_LEVEL = "-Onone";
			};
			name = Debug;
		};
		3727093C59294BD76A340939 /* Release */ = {
			isa = XCBuildConfiguration;
			buildSettings = {
				"CURRENT_PROJECT_VERSION[sdk=iphoneos*]" = 1;
				"CURRENT_PROJECT_VERSION[sdk=iphonesimulator*]" = 1;
				"CURRENT_PROJECT_VERSION[sdk=macosx*]" = 1;
				"DEFINES_MODULE[sdk=iphoneos*]" = YES;
				"DEFINES_MODULE[sdk=iphonesimulator*]" = YES;
				"DEFINES_MODULE[sdk=macosx*]" = YES;
				"DYLIB_COMPATIBILITY_VERSION[sdk=iphoneos*]" = 1;
				"DYLIB_COMPATIBILITY_VERSION[sdk=iphonesimulator*]" = 1;
				"DYLIB_COMPATIBILITY_VERSION[sdk=macosx*]" = 1;
				"DYLIB_CURRENT_VERSION[sdk=iphoneos*]" = 1;
				"DYLIB_CURRENT_VERSION[sdk=iphonesimulator*]" = 1;
				"DYLIB_CURRENT_VERSION[sdk=macosx*]" = 1;
				"DYLIB_INSTALL_NAME_BASE[sdk=iphoneos*]" = "@rpath";
				"DYLIB_INSTALL_NAME_BASE[sdk=iphonesimulator*]" = "@rpath";
				"DYLIB_INSTALL_NAME_BASE[sdk=macosx*]" = "@rpath";
				INFOPLIST_FILE = "Derived/InfoPlists/TheScore-Info.plist";
				"INSTALL_PATH[sdk=iphoneos*]" = "$(LOCAL_LIBRARY_DIR)/Frameworks";
				"INSTALL_PATH[sdk=iphonesimulator*]" = "$(LOCAL_LIBRARY_DIR)/Frameworks";
				"INSTALL_PATH[sdk=macosx*]" = "$(LOCAL_LIBRARY_DIR)/Frameworks";
				IPHONEOS_DEPLOYMENT_TARGET = 17.0;
				"LD_RUNPATH_SEARCH_PATHS[sdk=iphoneos*]" = (
					"$(inherited)",
					"@executable_path/Frameworks",
					"@loader_path/Frameworks",
				);
				"LD_RUNPATH_SEARCH_PATHS[sdk=iphonesimulator*]" = (
					"$(inherited)",
					"@executable_path/Frameworks",
					"@loader_path/Frameworks",
				);
				"LD_RUNPATH_SEARCH_PATHS[sdk=macosx*]" = (
					"$(inherited)",
					"@executable_path/../Frameworks",
					"@loader_path/../Frameworks",
				);
				LastSwiftMigration = 2620;
				MACOSX_DEPLOYMENT_TARGET = 14.0;
				PRODUCT_BUNDLE_IDENTIFIER = com.buttonheist.thescore;
				PRODUCT_NAME = TheScore;
				"PRODUCT_NAME[sdk=iphoneos*]" = "$(TARGET_NAME:c99extidentifier)";
				"PRODUCT_NAME[sdk=iphonesimulator*]" = "$(TARGET_NAME:c99extidentifier)";
				"PRODUCT_NAME[sdk=macosx*]" = "$(TARGET_NAME:c99extidentifier)";
				SDKROOT = auto;
				"SKIP_INSTALL[sdk=iphoneos*]" = YES;
				"SKIP_INSTALL[sdk=iphonesimulator*]" = YES;
				"SKIP_INSTALL[sdk=macosx*]" = YES;
				SUPPORTED_PLATFORMS = "iphoneos iphonesimulator macosx";
				SUPPORTS_MACCATALYST = NO;
				SUPPORTS_MAC_DESIGNED_FOR_IPHONE_IPAD = NO;
				SUPPORTS_XR_DESIGNED_FOR_IPHONE_IPAD = NO;
				"SWIFT_COMPILATION_MODE[sdk=iphoneos*]" = wholemodule;
				"SWIFT_COMPILATION_MODE[sdk=iphonesimulator*]" = wholemodule;
				"SWIFT_COMPILATION_MODE[sdk=macosx*]" = wholemodule;
				"SWIFT_OPTIMIZATION_LEVEL[sdk=iphoneos*]" = "-Owholemodule";
				"SWIFT_OPTIMIZATION_LEVEL[sdk=iphonesimulator*]" = "-Owholemodule";
				"SWIFT_OPTIMIZATION_LEVEL[sdk=macosx*]" = "-Owholemodule";
				SWIFT_VERSION = 5.0;
				TARGETED_DEVICE_FAMILY = "1,2";
				"VERSIONING_SYSTEM[sdk=iphoneos*]" = "apple-generic";
				"VERSIONING_SYSTEM[sdk=iphonesimulator*]" = "apple-generic";
				"VERSIONING_SYSTEM[sdk=macosx*]" = "apple-generic";
				"VERSION_INFO_PREFIX[sdk=iphoneos*]" = "";
				"VERSION_INFO_PREFIX[sdk=iphonesimulator*]" = "";
				"VERSION_INFO_PREFIX[sdk=macosx*]" = "";
			};
			name = Release;
		};
		4FB226E86C9721443C96588B /* Release */ = {
			isa = XCBuildConfiguration;
			buildSettings = {
				CODE_SIGN_IDENTITY = "-";
				INFOPLIST_FILE = "Derived/InfoPlists/TheScoreTests-Info.plist";
				LD_RUNPATH_SEARCH_PATHS = (
					"$(inherited)",
					"@executable_path/../Frameworks",
					"@loader_path/../Frameworks",
				);
				MACOSX_DEPLOYMENT_TARGET = 14.0;
				PRODUCT_BUNDLE_IDENTIFIER = com.buttonheist.thescore.tests;
				PRODUCT_NAME = TheScoreTests;
				SDKROOT = macosx;
				SWIFT_COMPILATION_MODE = wholemodule;
				SWIFT_OPTIMIZATION_LEVEL = "-Owholemodule";
			};
			name = Release;
		};
		5AD43C3BBADC2436846A1412 /* Debug */ = {
			isa = XCBuildConfiguration;
			buildSettings = {
				CODE_SIGN_IDENTITY = "-";
				INFOPLIST_FILE = "Derived/InfoPlists/TheScoreTests-Info.plist";
				LD_RUNPATH_SEARCH_PATHS = (
					"$(inherited)",
					"@executable_path/../Frameworks",
					"@loader_path/../Frameworks",
				);
				MACOSX_DEPLOYMENT_TARGET = 14.0;
				PRODUCT_BUNDLE_IDENTIFIER = com.buttonheist.thescore.tests;
				PRODUCT_NAME = TheScoreTests;
				SDKROOT = macosx;
				SWIFT_ACTIVE_COMPILATION_CONDITIONS = (
					"$(inherited)",
					DEBUG,
				);
				SWIFT_COMPILATION_MODE = singlefile;
				SWIFT_OPTIMIZATION_LEVEL = "-Onone";
			};
			name = Debug;
		};
		5BB65043CE8E77CAAD416919 /* Release */ = {
			isa = XCBuildConfiguration;
			buildSettings = {
				CODE_SIGN_IDENTITY = "";
				COMBINE_HIDPI_IMAGES = YES;
				CURRENT_PROJECT_VERSION = 1;
				DEFINES_MODULE = YES;
				DYLIB_COMPATIBILITY_VERSION = 1;
				DYLIB_CURRENT_VERSION = 1;
				DYLIB_INSTALL_NAME_BASE = "@rpath";
				FRAMEWORK_VERSION = A;
				INFOPLIST_FILE = "Derived/InfoPlists/ButtonHeist-Info.plist";
				INSTALL_PATH = "$(LOCAL_LIBRARY_DIR)/Frameworks";
				LD_RUNPATH_SEARCH_PATHS = (
					"$(inherited)",
					"@executable_path/../Frameworks",
					"@loader_path/../Frameworks",
				);
				MACOSX_DEPLOYMENT_TARGET = 14.0;
				PRODUCT_BUNDLE_IDENTIFIER = com.buttonheist.buttonheist;
				PRODUCT_NAME = ButtonHeist;
				SDKROOT = macosx;
				SKIP_INSTALL = YES;
				SWIFT_COMPILATION_MODE = wholemodule;
				SWIFT_OPTIMIZATION_LEVEL = "-Owholemodule";
				VERSIONING_SYSTEM = "apple-generic";
				VERSION_INFO_PREFIX = "";
			};
			name = Release;
		};
		6365DA6A382337B938B96B7D /* Release */ = {
			isa = XCBuildConfiguration;
			buildSettings = {
				BUNDLE_LOADER = "$(TEST_HOST)";
				CODE_SIGN_IDENTITY = "iPhone Developer";
				HEADER_SEARCH_PATHS = (
					"$(inherited)",
					"$(inherited)",
					"$(SRCROOT)/AccessibilitySnapshot/Sources/AccessibilitySnapshot/Parser/ObjC/include",
					"$(SRCROOT)/Tuist/.build/checkouts/swift-crypto/Sources/CCryptoBoringSSL/include",
					"$(SRCROOT)/Tuist/.build/checkouts/swift-crypto/Sources/CCryptoBoringSSLShims/include",
				);
				INFOPLIST_FILE = "Derived/InfoPlists/TheInsideJobTests-Info.plist";
				IPHONEOS_DEPLOYMENT_TARGET = 17.0;
				LD_RUNPATH_SEARCH_PATHS = (
					"$(inherited)",
					"@executable_path/Frameworks",
					"@loader_path/Frameworks",
				);
				OTHER_CFLAGS = (
					"$(inherited)",
					"-fmodule-map-file=$(SRCROOT)/AccessibilitySnapshot/Derived/AccessibilitySnapshotParser_ObjC.modulemap",
					"-fmodule-map-file=$(SRCROOT)/Tuist/.build/checkouts/swift-crypto/Sources/CCryptoBoringSSL/include/module.modulemap",
					"-fmodule-map-file=$(SRCROOT)/Tuist/.build/checkouts/swift-crypto/Sources/CCryptoBoringSSLShims/include/module.modulemap",
				);
				OTHER_SWIFT_FLAGS = (
					"$(inherited)",
					"-Xcc",
					"-fmodule-map-file=$(SRCROOT)/AccessibilitySnapshot/Derived/AccessibilitySnapshotParser_ObjC.modulemap",
					"-Xcc",
					"-fmodule-map-file=$(SRCROOT)/Tuist/.build/checkouts/swift-crypto/Sources/CCryptoBoringSSL/include/module.modulemap",
					"-Xcc",
					"-fmodule-map-file=$(SRCROOT)/Tuist/.build/checkouts/swift-crypto/Sources/CCryptoBoringSSLShims/include/module.modulemap",
				);
				PRODUCT_BUNDLE_IDENTIFIER = com.buttonheist.theinsidejob.tests;
				PRODUCT_NAME = TheInsideJobTests;
				SDKROOT = iphoneos;
				SUPPORTS_MACCATALYST = NO;
				SUPPORTS_MAC_DESIGNED_FOR_IPHONE_IPAD = NO;
				SUPPORTS_XR_DESIGNED_FOR_IPHONE_IPAD = NO;
				SWIFT_COMPILATION_MODE = wholemodule;
				SWIFT_OPTIMIZATION_LEVEL = "-Owholemodule";
				TARGETED_DEVICE_FAMILY = "1,2";
				TEST_HOST = "$(BUILT_PRODUCTS_DIR)/AccessibilityTestApp.app/AccessibilityTestApp";
			};
			name = Release;
		};
		6AD1D6F6C15D1998F10E2279 /* Release */ = {
			isa = XCBuildConfiguration;
			buildSettings = {
				CODE_SIGN_IDENTITY = "";
				CURRENT_PROJECT_VERSION = 1;
				DEFINES_MODULE = YES;
				DYLIB_COMPATIBILITY_VERSION = 1;
				DYLIB_CURRENT_VERSION = 1;
				DYLIB_INSTALL_NAME_BASE = "@rpath";
				HEADER_SEARCH_PATHS = (
					"$(inherited)",
					"$(inherited)",
					"$(SRCROOT)/AccessibilitySnapshot/Sources/AccessibilitySnapshot/Parser/ObjC/include",
					"$(SRCROOT)/Tuist/.build/checkouts/swift-crypto/Sources/CCryptoBoringSSL/include",
					"$(SRCROOT)/Tuist/.build/checkouts/swift-crypto/Sources/CCryptoBoringSSLShims/include",
				);
				INFOPLIST_FILE = "Derived/InfoPlists/TheInsideJob-Info.plist";
				INSTALL_PATH = "$(LOCAL_LIBRARY_DIR)/Frameworks";
				IPHONEOS_DEPLOYMENT_TARGET = 17.0;
				LD_RUNPATH_SEARCH_PATHS = (
					"$(inherited)",
					"@executable_path/Frameworks",
					"@loader_path/Frameworks",
				);
				OTHER_CFLAGS = (
					"$(inherited)",
					"-fmodule-map-file=$(SRCROOT)/AccessibilitySnapshot/Derived/AccessibilitySnapshotParser_ObjC.modulemap",
					"-fmodule-map-file=$(SRCROOT)/Tuist/.build/checkouts/swift-crypto/Sources/CCryptoBoringSSL/include/module.modulemap",
					"-fmodule-map-file=$(SRCROOT)/Tuist/.build/checkouts/swift-crypto/Sources/CCryptoBoringSSLShims/include/module.modulemap",
				);
				OTHER_SWIFT_FLAGS = (
					"$(inherited)",
					"-Xcc",
					"-fmodule-map-file=$(SRCROOT)/AccessibilitySnapshot/Derived/AccessibilitySnapshotParser_ObjC.modulemap",
					"-Xcc",
					"-fmodule-map-file=$(SRCROOT)/Tuist/.build/checkouts/swift-crypto/Sources/CCryptoBoringSSL/include/module.modulemap",
					"-Xcc",
					"-fmodule-map-file=$(SRCROOT)/Tuist/.build/checkouts/swift-crypto/Sources/CCryptoBoringSSLShims/include/module.modulemap",
				);
				PRODUCT_BUNDLE_IDENTIFIER = com.buttonheist.theinsidejob;
				PRODUCT_NAME = TheInsideJob;
				SDKROOT = iphoneos;
				SKIP_INSTALL = YES;
				SUPPORTS_MACCATALYST = NO;
				SUPPORTS_MAC_DESIGNED_FOR_IPHONE_IPAD = NO;
				SUPPORTS_XR_DESIGNED_FOR_IPHONE_IPAD = NO;
				SWIFT_COMPILATION_MODE = wholemodule;
				SWIFT_OPTIMIZATION_LEVEL = "-Owholemodule";
				TARGETED_DEVICE_FAMILY = "1,2";
				VERSIONING_SYSTEM = "apple-generic";
				VERSION_INFO_PREFIX = "";
			};
			name = Release;
		};
		77001CB0E1B4338CFE3E31BE /* Debug */ = {
			isa = XCBuildConfiguration;
			buildSettings = {
				CODE_SIGN_IDENTITY = "";
				CURRENT_PROJECT_VERSION = 1;
				DEFINES_MODULE = YES;
				DYLIB_COMPATIBILITY_VERSION = 1;
				DYLIB_CURRENT_VERSION = 1;
				DYLIB_INSTALL_NAME_BASE = "@rpath";
				HEADER_SEARCH_PATHS = (
					"$(inherited)",
					"$(inherited)",
					"$(SRCROOT)/AccessibilitySnapshot/Sources/AccessibilitySnapshot/Parser/ObjC/include",
					"$(SRCROOT)/Tuist/.build/checkouts/swift-crypto/Sources/CCryptoBoringSSL/include",
					"$(SRCROOT)/Tuist/.build/checkouts/swift-crypto/Sources/CCryptoBoringSSLShims/include",
				);
				INFOPLIST_FILE = "Derived/InfoPlists/TheInsideJob-Info.plist";
				INSTALL_PATH = "$(LOCAL_LIBRARY_DIR)/Frameworks";
				IPHONEOS_DEPLOYMENT_TARGET = 17.0;
				LD_RUNPATH_SEARCH_PATHS = (
					"$(inherited)",
					"@executable_path/Frameworks",
					"@loader_path/Frameworks",
				);
				OTHER_CFLAGS = (
					"$(inherited)",
					"-fmodule-map-file=$(SRCROOT)/AccessibilitySnapshot/Derived/AccessibilitySnapshotParser_ObjC.modulemap",
					"-fmodule-map-file=$(SRCROOT)/Tuist/.build/checkouts/swift-crypto/Sources/CCryptoBoringSSL/include/module.modulemap",
					"-fmodule-map-file=$(SRCROOT)/Tuist/.build/checkouts/swift-crypto/Sources/CCryptoBoringSSLShims/include/module.modulemap",
				);
				OTHER_SWIFT_FLAGS = (
					"$(inherited)",
					"-Xcc",
					"-fmodule-map-file=$(SRCROOT)/AccessibilitySnapshot/Derived/AccessibilitySnapshotParser_ObjC.modulemap",
					"-Xcc",
					"-fmodule-map-file=$(SRCROOT)/Tuist/.build/checkouts/swift-crypto/Sources/CCryptoBoringSSL/include/module.modulemap",
					"-Xcc",
					"-fmodule-map-file=$(SRCROOT)/Tuist/.build/checkouts/swift-crypto/Sources/CCryptoBoringSSLShims/include/module.modulemap",
				);
				PRODUCT_BUNDLE_IDENTIFIER = com.buttonheist.theinsidejob;
				PRODUCT_NAME = TheInsideJob;
				SDKROOT = iphoneos;
				SKIP_INSTALL = YES;
				SUPPORTS_MACCATALYST = NO;
				SUPPORTS_MAC_DESIGNED_FOR_IPHONE_IPAD = NO;
				SUPPORTS_XR_DESIGNED_FOR_IPHONE_IPAD = NO;
				SWIFT_ACTIVE_COMPILATION_CONDITIONS = (
					"$(inherited)",
					DEBUG,
				);
				SWIFT_COMPILATION_MODE = singlefile;
				SWIFT_OPTIMIZATION_LEVEL = "-Onone";
				TARGETED_DEVICE_FAMILY = "1,2";
				VERSIONING_SYSTEM = "apple-generic";
				VERSION_INFO_PREFIX = "";
			};
			name = Debug;
		};
		B053953BC4CEE9D5F72E0DED /* Debug */ = {
			isa = XCBuildConfiguration;
			buildSettings = {
				"CURRENT_PROJECT_VERSION[sdk=iphoneos*]" = 1;
				"CURRENT_PROJECT_VERSION[sdk=iphonesimulator*]" = 1;
				"CURRENT_PROJECT_VERSION[sdk=macosx*]" = 1;
				"DEFINES_MODULE[sdk=iphoneos*]" = YES;
				"DEFINES_MODULE[sdk=iphonesimulator*]" = YES;
				"DEFINES_MODULE[sdk=macosx*]" = YES;
				"DYLIB_COMPATIBILITY_VERSION[sdk=iphoneos*]" = 1;
				"DYLIB_COMPATIBILITY_VERSION[sdk=iphonesimulator*]" = 1;
				"DYLIB_COMPATIBILITY_VERSION[sdk=macosx*]" = 1;
				"DYLIB_CURRENT_VERSION[sdk=iphoneos*]" = 1;
				"DYLIB_CURRENT_VERSION[sdk=iphonesimulator*]" = 1;
				"DYLIB_CURRENT_VERSION[sdk=macosx*]" = 1;
				"DYLIB_INSTALL_NAME_BASE[sdk=iphoneos*]" = "@rpath";
				"DYLIB_INSTALL_NAME_BASE[sdk=iphonesimulator*]" = "@rpath";
				"DYLIB_INSTALL_NAME_BASE[sdk=macosx*]" = "@rpath";
				INFOPLIST_FILE = "Derived/InfoPlists/TheScore-Info.plist";
				"INSTALL_PATH[sdk=iphoneos*]" = "$(LOCAL_LIBRARY_DIR)/Frameworks";
				"INSTALL_PATH[sdk=iphonesimulator*]" = "$(LOCAL_LIBRARY_DIR)/Frameworks";
				"INSTALL_PATH[sdk=macosx*]" = "$(LOCAL_LIBRARY_DIR)/Frameworks";
				IPHONEOS_DEPLOYMENT_TARGET = 17.0;
				"LD_RUNPATH_SEARCH_PATHS[sdk=iphoneos*]" = (
					"$(inherited)",
					"@executable_path/Frameworks",
					"@loader_path/Frameworks",
				);
				"LD_RUNPATH_SEARCH_PATHS[sdk=iphonesimulator*]" = (
					"$(inherited)",
					"@executable_path/Frameworks",
					"@loader_path/Frameworks",
				);
				"LD_RUNPATH_SEARCH_PATHS[sdk=macosx*]" = (
					"$(inherited)",
					"@executable_path/../Frameworks",
					"@loader_path/../Frameworks",
				);
				LastSwiftMigration = 2620;
				MACOSX_DEPLOYMENT_TARGET = 14.0;
				PRODUCT_BUNDLE_IDENTIFIER = com.buttonheist.thescore;
				PRODUCT_NAME = TheScore;
				"PRODUCT_NAME[sdk=iphoneos*]" = "$(TARGET_NAME:c99extidentifier)";
				"PRODUCT_NAME[sdk=iphonesimulator*]" = "$(TARGET_NAME:c99extidentifier)";
				"PRODUCT_NAME[sdk=macosx*]" = "$(TARGET_NAME:c99extidentifier)";
				SDKROOT = auto;
				"SKIP_INSTALL[sdk=iphoneos*]" = YES;
				"SKIP_INSTALL[sdk=iphonesimulator*]" = YES;
				"SKIP_INSTALL[sdk=macosx*]" = YES;
				SUPPORTED_PLATFORMS = "iphoneos iphonesimulator macosx";
				SUPPORTS_MACCATALYST = NO;
				SUPPORTS_MAC_DESIGNED_FOR_IPHONE_IPAD = NO;
				SUPPORTS_XR_DESIGNED_FOR_IPHONE_IPAD = NO;
				"SWIFT_ACTIVE_COMPILATION_CONDITIONS[sdk=iphoneos*]" = (
					"$(inherited)",
					DEBUG,
				);
				"SWIFT_ACTIVE_COMPILATION_CONDITIONS[sdk=iphonesimulator*]" = (
					"$(inherited)",
					DEBUG,
				);
				"SWIFT_ACTIVE_COMPILATION_CONDITIONS[sdk=macosx*]" = (
					"$(inherited)",
					DEBUG,
				);
				"SWIFT_COMPILATION_MODE[sdk=iphoneos*]" = singlefile;
				"SWIFT_COMPILATION_MODE[sdk=iphonesimulator*]" = singlefile;
				"SWIFT_COMPILATION_MODE[sdk=macosx*]" = singlefile;
				"SWIFT_OPTIMIZATION_LEVEL[sdk=iphoneos*]" = "-Onone";
				"SWIFT_OPTIMIZATION_LEVEL[sdk=iphonesimulator*]" = "-Onone";
				"SWIFT_OPTIMIZATION_LEVEL[sdk=macosx*]" = "-Onone";
				SWIFT_VERSION = 5.0;
				TARGETED_DEVICE_FAMILY = "1,2";
				"VERSIONING_SYSTEM[sdk=iphoneos*]" = "apple-generic";
				"VERSIONING_SYSTEM[sdk=iphonesimulator*]" = "apple-generic";
				"VERSIONING_SYSTEM[sdk=macosx*]" = "apple-generic";
				"VERSION_INFO_PREFIX[sdk=iphoneos*]" = "";
				"VERSION_INFO_PREFIX[sdk=iphonesimulator*]" = "";
				"VERSION_INFO_PREFIX[sdk=macosx*]" = "";
			};
			name = Debug;
		};
		CD092A15D6AA9EC0124D887A /* Release */ = {
			isa = XCBuildConfiguration;
			buildSettings = {
				ALWAYS_SEARCH_USER_PATHS = NO;
				CLANG_ANALYZER_LOCALIZABILITY_NONLOCALIZED = YES;
				CLANG_ANALYZER_NONNULL = YES;
				CLANG_ANALYZER_NUMBER_OBJECT_CONVERSION = YES_AGGRESSIVE;
				CLANG_CXX_LANGUAGE_STANDARD = "gnu++14";
				CLANG_CXX_LIBRARY = "libc++";
				CLANG_ENABLE_MODULES = YES;
				CLANG_ENABLE_OBJC_ARC = YES;
				CLANG_ENABLE_OBJC_WEAK = YES;
				CLANG_WARN_BLOCK_CAPTURE_AUTORELEASING = YES;
				CLANG_WARN_BOOL_CONVERSION = YES;
				CLANG_WARN_COMMA = YES;
				CLANG_WARN_CONSTANT_CONVERSION = YES;
				CLANG_WARN_DEPRECATED_OBJC_IMPLEMENTATIONS = YES;
				CLANG_WARN_DIRECT_OBJC_ISA_USAGE = YES_ERROR;
				CLANG_WARN_DOCUMENTATION_COMMENTS = YES;
				CLANG_WARN_EMPTY_BODY = YES;
				CLANG_WARN_ENUM_CONVERSION = YES;
				CLANG_WARN_INFINITE_RECURSION = YES;
				CLANG_WARN_INT_CONVERSION = YES;
				CLANG_WARN_NON_LITERAL_NULL_CONVERSION = YES;
				CLANG_WARN_OBJC_IMPLICIT_RETAIN_SELF = YES;
				CLANG_WARN_OBJC_LITERAL_CONVERSION = YES;
				CLANG_WARN_OBJC_ROOT_CLASS = YES_ERROR;
				CLANG_WARN_QUOTED_INCLUDE_IN_FRAMEWORK_HEADER = YES;
				CLANG_WARN_RANGE_LOOP_ANALYSIS = YES;
				CLANG_WARN_STRICT_PROTOTYPES = YES;
				CLANG_WARN_SUSPICIOUS_MOVE = YES;
				CLANG_WARN_UNGUARDED_AVAILABILITY = YES_AGGRESSIVE;
				CLANG_WARN_UNREACHABLE_CODE = YES;
				CLANG_WARN__DUPLICATE_METHOD_MATCH = YES;
				COPY_PHASE_STRIP = NO;
				DEAD_CODE_STRIPPING = YES;
				DEBUG_INFORMATION_FORMAT = "dwarf-with-dsym";
				ENABLE_NS_ASSERTIONS = NO;
				ENABLE_STRICT_OBJC_MSGSEND = YES;
				GCC_C_LANGUAGE_STANDARD = gnu11;
				GCC_NO_COMMON_BLOCKS = YES;
				GCC_WARN_64_TO_32_BIT_CONVERSION = YES;
				GCC_WARN_ABOUT_RETURN_TYPE = YES_ERROR;
				GCC_WARN_UNDECLARED_SELECTOR = YES;
				GCC_WARN_UNINITIALIZED_AUTOS = YES_AGGRESSIVE;
				GCC_WARN_UNUSED_FUNCTION = YES;
				GCC_WARN_UNUSED_VARIABLE = YES;
				LastSwiftMigration = 2620;
				MTL_ENABLE_DEBUG_INFO = NO;
				PRODUCT_NAME = "$(TARGET_NAME)";
				SWIFT_TREAT_WARNINGS_AS_ERRORS = YES;
				SWIFT_VERSION = 5.0;
				VALIDATE_PRODUCT = YES;
			};
			name = Release;
		};
		CF35D2B6C6DBC65C64E5E9DA /* Debug */ = {
			isa = XCBuildConfiguration;
			buildSettings = {
				ALWAYS_SEARCH_USER_PATHS = NO;
				CLANG_ANALYZER_LOCALIZABILITY_NONLOCALIZED = YES;
				CLANG_ANALYZER_NONNULL = YES;
				CLANG_ANALYZER_NUMBER_OBJECT_CONVERSION = YES_AGGRESSIVE;
				CLANG_CXX_LANGUAGE_STANDARD = "gnu++14";
				CLANG_CXX_LIBRARY = "libc++";
				CLANG_ENABLE_MODULES = YES;
				CLANG_ENABLE_OBJC_ARC = YES;
				CLANG_ENABLE_OBJC_WEAK = YES;
				CLANG_WARN_BLOCK_CAPTURE_AUTORELEASING = YES;
				CLANG_WARN_BOOL_CONVERSION = YES;
				CLANG_WARN_COMMA = YES;
				CLANG_WARN_CONSTANT_CONVERSION = YES;
				CLANG_WARN_DEPRECATED_OBJC_IMPLEMENTATIONS = YES;
				CLANG_WARN_DIRECT_OBJC_ISA_USAGE = YES_ERROR;
				CLANG_WARN_DOCUMENTATION_COMMENTS = YES;
				CLANG_WARN_EMPTY_BODY = YES;
				CLANG_WARN_ENUM_CONVERSION = YES;
				CLANG_WARN_INFINITE_RECURSION = YES;
				CLANG_WARN_INT_CONVERSION = YES;
				CLANG_WARN_NON_LITERAL_NULL_CONVERSION = YES;
				CLANG_WARN_OBJC_IMPLICIT_RETAIN_SELF = YES;
				CLANG_WARN_OBJC_LITERAL_CONVERSION = YES;
				CLANG_WARN_OBJC_ROOT_CLASS = YES_ERROR;
				CLANG_WARN_QUOTED_INCLUDE_IN_FRAMEWORK_HEADER = YES;
				CLANG_WARN_RANGE_LOOP_ANALYSIS = YES;
				CLANG_WARN_STRICT_PROTOTYPES = YES;
				CLANG_WARN_SUSPICIOUS_MOVE = YES;
				CLANG_WARN_UNGUARDED_AVAILABILITY = YES_AGGRESSIVE;
				CLANG_WARN_UNREACHABLE_CODE = YES;
				CLANG_WARN__DUPLICATE_METHOD_MATCH = YES;
				COPY_PHASE_STRIP = NO;
				DEAD_CODE_STRIPPING = YES;
				DEBUG_INFORMATION_FORMAT = dwarf;
				ENABLE_STRICT_OBJC_MSGSEND = YES;
				ENABLE_TESTABILITY = YES;
				GCC_C_LANGUAGE_STANDARD = gnu11;
				GCC_DYNAMIC_NO_PIC = NO;
				GCC_NO_COMMON_BLOCKS = YES;
				GCC_OPTIMIZATION_LEVEL = 0;
				GCC_PREPROCESSOR_DEFINITIONS = (
					"DEBUG=1",
					"$(inherited)",
				);
				GCC_WARN_64_TO_32_BIT_CONVERSION = YES;
				GCC_WARN_ABOUT_RETURN_TYPE = YES_ERROR;
				GCC_WARN_UNDECLARED_SELECTOR = YES;
				GCC_WARN_UNINITIALIZED_AUTOS = YES_AGGRESSIVE;
				GCC_WARN_UNUSED_FUNCTION = YES;
				GCC_WARN_UNUSED_VARIABLE = YES;
				LastSwiftMigration = 2620;
				MTL_ENABLE_DEBUG_INFO = YES;
				ONLY_ACTIVE_ARCH = YES;
				PRODUCT_NAME = "$(TARGET_NAME)";
				SWIFT_TREAT_WARNINGS_AS_ERRORS = YES;
				SWIFT_VERSION = 5.0;
			};
			name = Debug;
		};
		DDF7010B5CE23F85F3D06735 /* Release */ = {
			isa = XCBuildConfiguration;
			buildSettings = {
				CODE_SIGN_IDENTITY = "-";
				INFOPLIST_FILE = "Derived/InfoPlists/ButtonHeistTests-Info.plist";
				LD_RUNPATH_SEARCH_PATHS = (
					"$(inherited)",
					"@executable_path/../Frameworks",
					"@loader_path/../Frameworks",
				);
				MACOSX_DEPLOYMENT_TARGET = 14.0;
				PRODUCT_BUNDLE_IDENTIFIER = com.buttonheist.tests;
				PRODUCT_NAME = ButtonHeistTests;
				SDKROOT = macosx;
				SWIFT_COMPILATION_MODE = wholemodule;
				SWIFT_OPTIMIZATION_LEVEL = "-Owholemodule";
			};
			name = Release;
		};
		FD8EE039E8F09CDDBD607BF0 /* Debug */ = {
			isa = XCBuildConfiguration;
			buildSettings = {
				BUNDLE_LOADER = "$(TEST_HOST)";
				CODE_SIGN_IDENTITY = "iPhone Developer";
				HEADER_SEARCH_PATHS = (
					"$(inherited)",
					"$(inherited)",
					"$(SRCROOT)/AccessibilitySnapshot/Sources/AccessibilitySnapshot/Parser/ObjC/include",
					"$(SRCROOT)/Tuist/.build/checkouts/swift-crypto/Sources/CCryptoBoringSSL/include",
					"$(SRCROOT)/Tuist/.build/checkouts/swift-crypto/Sources/CCryptoBoringSSLShims/include",
				);
				INFOPLIST_FILE = "Derived/InfoPlists/TheInsideJobTests-Info.plist";
				IPHONEOS_DEPLOYMENT_TARGET = 17.0;
				LD_RUNPATH_SEARCH_PATHS = (
					"$(inherited)",
					"@executable_path/Frameworks",
					"@loader_path/Frameworks",
				);
				OTHER_CFLAGS = (
					"$(inherited)",
					"-fmodule-map-file=$(SRCROOT)/AccessibilitySnapshot/Derived/AccessibilitySnapshotParser_ObjC.modulemap",
					"-fmodule-map-file=$(SRCROOT)/Tuist/.build/checkouts/swift-crypto/Sources/CCryptoBoringSSL/include/module.modulemap",
					"-fmodule-map-file=$(SRCROOT)/Tuist/.build/checkouts/swift-crypto/Sources/CCryptoBoringSSLShims/include/module.modulemap",
				);
				OTHER_SWIFT_FLAGS = (
					"$(inherited)",
					"-Xcc",
					"-fmodule-map-file=$(SRCROOT)/AccessibilitySnapshot/Derived/AccessibilitySnapshotParser_ObjC.modulemap",
					"-Xcc",
					"-fmodule-map-file=$(SRCROOT)/Tuist/.build/checkouts/swift-crypto/Sources/CCryptoBoringSSL/include/module.modulemap",
					"-Xcc",
					"-fmodule-map-file=$(SRCROOT)/Tuist/.build/checkouts/swift-crypto/Sources/CCryptoBoringSSLShims/include/module.modulemap",
				);
				PRODUCT_BUNDLE_IDENTIFIER = com.buttonheist.theinsidejob.tests;
				PRODUCT_NAME = TheInsideJobTests;
				SDKROOT = iphoneos;
				SUPPORTS_MACCATALYST = NO;
				SUPPORTS_MAC_DESIGNED_FOR_IPHONE_IPAD = NO;
				SUPPORTS_XR_DESIGNED_FOR_IPHONE_IPAD = NO;
				SWIFT_ACTIVE_COMPILATION_CONDITIONS = (
					"$(inherited)",
					DEBUG,
				);
				SWIFT_COMPILATION_MODE = singlefile;
				SWIFT_OPTIMIZATION_LEVEL = "-Onone";
				TARGETED_DEVICE_FAMILY = "1,2";
				TEST_HOST = "$(BUILT_PRODUCTS_DIR)/AccessibilityTestApp.app/AccessibilityTestApp";
			};
			name = Debug;
		};
/* End XCBuildConfiguration section */

/* Begin XCConfigurationList section */
		3A3C0FC0326E7A58AAD87CE7 /* Build configuration list for PBXProject "ButtonHeist" */ = {
			isa = XCConfigurationList;
			buildConfigurations = (
				CF35D2B6C6DBC65C64E5E9DA /* Debug */,
				CD092A15D6AA9EC0124D887A /* Release */,
			);
			defaultConfigurationIsVisible = 0;
			defaultConfigurationName = Release;
		};
		3F6529553789FD230F67C871 /* Build configuration list for PBXNativeTarget "TheInsideJobTests" */ = {
			isa = XCConfigurationList;
			buildConfigurations = (
				FD8EE039E8F09CDDBD607BF0 /* Debug */,
				6365DA6A382337B938B96B7D /* Release */,
			);
			defaultConfigurationIsVisible = 0;
			defaultConfigurationName = Release;
		};
		5BE22EE848BF9A65D2CA6457 /* Build configuration list for PBXNativeTarget "TheScoreTests" */ = {
			isa = XCConfigurationList;
			buildConfigurations = (
				5AD43C3BBADC2436846A1412 /* Debug */,
				4FB226E86C9721443C96588B /* Release */,
			);
			defaultConfigurationIsVisible = 0;
			defaultConfigurationName = Release;
		};
		6D046CCE0D445D1A153C0DDB /* Build configuration list for PBXNativeTarget "ButtonHeist" */ = {
			isa = XCConfigurationList;
			buildConfigurations = (
				1D47A2BCA568CBC01EDB1872 /* Debug */,
				5BB65043CE8E77CAAD416919 /* Release */,
			);
			defaultConfigurationIsVisible = 0;
			defaultConfigurationName = Release;
		};
		9F9ED4384F518A334B9BEE7B /* Build configuration list for PBXNativeTarget "TheInsideJob" */ = {
			isa = XCConfigurationList;
			buildConfigurations = (
				77001CB0E1B4338CFE3E31BE /* Debug */,
				6AD1D6F6C15D1998F10E2279 /* Release */,
			);
			defaultConfigurationIsVisible = 0;
			defaultConfigurationName = Release;
		};
		E61912E614DD3484D53CF9AD /* Build configuration list for PBXNativeTarget "ButtonHeistTests" */ = {
			isa = XCConfigurationList;
			buildConfigurations = (
				2F7C6B8F46593EBC86F2E7E9 /* Debug */,
				DDF7010B5CE23F85F3D06735 /* Release */,
			);
			defaultConfigurationIsVisible = 0;
			defaultConfigurationName = Release;
		};
		F57578B5C404C5A95D60CD04 /* Build configuration list for PBXNativeTarget "TheScore" */ = {
			isa = XCConfigurationList;
			buildConfigurations = (
				B053953BC4CEE9D5F72E0DED /* Debug */,
				3727093C59294BD76A340939 /* Release */,
			);
			defaultConfigurationIsVisible = 0;
			defaultConfigurationName = Release;
		};
/* End XCConfigurationList section */
	};
	rootObject = 05095CDD5321516AFB12077C /* Project object */;
}
