// !$*UTF8*$!
{
	archiveVersion = 1;
	classes = {
	};
	objectVersion = 55;
	objects = {

/* Begin PBXBuildFile section */
		00882646C6DD0E6E11E0BEC2 /* AccessibilitySnapshotParser.framework in Frameworks */ = {isa = PBXBuildFile; fileRef = A10CE4609BC79CCF4BF0CFAA /* AccessibilitySnapshotParser.framework */; };
		00B4F92C5BC3735FFD8D27D4 /* ConstantsTests.swift in Sources */ = {isa = PBXBuildFile; fileRef = AA4A3E5D9169ABD0F9311E50 /* ConstantsTests.swift */; };
		06C17D8BDE42A8F0BBFBB631 /* StakeoutApp.swift in Sources */ = {isa = PBXBuildFile; fileRef = 7D1ED4707CE88D3223E77A91 /* StakeoutApp.swift */; };
		071AA9B18FA57C01D4A360C0 /* TheGoods.framework in Frameworks */ = {isa = PBXBuildFile; fileRef = 96B4860B52B50A1AF596A086 /* TheGoods.framework */; };
		07BFA5FF9C20EA99328799EF /* HeistClientTests.swift in Sources */ = {isa = PBXBuildFile; fileRef = AE55E0F0D9FB1C2C3F63B712 /* HeistClientTests.swift */; };
		0A0C26CB1867D528D2191B77 /* DeviceDiscovery.swift in Sources */ = {isa = PBXBuildFile; fileRef = 40787CA605811F1D2094FA0C /* DeviceDiscovery.swift */; };
		102B6535172112E839C24E08 /* ButtonHeist.framework in Embed Frameworks */ = {isa = PBXBuildFile; fileRef = 5D9A980927A3C00ED36E2929 /* ButtonHeist.framework */; settings = {ATTRIBUTES = (CodeSignOnCopy, RemoveHeadersOnCopy, ); }; };
		13D3E3742E47D74EFCD62431 /* WheelmanTests.swift in Sources */ = {isa = PBXBuildFile; fileRef = F964CFEC4F01DCF47ED67954 /* WheelmanTests.swift */; };
		149F630810C6CBF1A9DDF3B4 /* TheGoods.framework in Embed Frameworks */ = {isa = PBXBuildFile; fileRef = 96B4860B52B50A1AF596A086 /* TheGoods.framework */; settings = {ATTRIBUTES = (CodeSignOnCopy, RemoveHeadersOnCopy, ); }; };
		16424CF2CB65470D60D52D5D /* HierarchyListView.swift in Sources */ = {isa = PBXBuildFile; fileRef = 27640F556235790CEDD81DC4 /* HierarchyListView.swift */; };
		18C659725140596956E816E5 /* ElementStyling.swift in Sources */ = {isa = PBXBuildFile; fileRef = 113133946A9B7B0FDB7A1811 /* ElementStyling.swift */; };
		1EA9A871A7691494531B0E93 /* ElementInspectorView.swift in Sources */ = {isa = PBXBuildFile; fileRef = E261F9D7DE48AEC7421C9692 /* ElementInspectorView.swift */; };
		23108A509A72F68602CFCAC4 /* Wheelman.framework in Embed Frameworks */ = {isa = PBXBuildFile; fileRef = 5606B65675665A31CFB80D72 /* Wheelman.framework */; settings = {ATTRIBUTES = (CodeSignOnCopy, RemoveHeadersOnCopy, ); }; };
		2348B2B642753AB38EE5945A /* InsideMan.swift in Sources */ = {isa = PBXBuildFile; fileRef = C596D8F99CB5805B0A2D0BD3 /* InsideMan.swift */; };
		267113026CEBFFBDEB87A0A6 /* TheGoods.framework in Frameworks */ = {isa = PBXBuildFile; fileRef = 96B4860B52B50A1AF596A086 /* TheGoods.framework */; };
		268C0891BC4BD683AA2C806C /* ButtonHeist.framework in Frameworks */ = {isa = PBXBuildFile; fileRef = 5D9A980927A3C00ED36E2929 /* ButtonHeist.framework */; };
		319F0EE2BDDEAEA018814D63 /* TheGoodsTests.swift in Sources */ = {isa = PBXBuildFile; fileRef = AB8F37C85DC1FEF475F41A50 /* TheGoodsTests.swift */; };
		38B66D610D649E6F0A63A510 /* ServerInfoTests.swift in Sources */ = {isa = PBXBuildFile; fileRef = C3B71D54592688B9D702D11E /* ServerInfoTests.swift */; };
		47D3B8CCCCA0ED59297EB946 /* ConnectionStateTests.swift in Sources */ = {isa = PBXBuildFile; fileRef = 0B3613C6087209693A0A50B4 /* ConnectionStateTests.swift */; };
		4C1F5697DC576934E6AFEEFC /* DiscoveredDevice.swift in Sources */ = {isa = PBXBuildFile; fileRef = D2BC3FB28577548B94105297 /* DiscoveredDevice.swift */; };
		529B1F74FA0266F78F5B3143 /* IOHIDEventBuilder.swift in Sources */ = {isa = PBXBuildFile; fileRef = DE2235085BFDF65C7B83A35C /* IOHIDEventBuilder.swift */; };
		5DB4ED2FC64BDF290FBA4273 /* InsideManAutoStart.m in Sources */ = {isa = PBXBuildFile; fileRef = F20BB761FA684C7D90336187 /* InsideManAutoStart.m */; };
		679CA47F948203471BC84765 /* HierarchyPayloadTests.swift in Sources */ = {isa = PBXBuildFile; fileRef = 338A11E3F6CD1E69EE0D7695 /* HierarchyPayloadTests.swift */; };
		697FAF594BD1F255084B7692 /* AccessibilityElementDataTests.swift in Sources */ = {isa = PBXBuildFile; fileRef = D8B2AE37A7F6B6E86A00B4C4 /* AccessibilityElementDataTests.swift */; };
		6EAB437364F814A6FA04C159 /* ServerMessageTests.swift in Sources */ = {isa = PBXBuildFile; fileRef = 8E28C5885B806613473337AE /* ServerMessageTests.swift */; };
		739C806ACE0F65800CB24918 /* TheGoods.framework in Frameworks */ = {isa = PBXBuildFile; fileRef = 96B4860B52B50A1AF596A086 /* TheGoods.framework */; };
		79EC4225431239EEAEFC7093 /* DiscoveredDeviceTests.swift in Sources */ = {isa = PBXBuildFile; fileRef = 9245D6A432C15F25BE014B73 /* DiscoveredDeviceTests.swift */; };
		7AA7540D74C2A550ABD18739 /* TheGoods.framework in Frameworks */ = {isa = PBXBuildFile; fileRef = 96B4860B52B50A1AF596A086 /* TheGoods.framework */; };
		812D56C0F322065CF4966D1B /* HeistClient.swift in Sources */ = {isa = PBXBuildFile; fileRef = 3C1F25ADDEF86D35E12406EB /* HeistClient.swift */; };
		8184581FABD6CE3C5A82A2B4 /* TheGoods.framework in Frameworks */ = {isa = PBXBuildFile; fileRef = 96B4860B52B50A1AF596A086 /* TheGoods.framework */; };
		85E0D2FD6D83272BE6FDC367 /* Spacing.swift in Sources */ = {isa = PBXBuildFile; fileRef = 420E5455F1DE469688C4B450 /* Spacing.swift */; };
		861D5E1B49C53414C4059C48 /* ScreenshotPayloadTests.swift in Sources */ = {isa = PBXBuildFile; fileRef = 9CD5376EA03EA0B94E4A4274 /* ScreenshotPayloadTests.swift */; };
		8EA793CB9AC27195C48ED73F /* Wheelman.framework in Frameworks */ = {isa = PBXBuildFile; fileRef = 5606B65675665A31CFB80D72 /* Wheelman.framework */; };
		91938587DB774C0C39F979EC /* Wheelman.framework in Frameworks */ = {isa = PBXBuildFile; fileRef = 5606B65675665A31CFB80D72 /* Wheelman.framework */; };
		92B8027AF50E6E18E91D58D1 /* Exports.swift in Sources */ = {isa = PBXBuildFile; fileRef = 84B993E5FA5DA80654F9CC03 /* Exports.swift */; };
		9745D94ACC06E5D505C7449C /* Colors.swift in Sources */ = {isa = PBXBuildFile; fileRef = 1C8867E27A6EB46FCD2CC79E /* Colors.swift */; };
		9786FBD1E5F2D76AEAC81662 /* ClientMessageTests.swift in Sources */ = {isa = PBXBuildFile; fileRef = 8DBAE1B16C8AC234339FC5E0 /* ClientMessageTests.swift */; };
		9FB14CD02FAEC89B60EDCFD0 /* ContentView.swift in Sources */ = {isa = PBXBuildFile; fileRef = A7C418BAB10F07C90015750A /* ContentView.swift */; };
		AB25554A59FEFB3959631E8A /* ScreenshotView.swift in Sources */ = {isa = PBXBuildFile; fileRef = EF0BF6F634E4E2984853CFA6 /* ScreenshotView.swift */; };
		AF0086C9F5465CCF8589C442 /* SyntheticEventFactory.swift in Sources */ = {isa = PBXBuildFile; fileRef = F4D872EFBB581DBD793EFCAF /* SyntheticEventFactory.swift */; };
		B085BBEDC8ADB9C25E63DF45 /* ElementOverlayView.swift in Sources */ = {isa = PBXBuildFile; fileRef = 31388AD87136141C27386A27 /* ElementOverlayView.swift */; };
		BCE808EA3B411F92813C0389 /* InsideManAutoStart.h in Headers */ = {isa = PBXBuildFile; fileRef = A96A1EF9D6560311BC896DD7 /* InsideManAutoStart.h */; settings = {ATTRIBUTES = (Public, ); }; };
		CA44F5E8F22D9E1C90F6DEA0 /* Messages.swift in Sources */ = {isa = PBXBuildFile; fileRef = A2BDA2AFBF2CEE4BA63BA321 /* Messages.swift */; };
		CFE5DBCE917139FED9618C91 /* SyntheticTouchFactory.swift in Sources */ = {isa = PBXBuildFile; fileRef = 1B77034DD7899CA445918899 /* SyntheticTouchFactory.swift */; };
		D3AD735B2678B2DE1CCF627E /* TapVisualizerView.swift in Sources */ = {isa = PBXBuildFile; fileRef = 75522D9885B156F5F719FDEA /* TapVisualizerView.swift */; };
		E9B44A1DFAB426FC0E14E5AB /* DeviceConnection.swift in Sources */ = {isa = PBXBuildFile; fileRef = 9AC55E54B4AEB7610218B6B6 /* DeviceConnection.swift */; };
		F244A5F8E6F4891F61B23682 /* ButtonHeist.framework in Frameworks */ = {isa = PBXBuildFile; fileRef = 5D9A980927A3C00ED36E2929 /* ButtonHeist.framework */; };
		F50ABEFA2366711E39F45025 /* HierarchyTreeView.swift in Sources */ = {isa = PBXBuildFile; fileRef = 42A13447A6EB4C288F353646 /* HierarchyTreeView.swift */; };
		F6FCB7E210313F20D821B801 /* SimpleSocketServer.swift in Sources */ = {isa = PBXBuildFile; fileRef = E1BC0E6680D252CB37FEBBE0 /* SimpleSocketServer.swift */; };
		F73B2CA4EB09C26A552FFDB3 /* BezierSampler.swift in Sources */ = {isa = PBXBuildFile; fileRef = 183B8DDB1A591EEEFB7024E0 /* BezierSampler.swift */; };
		F8B7F5CD5109590B17B1C005 /* SafeCracker.swift in Sources */ = {isa = PBXBuildFile; fileRef = 0A0516039025C7D645A7C9F2 /* SafeCracker.swift */; };
		FCF386C3B7AAB9659383354C /* BezierSamplerTests.swift in Sources */ = {isa = PBXBuildFile; fileRef = 746D54E3D34B0FB2631A3F2C /* BezierSamplerTests.swift */; };
		FE4BF8C6D4DBC62E742EEDDA /* Wheelman.framework in Frameworks */ = {isa = PBXBuildFile; fileRef = 5606B65675665A31CFB80D72 /* Wheelman.framework */; };
/* End PBXBuildFile section */

/* Begin PBXContainerItemProxy section */
		18BAF31D9EC2190E8A22BF9C /* PBXContainerItemProxy */ = {
			isa = PBXContainerItemProxy;
			containerPortal = 05095CDD5321516AFB12077C /* Project object */;
			proxyType = 1;
			remoteGlobalIDString = EA0A1CD8658C2AAEA7311B7E;
			remoteInfo = TheGoods;
		};
		273F3B61771B28FA1DE39AA7 /* PBXContainerItemProxy */ = {
			isa = PBXContainerItemProxy;
			containerPortal = 05095CDD5321516AFB12077C /* Project object */;
			proxyType = 1;
			remoteGlobalIDString = EA0A1CD8658C2AAEA7311B7E;
			remoteInfo = TheGoods;
		};
		43A0079137942385E76421F2 /* PBXContainerItemProxy */ = {
			isa = PBXContainerItemProxy;
			containerPortal = 05095CDD5321516AFB12077C /* Project object */;
			proxyType = 1;
			remoteGlobalIDString = EA0A1CD8658C2AAEA7311B7E;
			remoteInfo = TheGoods;
		};
		4A10DE2B1830D1023E7BD2FB /* PBXContainerItemProxy */ = {
			isa = PBXContainerItemProxy;
			containerPortal = 05095CDD5321516AFB12077C /* Project object */;
			proxyType = 1;
			remoteGlobalIDString = 01AB9D7BD988A7ADF961852B;
			remoteInfo = ButtonHeist;
		};
		A31CE25A82547AAD6D034E95 /* PBXContainerItemProxy */ = {
			isa = PBXContainerItemProxy;
			containerPortal = 05095CDD5321516AFB12077C /* Project object */;
			proxyType = 1;
			remoteGlobalIDString = 3319961F53E8E0656480630F;
			remoteInfo = Wheelman;
		};
		A7D7B66CC2A9ED01D5B9BBD1 /* PBXContainerItemProxy */ = {
			isa = PBXContainerItemProxy;
			containerPortal = 05095CDD5321516AFB12077C /* Project object */;
			proxyType = 1;
			remoteGlobalIDString = 01AB9D7BD988A7ADF961852B;
			remoteInfo = ButtonHeist;
		};
		BEAA5A430F56486AEB62E33A /* PBXContainerItemProxy */ = {
			isa = PBXContainerItemProxy;
			containerPortal = 05095CDD5321516AFB12077C /* Project object */;
			proxyType = 1;
			remoteGlobalIDString = EA0A1CD8658C2AAEA7311B7E;
			remoteInfo = TheGoods;
		};
		C08FEBFEF4FD7AFDA9F756B4 /* PBXContainerItemProxy */ = {
			isa = PBXContainerItemProxy;
			containerPortal = 05095CDD5321516AFB12077C /* Project object */;
			proxyType = 1;
			remoteGlobalIDString = 3319961F53E8E0656480630F;
			remoteInfo = Wheelman;
		};
		C81CB836E3752A563B9796BF /* PBXContainerItemProxy */ = {
			isa = PBXContainerItemProxy;
			containerPortal = 05095CDD5321516AFB12077C /* Project object */;
			proxyType = 1;
			remoteGlobalIDString = 3319961F53E8E0656480630F;
			remoteInfo = Wheelman;
		};
		E657513EB1A1D9370C701A2A /* PBXContainerItemProxy */ = {
			isa = PBXContainerItemProxy;
			containerPortal = 05095CDD5321516AFB12077C /* Project object */;
			proxyType = 1;
			remoteGlobalIDString = EA0A1CD8658C2AAEA7311B7E;
			remoteInfo = TheGoods;
		};
/* End PBXContainerItemProxy section */

/* Begin PBXCopyFilesBuildPhase section */
		6807B75328BC4433999F11ED /* Embed Frameworks */ = {
			isa = PBXCopyFilesBuildPhase;
			buildActionMask = 2147483647;
			dstPath = "";
			dstSubfolderSpec = 10;
			files = (
			);
			name = "Embed Frameworks";
			runOnlyForDeploymentPostprocessing = 0;
		};
		75AB47F363D630A462617525 /* Embed Frameworks */ = {
			isa = PBXCopyFilesBuildPhase;
			buildActionMask = 2147483647;
			dstPath = "";
			dstSubfolderSpec = 10;
			files = (
			);
			name = "Embed Frameworks";
			runOnlyForDeploymentPostprocessing = 0;
		};
		7B2CE408991E2A4542136805 /* Embed Frameworks */ = {
			isa = PBXCopyFilesBuildPhase;
			buildActionMask = 2147483647;
			dstPath = "";
			dstSubfolderSpec = 10;
			files = (
			);
			name = "Embed Frameworks";
			runOnlyForDeploymentPostprocessing = 0;
		};
		83BB9F7CAA2CA5EA09C4E0A6 /* Embed Frameworks */ = {
			isa = PBXCopyFilesBuildPhase;
			buildActionMask = 2147483647;
			dstPath = "";
			dstSubfolderSpec = 10;
			files = (
			);
			name = "Embed Frameworks";
			runOnlyForDeploymentPostprocessing = 0;
		};
		A6F03DB35132A17EA14850B7 /* Embed Frameworks */ = {
			isa = PBXCopyFilesBuildPhase;
			buildActionMask = 2147483647;
			dstPath = "";
			dstSubfolderSpec = 10;
			files = (
			);
			name = "Embed Frameworks";
			runOnlyForDeploymentPostprocessing = 0;
		};
		B222EB8197BAD28885AF5B5A /* Embed Frameworks */ = {
			isa = PBXCopyFilesBuildPhase;
			buildActionMask = 2147483647;
			dstPath = "";
			dstSubfolderSpec = 10;
			files = (
			);
			name = "Embed Frameworks";
			runOnlyForDeploymentPostprocessing = 0;
		};
		B2ACAB22F51F479F958A5058 /* Embed Frameworks */ = {
			isa = PBXCopyFilesBuildPhase;
			buildActionMask = 2147483647;
			dstPath = "";
			dstSubfolderSpec = 10;
			files = (
				102B6535172112E839C24E08 /* ButtonHeist.framework in Embed Frameworks */,
				149F630810C6CBF1A9DDF3B4 /* TheGoods.framework in Embed Frameworks */,
				23108A509A72F68602CFCAC4 /* Wheelman.framework in Embed Frameworks */,
			);
			name = "Embed Frameworks";
			runOnlyForDeploymentPostprocessing = 0;
		};
		FBCBC5AD909F17BDF9CA8276 /* Embed Frameworks */ = {
			isa = PBXCopyFilesBuildPhase;
			buildActionMask = 2147483647;
			dstPath = "";
			dstSubfolderSpec = 10;
			files = (
			);
			name = "Embed Frameworks";
			runOnlyForDeploymentPostprocessing = 0;
		};
/* End PBXCopyFilesBuildPhase section */

/* Begin PBXFileReference section */
		0A0516039025C7D645A7C9F2 /* SafeCracker.swift */ = {isa = PBXFileReference; lastKnownFileType = sourcecode.swift; path = SafeCracker.swift; sourceTree = "<group>"; };
		0B3613C6087209693A0A50B4 /* ConnectionStateTests.swift */ = {isa = PBXFileReference; lastKnownFileType = sourcecode.swift; path = ConnectionStateTests.swift; sourceTree = "<group>"; };
		113133946A9B7B0FDB7A1811 /* ElementStyling.swift */ = {isa = PBXFileReference; lastKnownFileType = sourcecode.swift; path = ElementStyling.swift; sourceTree = "<group>"; };
		183B8DDB1A591EEEFB7024E0 /* BezierSampler.swift */ = {isa = PBXFileReference; lastKnownFileType = sourcecode.swift; path = BezierSampler.swift; sourceTree = "<group>"; };
		1B77034DD7899CA445918899 /* SyntheticTouchFactory.swift */ = {isa = PBXFileReference; lastKnownFileType = sourcecode.swift; path = SyntheticTouchFactory.swift; sourceTree = "<group>"; };
		1C8867E27A6EB46FCD2CC79E /* Colors.swift */ = {isa = PBXFileReference; lastKnownFileType = sourcecode.swift; path = Colors.swift; sourceTree = "<group>"; };
		27640F556235790CEDD81DC4 /* HierarchyListView.swift */ = {isa = PBXFileReference; lastKnownFileType = sourcecode.swift; path = HierarchyListView.swift; sourceTree = "<group>"; };
		28E95C8E873AC2AE2A9E282E /* Stakeout.entitlements */ = {isa = PBXFileReference; lastKnownFileType = text.plist.entitlements; path = Stakeout.entitlements; sourceTree = "<group>"; };
		2C72D61788F95A50ED55D4E1 /* WheelmanTests-Info.plist */ = {isa = PBXFileReference; lastKnownFileType = text.plist; path = "WheelmanTests-Info.plist"; sourceTree = "<group>"; };
		2EB1711D7BADFA08C5ACA515 /* ButtonHeistTests.xctest */ = {isa = PBXFileReference; explicitFileType = wrapper.cfbundle; includeInIndex = 0; path = ButtonHeistTests.xctest; sourceTree = BUILT_PRODUCTS_DIR; };
		31388AD87136141C27386A27 /* ElementOverlayView.swift */ = {isa = PBXFileReference; lastKnownFileType = sourcecode.swift; path = ElementOverlayView.swift; sourceTree = "<group>"; };
		328234D9BE0B22B6996FF5D5 /* Stakeout.app */ = {isa = PBXFileReference; explicitFileType = wrapper.application; includeInIndex = 0; path = Stakeout.app; sourceTree = BUILT_PRODUCTS_DIR; };
		338A11E3F6CD1E69EE0D7695 /* HierarchyPayloadTests.swift */ = {isa = PBXFileReference; lastKnownFileType = sourcecode.swift; path = HierarchyPayloadTests.swift; sourceTree = "<group>"; };
		3C1F25ADDEF86D35E12406EB /* HeistClient.swift */ = {isa = PBXFileReference; lastKnownFileType = sourcecode.swift; path = HeistClient.swift; sourceTree = "<group>"; };
		40787CA605811F1D2094FA0C /* DeviceDiscovery.swift */ = {isa = PBXFileReference; lastKnownFileType = sourcecode.swift; path = DeviceDiscovery.swift; sourceTree = "<group>"; };
		420E5455F1DE469688C4B450 /* Spacing.swift */ = {isa = PBXFileReference; lastKnownFileType = sourcecode.swift; path = Spacing.swift; sourceTree = "<group>"; };
		42A13447A6EB4C288F353646 /* HierarchyTreeView.swift */ = {isa = PBXFileReference; lastKnownFileType = sourcecode.swift; path = HierarchyTreeView.swift; sourceTree = "<group>"; };
		4CECA4ED8F3DA5B21DA1E4C7 /* ButtonHeistTests-Info.plist */ = {isa = PBXFileReference; lastKnownFileType = text.plist; path = "ButtonHeistTests-Info.plist"; sourceTree = "<group>"; };
		5606B65675665A31CFB80D72 /* Wheelman.framework */ = {isa = PBXFileReference; explicitFileType = wrapper.framework; includeInIndex = 0; path = Wheelman.framework; sourceTree = BUILT_PRODUCTS_DIR; };
		5D9A980927A3C00ED36E2929 /* ButtonHeist.framework */ = {isa = PBXFileReference; explicitFileType = wrapper.framework; includeInIndex = 0; path = ButtonHeist.framework; sourceTree = BUILT_PRODUCTS_DIR; };
		746D54E3D34B0FB2631A3F2C /* BezierSamplerTests.swift */ = {isa = PBXFileReference; lastKnownFileType = sourcecode.swift; path = BezierSamplerTests.swift; sourceTree = "<group>"; };
		75522D9885B156F5F719FDEA /* TapVisualizerView.swift */ = {isa = PBXFileReference; lastKnownFileType = sourcecode.swift; path = TapVisualizerView.swift; sourceTree = "<group>"; };
		783E23C6F9978C0F33983C50 /* TheGoodsTests-Info.plist */ = {isa = PBXFileReference; lastKnownFileType = text.plist; path = "TheGoodsTests-Info.plist"; sourceTree = "<group>"; };
		7D1ED4707CE88D3223E77A91 /* StakeoutApp.swift */ = {isa = PBXFileReference; lastKnownFileType = sourcecode.swift; path = StakeoutApp.swift; sourceTree = "<group>"; };
		816E500336496E10A79B40CA /* InsideMan.framework */ = {isa = PBXFileReference; explicitFileType = wrapper.framework; includeInIndex = 0; path = InsideMan.framework; sourceTree = BUILT_PRODUCTS_DIR; };
		81A0B6E97DD609FEC142C359 /* TheGoods-Info.plist */ = {isa = PBXFileReference; lastKnownFileType = text.plist; path = "TheGoods-Info.plist"; sourceTree = "<group>"; };
		84B993E5FA5DA80654F9CC03 /* Exports.swift */ = {isa = PBXFileReference; lastKnownFileType = sourcecode.swift; path = Exports.swift; sourceTree = "<group>"; };
		86CDDE2889D3D89BF1BB94A4 /* Wheelman-Info.plist */ = {isa = PBXFileReference; lastKnownFileType = text.plist; path = "Wheelman-Info.plist"; sourceTree = "<group>"; };
		8B7BC6F50889828C130CFD1A /* ButtonHeist-Info.plist */ = {isa = PBXFileReference; lastKnownFileType = text.plist; path = "ButtonHeist-Info.plist"; sourceTree = "<group>"; };
		8BE7185BD37A782C3D7CCC0A /* InsideMan-Info.plist */ = {isa = PBXFileReference; lastKnownFileType = text.plist; path = "InsideMan-Info.plist"; sourceTree = "<group>"; };
		8DBAE1B16C8AC234339FC5E0 /* ClientMessageTests.swift */ = {isa = PBXFileReference; lastKnownFileType = sourcecode.swift; path = ClientMessageTests.swift; sourceTree = "<group>"; };
		8E28C5885B806613473337AE /* ServerMessageTests.swift */ = {isa = PBXFileReference; lastKnownFileType = sourcecode.swift; path = ServerMessageTests.swift; sourceTree = "<group>"; };
		9245D6A432C15F25BE014B73 /* DiscoveredDeviceTests.swift */ = {isa = PBXFileReference; lastKnownFileType = sourcecode.swift; path = DiscoveredDeviceTests.swift; sourceTree = "<group>"; };
		96B4860B52B50A1AF596A086 /* TheGoods.framework */ = {isa = PBXFileReference; explicitFileType = wrapper.framework; includeInIndex = 0; path = TheGoods.framework; sourceTree = BUILT_PRODUCTS_DIR; };
		9AC55E54B4AEB7610218B6B6 /* DeviceConnection.swift */ = {isa = PBXFileReference; lastKnownFileType = sourcecode.swift; path = DeviceConnection.swift; sourceTree = "<group>"; };
		9CD5376EA03EA0B94E4A4274 /* ScreenshotPayloadTests.swift */ = {isa = PBXFileReference; lastKnownFileType = sourcecode.swift; path = ScreenshotPayloadTests.swift; sourceTree = "<group>"; };
		A10CE4609BC79CCF4BF0CFAA /* AccessibilitySnapshotParser.framework */ = {isa = PBXFileReference; explicitFileType = wrapper.framework; includeInIndex = 0; path = AccessibilitySnapshotParser.framework; sourceTree = BUILT_PRODUCTS_DIR; };
		A2BDA2AFBF2CEE4BA63BA321 /* Messages.swift */ = {isa = PBXFileReference; lastKnownFileType = sourcecode.swift; path = Messages.swift; sourceTree = "<group>"; };
		A7C418BAB10F07C90015750A /* ContentView.swift */ = {isa = PBXFileReference; lastKnownFileType = sourcecode.swift; path = ContentView.swift; sourceTree = "<group>"; };
		A96A1EF9D6560311BC896DD7 /* InsideManAutoStart.h */ = {isa = PBXFileReference; lastKnownFileType = sourcecode.c.h; path = InsideManAutoStart.h; sourceTree = "<group>"; };
		AA4A3E5D9169ABD0F9311E50 /* ConstantsTests.swift */ = {isa = PBXFileReference; lastKnownFileType = sourcecode.swift; path = ConstantsTests.swift; sourceTree = "<group>"; };
		AB8F37C85DC1FEF475F41A50 /* TheGoodsTests.swift */ = {isa = PBXFileReference; lastKnownFileType = sourcecode.swift; path = TheGoodsTests.swift; sourceTree = "<group>"; };
		AE55E0F0D9FB1C2C3F63B712 /* HeistClientTests.swift */ = {isa = PBXFileReference; lastKnownFileType = sourcecode.swift; path = HeistClientTests.swift; sourceTree = "<group>"; };
		C3B71D54592688B9D702D11E /* ServerInfoTests.swift */ = {isa = PBXFileReference; lastKnownFileType = sourcecode.swift; path = ServerInfoTests.swift; sourceTree = "<group>"; };
		C596D8F99CB5805B0A2D0BD3 /* InsideMan.swift */ = {isa = PBXFileReference; lastKnownFileType = sourcecode.swift; path = InsideMan.swift; sourceTree = "<group>"; };
		CEC7C890B3284BD4E27CD923 /* Stakeout-Info.plist */ = {isa = PBXFileReference; lastKnownFileType = text.plist; path = "Stakeout-Info.plist"; sourceTree = "<group>"; };
		D2BC3FB28577548B94105297 /* DiscoveredDevice.swift */ = {isa = PBXFileReference; lastKnownFileType = sourcecode.swift; path = DiscoveredDevice.swift; sourceTree = "<group>"; };
		D8B2AE37A7F6B6E86A00B4C4 /* AccessibilityElementDataTests.swift */ = {isa = PBXFileReference; lastKnownFileType = sourcecode.swift; path = AccessibilityElementDataTests.swift; sourceTree = "<group>"; };
		DE2235085BFDF65C7B83A35C /* IOHIDEventBuilder.swift */ = {isa = PBXFileReference; lastKnownFileType = sourcecode.swift; path = IOHIDEventBuilder.swift; sourceTree = "<group>"; };
		E1BC0E6680D252CB37FEBBE0 /* SimpleSocketServer.swift */ = {isa = PBXFileReference; lastKnownFileType = sourcecode.swift; path = SimpleSocketServer.swift; sourceTree = "<group>"; };
		E261F9D7DE48AEC7421C9692 /* ElementInspectorView.swift */ = {isa = PBXFileReference; lastKnownFileType = sourcecode.swift; path = ElementInspectorView.swift; sourceTree = "<group>"; };
		EDA0604E563B2DFCC0F35E73 /* WheelmanTests.xctest */ = {isa = PBXFileReference; explicitFileType = wrapper.cfbundle; includeInIndex = 0; path = WheelmanTests.xctest; sourceTree = BUILT_PRODUCTS_DIR; };
		EF0BF6F634E4E2984853CFA6 /* ScreenshotView.swift */ = {isa = PBXFileReference; lastKnownFileType = sourcecode.swift; path = ScreenshotView.swift; sourceTree = "<group>"; };
		F20BB761FA684C7D90336187 /* InsideManAutoStart.m */ = {isa = PBXFileReference; lastKnownFileType = sourcecode.c.objc; path = InsideManAutoStart.m; sourceTree = "<group>"; };
		F4D872EFBB581DBD793EFCAF /* SyntheticEventFactory.swift */ = {isa = PBXFileReference; lastKnownFileType = sourcecode.swift; path = SyntheticEventFactory.swift; sourceTree = "<group>"; };
		F964CFEC4F01DCF47ED67954 /* WheelmanTests.swift */ = {isa = PBXFileReference; lastKnownFileType = sourcecode.swift; path = WheelmanTests.swift; sourceTree = "<group>"; };
		F9C1708416E311A34CD2AD74 /* TheGoodsTests.xctest */ = {isa = PBXFileReference; explicitFileType = wrapper.cfbundle; includeInIndex = 0; path = TheGoodsTests.xctest; sourceTree = BUILT_PRODUCTS_DIR; };
/* End PBXFileReference section */

/* Begin PBXFrameworksBuildPhase section */
		4575FEB3C776A49A5D61FC9A /* Frameworks */ = {
			isa = PBXFrameworksBuildPhase;
			buildActionMask = 2147483647;
			files = (
				268C0891BC4BD683AA2C806C /* ButtonHeist.framework in Frameworks */,
			);
			runOnlyForDeploymentPostprocessing = 0;
		};
		835AA722D98608F295DCCC62 /* Frameworks */ = {
			isa = PBXFrameworksBuildPhase;
			buildActionMask = 2147483647;
			files = (
				071AA9B18FA57C01D4A360C0 /* TheGoods.framework in Frameworks */,
				8EA793CB9AC27195C48ED73F /* Wheelman.framework in Frameworks */,
			);
			runOnlyForDeploymentPostprocessing = 0;
		};
		8DE6749830170369FE673542 /* Frameworks */ = {
			isa = PBXFrameworksBuildPhase;
			buildActionMask = 2147483647;
			files = (
				739C806ACE0F65800CB24918 /* TheGoods.framework in Frameworks */,
			);
			runOnlyForDeploymentPostprocessing = 0;
		};
		A35ED084BBEE4FE37EF14B18 /* Frameworks */ = {
			isa = PBXFrameworksBuildPhase;
			buildActionMask = 2147483647;
			files = (
				F244A5F8E6F4891F61B23682 /* ButtonHeist.framework in Frameworks */,
			);
			runOnlyForDeploymentPostprocessing = 0;
		};
		B5CEFDE46CEDD51DD1FA5781 /* Frameworks */ = {
			isa = PBXFrameworksBuildPhase;
			buildActionMask = 2147483647;
			files = (
			);
			runOnlyForDeploymentPostprocessing = 0;
		};
		B602454E9D798E32F45D7C43 /* Frameworks */ = {
			isa = PBXFrameworksBuildPhase;
			buildActionMask = 2147483647;
			files = (
				8184581FABD6CE3C5A82A2B4 /* TheGoods.framework in Frameworks */,
				91938587DB774C0C39F979EC /* Wheelman.framework in Frameworks */,
			);
			runOnlyForDeploymentPostprocessing = 0;
		};
		B87A5761EC5A2ABC2B1E34E6 /* Frameworks */ = {
			isa = PBXFrameworksBuildPhase;
			buildActionMask = 2147483647;
			files = (
				7AA7540D74C2A550ABD18739 /* TheGoods.framework in Frameworks */,
			);
			runOnlyForDeploymentPostprocessing = 0;
		};
		C860BB119D6D7F794DB7EDC7 /* Frameworks */ = {
			isa = PBXFrameworksBuildPhase;
			buildActionMask = 2147483647;
			files = (
				00882646C6DD0E6E11E0BEC2 /* AccessibilitySnapshotParser.framework in Frameworks */,
				267113026CEBFFBDEB87A0A6 /* TheGoods.framework in Frameworks */,
				FE4BF8C6D4DBC62E742EEDDA /* Wheelman.framework in Frameworks */,
			);
			runOnlyForDeploymentPostprocessing = 0;
		};
/* End PBXFrameworksBuildPhase section */

/* Begin PBXGroup section */
		00407D826337C530975FFF13 /* ButtonHeistTests */ = {
			isa = PBXGroup;
			children = (
				0B3613C6087209693A0A50B4 /* ConnectionStateTests.swift */,
				AE55E0F0D9FB1C2C3F63B712 /* HeistClientTests.swift */,
			);
			path = ButtonHeistTests;
			sourceTree = "<group>";
		};
		01E35AE9643E645624527EB0 /* include */ = {
			isa = PBXGroup;
			children = (
				A96A1EF9D6560311BC896DD7 /* InsideManAutoStart.h */,
			);
			path = include;
			sourceTree = "<group>";
		};
		0927DEC464CCB1803FB989CB /* InsideManLoader */ = {
			isa = PBXGroup;
			children = (
				01E35AE9643E645624527EB0 /* include */,
				F20BB761FA684C7D90336187 /* InsideManAutoStart.m */,
			);
			path = InsideManLoader;
			sourceTree = "<group>";
		};
		119B93DA40D0AC511E09A219 /* Products */ = {
			isa = PBXGroup;
			children = (
				A10CE4609BC79CCF4BF0CFAA /* AccessibilitySnapshotParser.framework */,
				5D9A980927A3C00ED36E2929 /* ButtonHeist.framework */,
				2EB1711D7BADFA08C5ACA515 /* ButtonHeistTests.xctest */,
				816E500336496E10A79B40CA /* InsideMan.framework */,
				328234D9BE0B22B6996FF5D5 /* Stakeout.app */,
				96B4860B52B50A1AF596A086 /* TheGoods.framework */,
				F9C1708416E311A34CD2AD74 /* TheGoodsTests.xctest */,
				5606B65675665A31CFB80D72 /* Wheelman.framework */,
				EDA0604E563B2DFCC0F35E73 /* WheelmanTests.xctest */,
			);
			name = Products;
			sourceTree = "<group>";
		};
		163B9A0D37D6558625F11254 /* ButtonHeist */ = {
			isa = PBXGroup;
			children = (
				2EC3724EF6BB15C5608AFA1A /* Sources */,
				65F9437CA625EC19AE790A5C /* Tests */,
			);
			path = ButtonHeist;
			sourceTree = "<group>";
		};
		1F24FF40298DC33E9D6E0207 /* ButtonHeist */ = {
			isa = PBXGroup;
			children = (
				84B993E5FA5DA80654F9CC03 /* Exports.swift */,
				3C1F25ADDEF86D35E12406EB /* HeistClient.swift */,
			);
			path = ButtonHeist;
			sourceTree = "<group>";
		};
		238B88E1575630CD53FC620D /* Sources */ = {
			isa = PBXGroup;
			children = (
				FD14F3C76FD9435D41FFB514 /* Design */,
				A2DBF92C75B35EEE4D9EF42E /* Views */,
				7D1ED4707CE88D3223E77A91 /* StakeoutApp.swift */,
			);
			path = Sources;
			sourceTree = "<group>";
		};
		2EC3724EF6BB15C5608AFA1A /* Sources */ = {
			isa = PBXGroup;
			children = (
				1F24FF40298DC33E9D6E0207 /* ButtonHeist */,
				56A7C6557715AACEDBA97AEC /* InsideMan */,
				0927DEC464CCB1803FB989CB /* InsideManLoader */,
				A8857E6D6E1A13B83DFAF6E9 /* TheGoods */,
				891CA96A4AFF834775C9B354 /* Wheelman */,
			);
			path = Sources;
			sourceTree = "<group>";
		};
		386471AAF9BA389B26E9F558 /* Stakeout */ = {
			isa = PBXGroup;
			children = (
				238B88E1575630CD53FC620D /* Sources */,
				28E95C8E873AC2AE2A9E282E /* Stakeout.entitlements */,
			);
			path = Stakeout;
			sourceTree = "<group>";
		};
		56A7C6557715AACEDBA97AEC /* InsideMan */ = {
			isa = PBXGroup;
			children = (
				C596D8F99CB5805B0A2D0BD3 /* InsideMan.swift */,
				DE2235085BFDF65C7B83A35C /* IOHIDEventBuilder.swift */,
				0A0516039025C7D645A7C9F2 /* SafeCracker.swift */,
				F4D872EFBB581DBD793EFCAF /* SyntheticEventFactory.swift */,
				1B77034DD7899CA445918899 /* SyntheticTouchFactory.swift */,
				75522D9885B156F5F719FDEA /* TapVisualizerView.swift */,
			);
			path = InsideMan;
			sourceTree = "<group>";
		};
		65F9437CA625EC19AE790A5C /* Tests */ = {
			isa = PBXGroup;
			children = (
				00407D826337C530975FFF13 /* ButtonHeistTests */,
				C56516F0D2A9B881E1939978 /* TheGoodsTests */,
				F5A6CBAA90C77D981D32BACA /* WheelmanTests */,
			);
			path = Tests;
			sourceTree = "<group>";
		};
		6955CA01C937C24CEC6A75B4 /* Derived */ = {
			isa = PBXGroup;
			children = (
				DB0B66B8E13EAC7B83DF0273 /* InfoPlists */,
			);
			path = Derived;
			sourceTree = "<group>";
		};
		891CA96A4AFF834775C9B354 /* Wheelman */ = {
			isa = PBXGroup;
			children = (
				9AC55E54B4AEB7610218B6B6 /* DeviceConnection.swift */,
				40787CA605811F1D2094FA0C /* DeviceDiscovery.swift */,
				D2BC3FB28577548B94105297 /* DiscoveredDevice.swift */,
				E1BC0E6680D252CB37FEBBE0 /* SimpleSocketServer.swift */,
			);
			path = Wheelman;
			sourceTree = "<group>";
		};
		A2DBF92C75B35EEE4D9EF42E /* Views */ = {
			isa = PBXGroup;
			children = (
				A7C418BAB10F07C90015750A /* ContentView.swift */,
				E261F9D7DE48AEC7421C9692 /* ElementInspectorView.swift */,
				31388AD87136141C27386A27 /* ElementOverlayView.swift */,
				27640F556235790CEDD81DC4 /* HierarchyListView.swift */,
				42A13447A6EB4C288F353646 /* HierarchyTreeView.swift */,
				EF0BF6F634E4E2984853CFA6 /* ScreenshotView.swift */,
			);
			path = Views;
			sourceTree = "<group>";
		};
		A8857E6D6E1A13B83DFAF6E9 /* TheGoods */ = {
			isa = PBXGroup;
			children = (
				183B8DDB1A591EEEFB7024E0 /* BezierSampler.swift */,
				A2BDA2AFBF2CEE4BA63BA321 /* Messages.swift */,
			);
			path = TheGoods;
			sourceTree = "<group>";
		};
		C56516F0D2A9B881E1939978 /* TheGoodsTests */ = {
			isa = PBXGroup;
			children = (
				D8B2AE37A7F6B6E86A00B4C4 /* AccessibilityElementDataTests.swift */,
				746D54E3D34B0FB2631A3F2C /* BezierSamplerTests.swift */,
				8DBAE1B16C8AC234339FC5E0 /* ClientMessageTests.swift */,
				AA4A3E5D9169ABD0F9311E50 /* ConstantsTests.swift */,
				338A11E3F6CD1E69EE0D7695 /* HierarchyPayloadTests.swift */,
				9CD5376EA03EA0B94E4A4274 /* ScreenshotPayloadTests.swift */,
				C3B71D54592688B9D702D11E /* ServerInfoTests.swift */,
				8E28C5885B806613473337AE /* ServerMessageTests.swift */,
				AB8F37C85DC1FEF475F41A50 /* TheGoodsTests.swift */,
			);
			path = TheGoodsTests;
			sourceTree = "<group>";
		};
		DB0B66B8E13EAC7B83DF0273 /* InfoPlists */ = {
			isa = PBXGroup;
			children = (
				8B7BC6F50889828C130CFD1A /* ButtonHeist-Info.plist */,
				4CECA4ED8F3DA5B21DA1E4C7 /* ButtonHeistTests-Info.plist */,
				8BE7185BD37A782C3D7CCC0A /* InsideMan-Info.plist */,
				CEC7C890B3284BD4E27CD923 /* Stakeout-Info.plist */,
				81A0B6E97DD609FEC142C359 /* TheGoods-Info.plist */,
				783E23C6F9978C0F33983C50 /* TheGoodsTests-Info.plist */,
				86CDDE2889D3D89BF1BB94A4 /* Wheelman-Info.plist */,
				2C72D61788F95A50ED55D4E1 /* WheelmanTests-Info.plist */,
			);
			path = InfoPlists;
			sourceTree = "<group>";
		};
		F0E23FDFBE2AEBCB4B5EAD36 = {
			isa = PBXGroup;
			children = (
				FEA146ADAD433E87A26D764C /* Project */,
				119B93DA40D0AC511E09A219 /* Products */,
			);
			sourceTree = "<group>";
		};
		F5A6CBAA90C77D981D32BACA /* WheelmanTests */ = {
			isa = PBXGroup;
			children = (
				9245D6A432C15F25BE014B73 /* DiscoveredDeviceTests.swift */,
				F964CFEC4F01DCF47ED67954 /* WheelmanTests.swift */,
			);
			path = WheelmanTests;
			sourceTree = "<group>";
		};
		FD14F3C76FD9435D41FFB514 /* Design */ = {
			isa = PBXGroup;
			children = (
				1C8867E27A6EB46FCD2CC79E /* Colors.swift */,
				113133946A9B7B0FDB7A1811 /* ElementStyling.swift */,
				420E5455F1DE469688C4B450 /* Spacing.swift */,
			);
			path = Design;
			sourceTree = "<group>";
		};
		FEA146ADAD433E87A26D764C /* Project */ = {
			isa = PBXGroup;
			children = (
				163B9A0D37D6558625F11254 /* ButtonHeist */,
				6955CA01C937C24CEC6A75B4 /* Derived */,
				386471AAF9BA389B26E9F558 /* Stakeout */,
			);
			name = Project;
			sourceTree = "<group>";
		};
/* End PBXGroup section */

/* Begin PBXHeadersBuildPhase section */
		09D137628B074B3F3812E566 /* Headers */ = {
			isa = PBXHeadersBuildPhase;
			buildActionMask = 2147483647;
			files = (
				BCE808EA3B411F92813C0389 /* InsideManAutoStart.h in Headers */,
			);
			runOnlyForDeploymentPostprocessing = 0;
		};
/* End PBXHeadersBuildPhase section */

/* Begin PBXNativeTarget section */
		01AB9D7BD988A7ADF961852B /* ButtonHeist */ = {
			isa = PBXNativeTarget;
			buildConfigurationList = 6D046CCE0D445D1A153C0DDB /* Build configuration list for PBXNativeTarget "ButtonHeist" */;
			buildPhases = (
				A7F06C4DB34AF1E2673A3973 /* Sources */,
				6F173592DBAF7EDA4853CDB4 /* Resources */,
				B602454E9D798E32F45D7C43 /* Frameworks */,
				B222EB8197BAD28885AF5B5A /* Embed Frameworks */,
				548767A1637D3D8608AF00AE /* SwiftLint */,
			);
			buildRules = (
			);
			dependencies = (
				BC3A1484B714930A4DD64290 /* PBXTargetDependency */,
				EFC08AE5F154BAB591313A74 /* PBXTargetDependency */,
			);
			name = ButtonHeist;
			packageProductDependencies = (
			);
			productName = ButtonHeist;
			productReference = 5D9A980927A3C00ED36E2929 /* ButtonHeist.framework */;
			productType = "com.apple.product-type.framework";
		};
		3319961F53E8E0656480630F /* Wheelman */ = {
			isa = PBXNativeTarget;
			buildConfigurationList = 99379F7A60255A417FF6BB94 /* Build configuration list for PBXNativeTarget "Wheelman" */;
			buildPhases = (
				78AEF4DBF8E174F01433B177 /* Sources */,
				B35F5F3AA6719A1B6872CEEF /* Resources */,
				B87A5761EC5A2ABC2B1E34E6 /* Frameworks */,
				FBCBC5AD909F17BDF9CA8276 /* Embed Frameworks */,
				178D8A908DE20A8E223DEFDA /* SwiftLint */,
			);
			buildRules = (
			);
			dependencies = (
				B0E19EDA4C4B97A87C8FD5F0 /* PBXTargetDependency */,
			);
			name = Wheelman;
			packageProductDependencies = (
			);
			productName = Wheelman;
			productReference = 5606B65675665A31CFB80D72 /* Wheelman.framework */;
			productType = "com.apple.product-type.framework";
		};
		68AF8C52C38F3D629CF40048 /* TheGoodsTests */ = {
			isa = PBXNativeTarget;
			buildConfigurationList = AB009AD22C807F69A7AB08A0 /* Build configuration list for PBXNativeTarget "TheGoodsTests" */;
			buildPhases = (
				506233DA8B215AE1CF454523 /* Sources */,
				E73A2704206EFB3EC80F7BF7 /* Resources */,
				8DE6749830170369FE673542 /* Frameworks */,
				83BB9F7CAA2CA5EA09C4E0A6 /* Embed Frameworks */,
			);
			buildRules = (
			);
			dependencies = (
				A76FE0BA3CBA9E1CA7C11501 /* PBXTargetDependency */,
			);
			name = TheGoodsTests;
			packageProductDependencies = (
			);
			productName = TheGoodsTests;
			productReference = F9C1708416E311A34CD2AD74 /* TheGoodsTests.xctest */;
			productType = "com.apple.product-type.bundle.unit-test";
		};
		69FF60E6A415001108B6AECC /* WheelmanTests */ = {
			isa = PBXNativeTarget;
			buildConfigurationList = 868A54EE0ECEC296C4F43BF7 /* Build configuration list for PBXNativeTarget "WheelmanTests" */;
			buildPhases = (
				40931F5A96DF3D36251D7E0C /* Sources */,
				A279D778E043F173D0DB6546 /* Resources */,
				835AA722D98608F295DCCC62 /* Frameworks */,
				6807B75328BC4433999F11ED /* Embed Frameworks */,
			);
			buildRules = (
			);
			dependencies = (
				185FD28FC62E2F950ACBC99A /* PBXTargetDependency */,
				864CE9CCEF3B0A8F84871CA7 /* PBXTargetDependency */,
			);
			name = WheelmanTests;
			packageProductDependencies = (
			);
			productName = WheelmanTests;
			productReference = EDA0604E563B2DFCC0F35E73 /* WheelmanTests.xctest */;
			productType = "com.apple.product-type.bundle.unit-test";
		};
		B83FD9906037A19C791E7323 /* InsideMan */ = {
			isa = PBXNativeTarget;
			buildConfigurationList = E5E60CDB6DEE5DD5783B9774 /* Build configuration list for PBXNativeTarget "InsideMan" */;
			buildPhases = (
				09D137628B074B3F3812E566 /* Headers */,
				A530E167FDF8B61C444A5406 /* Sources */,
				CB2C50D1C1666E1EFFDC8EF6 /* Resources */,
				C860BB119D6D7F794DB7EDC7 /* Frameworks */,
				75AB47F363D630A462617525 /* Embed Frameworks */,
				D7B896A4D90AC251D12EF606 /* SwiftLint */,
			);
			buildRules = (
			);
			dependencies = (
				299E8D510DEEFC66ABA9DB7C /* PBXTargetDependency */,
				186ABBA8DDE0347593950896 /* PBXTargetDependency */,
			);
			name = InsideMan;
			packageProductDependencies = (
			);
			productName = InsideMan;
			productReference = 816E500336496E10A79B40CA /* InsideMan.framework */;
			productType = "com.apple.product-type.framework";
		};
		CB54111B8A5C0FD3A9CB2DD0 /* Stakeout */ = {
			isa = PBXNativeTarget;
			buildConfigurationList = 07881155C2771D49CC326485 /* Build configuration list for PBXNativeTarget "Stakeout" */;
			buildPhases = (
				1D1625BD1318648AAB9A5350 /* Sources */,
				F481E158E91BA5244DEC0D06 /* Resources */,
				A35ED084BBEE4FE37EF14B18 /* Frameworks */,
				B2ACAB22F51F479F958A5058 /* Embed Frameworks */,
				FFA5EF8973BE759234E39832 /* SwiftLint */,
			);
			buildRules = (
			);
			dependencies = (
				679EE51A1AEEAF8324A40FB5 /* PBXTargetDependency */,
			);
			name = Stakeout;
			packageProductDependencies = (
			);
			productName = Stakeout;
			productReference = 328234D9BE0B22B6996FF5D5 /* Stakeout.app */;
			productType = "com.apple.product-type.application";
		};
		E59AC4213C28C64460B66331 /* ButtonHeistTests */ = {
			isa = PBXNativeTarget;
			buildConfigurationList = E61912E614DD3484D53CF9AD /* Build configuration list for PBXNativeTarget "ButtonHeistTests" */;
			buildPhases = (
				BF598C5C3422D0DA30109829 /* Sources */,
				F15818CE403B4B1AB9E18AF6 /* Resources */,
				4575FEB3C776A49A5D61FC9A /* Frameworks */,
				7B2CE408991E2A4542136805 /* Embed Frameworks */,
			);
			buildRules = (
			);
			dependencies = (
				4FF73F7AC03BA7B3662026BE /* PBXTargetDependency */,
			);
			name = ButtonHeistTests;
			packageProductDependencies = (
			);
			productName = ButtonHeistTests;
			productReference = 2EB1711D7BADFA08C5ACA515 /* ButtonHeistTests.xctest */;
			productType = "com.apple.product-type.bundle.unit-test";
		};
		EA0A1CD8658C2AAEA7311B7E /* TheGoods */ = {
			isa = PBXNativeTarget;
			buildConfigurationList = E267E1445702392D696535E2 /* Build configuration list for PBXNativeTarget "TheGoods" */;
			buildPhases = (
				A72BCEB8BEAE6EB3646927AE /* Sources */,
				E19CDFD94B25264D7496758C /* Resources */,
				B5CEFDE46CEDD51DD1FA5781 /* Frameworks */,
				A6F03DB35132A17EA14850B7 /* Embed Frameworks */,
				8797DDB94AB0C71151434959 /* SwiftLint */,
			);
			buildRules = (
			);
			dependencies = (
			);
			name = TheGoods;
			packageProductDependencies = (
			);
			productName = TheGoods;
			productReference = 96B4860B52B50A1AF596A086 /* TheGoods.framework */;
			productType = "com.apple.product-type.framework";
		};
/* End PBXNativeTarget section */

/* Begin PBXProject section */
		05095CDD5321516AFB12077C /* Project object */ = {
			isa = PBXProject;
			attributes = {
				BuildIndependentTargetsInParallel = YES;
			};
			buildConfigurationList = 3A3C0FC0326E7A58AAD87CE7 /* Build configuration list for PBXProject "ButtonHeist" */;
			compatibilityVersion = "Xcode 14.0";
			developmentRegion = en;
			hasScannedForEncodings = 0;
			knownRegions = (
				Base,
				en,
			);
			mainGroup = F0E23FDFBE2AEBCB4B5EAD36;
			productRefGroup = 119B93DA40D0AC511E09A219 /* Products */;
			projectDirPath = "";
			projectRoot = "";
			targets = (
				01AB9D7BD988A7ADF961852B /* ButtonHeist */,
				E59AC4213C28C64460B66331 /* ButtonHeistTests */,
				B83FD9906037A19C791E7323 /* InsideMan */,
				CB54111B8A5C0FD3A9CB2DD0 /* Stakeout */,
				EA0A1CD8658C2AAEA7311B7E /* TheGoods */,
				68AF8C52C38F3D629CF40048 /* TheGoodsTests */,
				3319961F53E8E0656480630F /* Wheelman */,
				69FF60E6A415001108B6AECC /* WheelmanTests */,
			);
		};
/* End PBXProject section */

/* Begin PBXResourcesBuildPhase section */
		6F173592DBAF7EDA4853CDB4 /* Resources */ = {
			isa = PBXResourcesBuildPhase;
			buildActionMask = 2147483647;
			files = (
			);
			runOnlyForDeploymentPostprocessing = 0;
		};
		A279D778E043F173D0DB6546 /* Resources */ = {
			isa = PBXResourcesBuildPhase;
			buildActionMask = 2147483647;
			files = (
			);
			runOnlyForDeploymentPostprocessing = 0;
		};
		B35F5F3AA6719A1B6872CEEF /* Resources */ = {
			isa = PBXResourcesBuildPhase;
			buildActionMask = 2147483647;
			files = (
			);
			runOnlyForDeploymentPostprocessing = 0;
		};
		CB2C50D1C1666E1EFFDC8EF6 /* Resources */ = {
			isa = PBXResourcesBuildPhase;
			buildActionMask = 2147483647;
			files = (
			);
			runOnlyForDeploymentPostprocessing = 0;
		};
		E19CDFD94B25264D7496758C /* Resources */ = {
			isa = PBXResourcesBuildPhase;
			buildActionMask = 2147483647;
			files = (
			);
			runOnlyForDeploymentPostprocessing = 0;
		};
		E73A2704206EFB3EC80F7BF7 /* Resources */ = {
			isa = PBXResourcesBuildPhase;
			buildActionMask = 2147483647;
			files = (
			);
			runOnlyForDeploymentPostprocessing = 0;
		};
		F15818CE403B4B1AB9E18AF6 /* Resources */ = {
			isa = PBXResourcesBuildPhase;
			buildActionMask = 2147483647;
			files = (
			);
			runOnlyForDeploymentPostprocessing = 0;
		};
		F481E158E91BA5244DEC0D06 /* Resources */ = {
			isa = PBXResourcesBuildPhase;
			buildActionMask = 2147483647;
			files = (
			);
			runOnlyForDeploymentPostprocessing = 0;
		};
/* End PBXResourcesBuildPhase section */

/* Begin PBXShellScriptBuildPhase section */
		178D8A908DE20A8E223DEFDA /* SwiftLint */ = {
			isa = PBXShellScriptBuildPhase;
			alwaysOutOfDate = 1;
			buildActionMask = 2147483647;
			files = (
			);
			inputFileListPaths = (
			);
			inputPaths = (
			);
			name = SwiftLint;
			outputFileListPaths = (
			);
			outputPaths = (
			);
			runOnlyForDeploymentPostprocessing = 0;
			shellPath = /bin/sh;
			shellScript = "if command -v swiftlint >/dev/null 2>&1; then\n    swiftlint --fix --quiet\n    swiftlint lint --quiet\nelse\n    echo \"warning: SwiftLint not installed\"\nfi";
		};
		548767A1637D3D8608AF00AE /* SwiftLint */ = {
			isa = PBXShellScriptBuildPhase;
			alwaysOutOfDate = 1;
			buildActionMask = 2147483647;
			files = (
			);
			inputFileListPaths = (
			);
			inputPaths = (
			);
			name = SwiftLint;
			outputFileListPaths = (
			);
			outputPaths = (
			);
			runOnlyForDeploymentPostprocessing = 0;
			shellPath = /bin/sh;
			shellScript = "if command -v swiftlint >/dev/null 2>&1; then\n    swiftlint --fix --quiet\n    swiftlint lint --quiet\nelse\n    echo \"warning: SwiftLint not installed\"\nfi";
		};
		8797DDB94AB0C71151434959 /* SwiftLint */ = {
			isa = PBXShellScriptBuildPhase;
			alwaysOutOfDate = 1;
			buildActionMask = 2147483647;
			files = (
			);
			inputFileListPaths = (
			);
			inputPaths = (
			);
			name = SwiftLint;
			outputFileListPaths = (
			);
			outputPaths = (
			);
			runOnlyForDeploymentPostprocessing = 0;
			shellPath = /bin/sh;
			shellScript = "if command -v swiftlint >/dev/null 2>&1; then\n    swiftlint --fix --quiet\n    swiftlint lint --quiet\nelse\n    echo \"warning: SwiftLint not installed\"\nfi";
		};
		D7B896A4D90AC251D12EF606 /* SwiftLint */ = {
			isa = PBXShellScriptBuildPhase;
			alwaysOutOfDate = 1;
			buildActionMask = 2147483647;
			files = (
			);
			inputFileListPaths = (
			);
			inputPaths = (
			);
			name = SwiftLint;
			outputFileListPaths = (
			);
			outputPaths = (
			);
			runOnlyForDeploymentPostprocessing = 0;
			shellPath = /bin/sh;
			shellScript = "if command -v swiftlint >/dev/null 2>&1; then\n    swiftlint --fix --quiet\n    swiftlint lint --quiet\nelse\n    echo \"warning: SwiftLint not installed\"\nfi";
		};
		FFA5EF8973BE759234E39832 /* SwiftLint */ = {
			isa = PBXShellScriptBuildPhase;
			alwaysOutOfDate = 1;
			buildActionMask = 2147483647;
			files = (
			);
			inputFileListPaths = (
			);
			inputPaths = (
			);
			name = SwiftLint;
			outputFileListPaths = (
			);
			outputPaths = (
			);
			runOnlyForDeploymentPostprocessing = 0;
			shellPath = /bin/sh;
			shellScript = "if command -v swiftlint >/dev/null 2>&1; then\n    swiftlint --fix --quiet\n    swiftlint lint --quiet\nelse\n    echo \"warning: SwiftLint not installed\"\nfi";
		};
/* End PBXShellScriptBuildPhase section */

/* Begin PBXSourcesBuildPhase section */
		1D1625BD1318648AAB9A5350 /* Sources */ = {
			isa = PBXSourcesBuildPhase;
			buildActionMask = 2147483647;
			files = (
				9745D94ACC06E5D505C7449C /* Colors.swift in Sources */,
				18C659725140596956E816E5 /* ElementStyling.swift in Sources */,
				85E0D2FD6D83272BE6FDC367 /* Spacing.swift in Sources */,
				06C17D8BDE42A8F0BBFBB631 /* StakeoutApp.swift in Sources */,
				9FB14CD02FAEC89B60EDCFD0 /* ContentView.swift in Sources */,
				1EA9A871A7691494531B0E93 /* ElementInspectorView.swift in Sources */,
				B085BBEDC8ADB9C25E63DF45 /* ElementOverlayView.swift in Sources */,
				16424CF2CB65470D60D52D5D /* HierarchyListView.swift in Sources */,
				F50ABEFA2366711E39F45025 /* HierarchyTreeView.swift in Sources */,
				AB25554A59FEFB3959631E8A /* ScreenshotView.swift in Sources */,
			);
			runOnlyForDeploymentPostprocessing = 0;
		};
		40931F5A96DF3D36251D7E0C /* Sources */ = {
			isa = PBXSourcesBuildPhase;
			buildActionMask = 2147483647;
			files = (
				79EC4225431239EEAEFC7093 /* DiscoveredDeviceTests.swift in Sources */,
				13D3E3742E47D74EFCD62431 /* WheelmanTests.swift in Sources */,
			);
			runOnlyForDeploymentPostprocessing = 0;
		};
		506233DA8B215AE1CF454523 /* Sources */ = {
			isa = PBXSourcesBuildPhase;
			buildActionMask = 2147483647;
			files = (
				697FAF594BD1F255084B7692 /* AccessibilityElementDataTests.swift in Sources */,
				FCF386C3B7AAB9659383354C /* BezierSamplerTests.swift in Sources */,
				9786FBD1E5F2D76AEAC81662 /* ClientMessageTests.swift in Sources */,
				00B4F92C5BC3735FFD8D27D4 /* ConstantsTests.swift in Sources */,
				679CA47F948203471BC84765 /* HierarchyPayloadTests.swift in Sources */,
				861D5E1B49C53414C4059C48 /* ScreenshotPayloadTests.swift in Sources */,
				38B66D610D649E6F0A63A510 /* ServerInfoTests.swift in Sources */,
				6EAB437364F814A6FA04C159 /* ServerMessageTests.swift in Sources */,
				319F0EE2BDDEAEA018814D63 /* TheGoodsTests.swift in Sources */,
			);
			runOnlyForDeploymentPostprocessing = 0;
		};
		78AEF4DBF8E174F01433B177 /* Sources */ = {
			isa = PBXSourcesBuildPhase;
			buildActionMask = 2147483647;
			files = (
				E9B44A1DFAB426FC0E14E5AB /* DeviceConnection.swift in Sources */,
				0A0C26CB1867D528D2191B77 /* DeviceDiscovery.swift in Sources */,
				4C1F5697DC576934E6AFEEFC /* DiscoveredDevice.swift in Sources */,
				F6FCB7E210313F20D821B801 /* SimpleSocketServer.swift in Sources */,
			);
			runOnlyForDeploymentPostprocessing = 0;
		};
		A530E167FDF8B61C444A5406 /* Sources */ = {
			isa = PBXSourcesBuildPhase;
			buildActionMask = 2147483647;
			files = (
				529B1F74FA0266F78F5B3143 /* IOHIDEventBuilder.swift in Sources */,
				2348B2B642753AB38EE5945A /* InsideMan.swift in Sources */,
				F8B7F5CD5109590B17B1C005 /* SafeCracker.swift in Sources */,
				AF0086C9F5465CCF8589C442 /* SyntheticEventFactory.swift in Sources */,
				CFE5DBCE917139FED9618C91 /* SyntheticTouchFactory.swift in Sources */,
				D3AD735B2678B2DE1CCF627E /* TapVisualizerView.swift in Sources */,
				5DB4ED2FC64BDF290FBA4273 /* InsideManAutoStart.m in Sources */,
			);
			runOnlyForDeploymentPostprocessing = 0;
		};
		A72BCEB8BEAE6EB3646927AE /* Sources */ = {
			isa = PBXSourcesBuildPhase;
			buildActionMask = 2147483647;
			files = (
				F73B2CA4EB09C26A552FFDB3 /* BezierSampler.swift in Sources */,
				CA44F5E8F22D9E1C90F6DEA0 /* Messages.swift in Sources */,
			);
			runOnlyForDeploymentPostprocessing = 0;
		};
		A7F06C4DB34AF1E2673A3973 /* Sources */ = {
			isa = PBXSourcesBuildPhase;
			buildActionMask = 2147483647;
			files = (
				92B8027AF50E6E18E91D58D1 /* Exports.swift in Sources */,
				812D56C0F322065CF4966D1B /* HeistClient.swift in Sources */,
			);
			runOnlyForDeploymentPostprocessing = 0;
		};
		BF598C5C3422D0DA30109829 /* Sources */ = {
			isa = PBXSourcesBuildPhase;
			buildActionMask = 2147483647;
			files = (
				47D3B8CCCCA0ED59297EB946 /* ConnectionStateTests.swift in Sources */,
				07BFA5FF9C20EA99328799EF /* HeistClientTests.swift in Sources */,
			);
			runOnlyForDeploymentPostprocessing = 0;
		};
/* End PBXSourcesBuildPhase section */

/* Begin PBXTargetDependency section */
		185FD28FC62E2F950ACBC99A /* PBXTargetDependency */ = {
			isa = PBXTargetDependency;
			name = TheGoods;
			target = EA0A1CD8658C2AAEA7311B7E /* TheGoods */;
			targetProxy = 43A0079137942385E76421F2 /* PBXContainerItemProxy */;
		};
		186ABBA8DDE0347593950896 /* PBXTargetDependency */ = {
			isa = PBXTargetDependency;
			name = Wheelman;
			target = 3319961F53E8E0656480630F /* Wheelman */;
			targetProxy = C08FEBFEF4FD7AFDA9F756B4 /* PBXContainerItemProxy */;
		};
		299E8D510DEEFC66ABA9DB7C /* PBXTargetDependency */ = {
			isa = PBXTargetDependency;
			name = TheGoods;
			target = EA0A1CD8658C2AAEA7311B7E /* TheGoods */;
			targetProxy = 18BAF31D9EC2190E8A22BF9C /* PBXContainerItemProxy */;
		};
		4FF73F7AC03BA7B3662026BE /* PBXTargetDependency */ = {
			isa = PBXTargetDependency;
			name = ButtonHeist;
			target = 01AB9D7BD988A7ADF961852B /* ButtonHeist */;
			targetProxy = A7D7B66CC2A9ED01D5B9BBD1 /* PBXContainerItemProxy */;
		};
		679EE51A1AEEAF8324A40FB5 /* PBXTargetDependency */ = {
			isa = PBXTargetDependency;
			name = ButtonHeist;
			target = 01AB9D7BD988A7ADF961852B /* ButtonHeist */;
			targetProxy = 4A10DE2B1830D1023E7BD2FB /* PBXContainerItemProxy */;
		};
		864CE9CCEF3B0A8F84871CA7 /* PBXTargetDependency */ = {
			isa = PBXTargetDependency;
			name = Wheelman;
			target = 3319961F53E8E0656480630F /* Wheelman */;
			targetProxy = C81CB836E3752A563B9796BF /* PBXContainerItemProxy */;
		};
		A76FE0BA3CBA9E1CA7C11501 /* PBXTargetDependency */ = {
			isa = PBXTargetDependency;
			name = TheGoods;
			target = EA0A1CD8658C2AAEA7311B7E /* TheGoods */;
			targetProxy = 273F3B61771B28FA1DE39AA7 /* PBXContainerItemProxy */;
		};
		B0E19EDA4C4B97A87C8FD5F0 /* PBXTargetDependency */ = {
			isa = PBXTargetDependency;
			name = TheGoods;
			target = EA0A1CD8658C2AAEA7311B7E /* TheGoods */;
			targetProxy = BEAA5A430F56486AEB62E33A /* PBXContainerItemProxy */;
		};
		BC3A1484B714930A4DD64290 /* PBXTargetDependency */ = {
			isa = PBXTargetDependency;
			name = TheGoods;
			target = EA0A1CD8658C2AAEA7311B7E /* TheGoods */;
			targetProxy = E657513EB1A1D9370C701A2A /* PBXContainerItemProxy */;
		};
		EFC08AE5F154BAB591313A74 /* PBXTargetDependency */ = {
			isa = PBXTargetDependency;
			name = Wheelman;
			target = 3319961F53E8E0656480630F /* Wheelman */;
			targetProxy = A31CE25A82547AAD6D034E95 /* PBXContainerItemProxy */;
		};
/* End PBXTargetDependency section */

/* Begin XCBuildConfiguration section */
		1C9D613D3A3FA6FCF97DDEC6 /* Debug */ = {
			isa = XCBuildConfiguration;
			buildSettings = {
				ASSETCATALOG_COMPILER_APPICON_NAME = AppIcon;
				CODE_SIGN_ENTITLEMENTS = Stakeout/Stakeout.entitlements;
				CODE_SIGN_IDENTITY = "-";
				COMBINE_HIDPI_IMAGES = YES;
				ENABLE_PREVIEWS = YES;
				INFOPLIST_FILE = "Derived/InfoPlists/Stakeout-Info.plist";
				LD_RUNPATH_SEARCH_PATHS = (
					"$(inherited)",
					"@executable_path/../Frameworks",
				);
				MACOSX_DEPLOYMENT_TARGET = 14.0;
				PRODUCT_BUNDLE_IDENTIFIER = com.buttonheist.stakeout;
				PRODUCT_NAME = Stakeout;
				SDKROOT = macosx;
				SWIFT_ACTIVE_COMPILATION_CONDITIONS = (
					"$(inherited)",
					DEBUG,
				);
				SWIFT_COMPILATION_MODE = singlefile;
				SWIFT_OPTIMIZATION_LEVEL = "-Onone";
				SWIFT_VERSION = 5.0;
			};
			name = Debug;
		};
		1D47A2BCA568CBC01EDB1872 /* Debug */ = {
			isa = XCBuildConfiguration;
			buildSettings = {
				CODE_SIGN_IDENTITY = "";
				COMBINE_HIDPI_IMAGES = YES;
				CURRENT_PROJECT_VERSION = 1;
				DEFINES_MODULE = YES;
				DYLIB_COMPATIBILITY_VERSION = 1;
				DYLIB_CURRENT_VERSION = 1;
				DYLIB_INSTALL_NAME_BASE = "@rpath";
				FRAMEWORK_VERSION = A;
				INFOPLIST_FILE = "Derived/InfoPlists/ButtonHeist-Info.plist";
				INSTALL_PATH = "$(LOCAL_LIBRARY_DIR)/Frameworks";
				LD_RUNPATH_SEARCH_PATHS = (
					"$(inherited)",
					"@executable_path/../Frameworks",
					"@loader_path/../Frameworks",
				);
				MACOSX_DEPLOYMENT_TARGET = 14.0;
				PRODUCT_BUNDLE_IDENTIFIER = com.buttonheist.buttonheist;
				PRODUCT_NAME = ButtonHeist;
				SDKROOT = macosx;
				SKIP_INSTALL = YES;
				SWIFT_ACTIVE_COMPILATION_CONDITIONS = (
					"$(inherited)",
					DEBUG,
				);
				SWIFT_COMPILATION_MODE = singlefile;
				SWIFT_OPTIMIZATION_LEVEL = "-Onone";
				SWIFT_VERSION = 5.0;
				VERSIONING_SYSTEM = "apple-generic";
				VERSION_INFO_PREFIX = "";
			};
			name = Debug;
		};
		2F7C6B8F46593EBC86F2E7E9 /* Debug */ = {
			isa = XCBuildConfiguration;
			buildSettings = {
				CODE_SIGN_IDENTITY = "-";
				INFOPLIST_FILE = "Derived/InfoPlists/ButtonHeistTests-Info.plist";
				LD_RUNPATH_SEARCH_PATHS = (
					"$(inherited)",
					"@executable_path/../Frameworks",
					"@loader_path/../Frameworks",
				);
				MACOSX_DEPLOYMENT_TARGET = 14.0;
				PRODUCT_BUNDLE_IDENTIFIER = com.buttonheist.tests;
				PRODUCT_NAME = ButtonHeistTests;
				SDKROOT = macosx;
				SWIFT_ACTIVE_COMPILATION_CONDITIONS = (
					"$(inherited)",
					DEBUG,
				);
				SWIFT_COMPILATION_MODE = singlefile;
				SWIFT_OPTIMIZATION_LEVEL = "-Onone";
				SWIFT_VERSION = 5.0;
			};
			name = Debug;
		};
		3C95A7F5BECCC81C5C1DDFCC /* Debug */ = {
			isa = XCBuildConfiguration;
			buildSettings = {
				CODE_SIGN_IDENTITY = "-";
				INFOPLIST_FILE = "Derived/InfoPlists/TheGoodsTests-Info.plist";
				LD_RUNPATH_SEARCH_PATHS = (
					"$(inherited)",
					"@executable_path/../Frameworks",
					"@loader_path/../Frameworks",
				);
				MACOSX_DEPLOYMENT_TARGET = 14.0;
				PRODUCT_BUNDLE_IDENTIFIER = com.buttonheist.thegoods.tests;
				PRODUCT_NAME = TheGoodsTests;
				SDKROOT = macosx;
				SWIFT_ACTIVE_COMPILATION_CONDITIONS = (
					"$(inherited)",
					DEBUG,
				);
				SWIFT_COMPILATION_MODE = singlefile;
				SWIFT_OPTIMIZATION_LEVEL = "-Onone";
				SWIFT_VERSION = 5.0;
			};
			name = Debug;
		};
		4410693F3B93A3BCEA049290 /* Release */ = {
			isa = XCBuildConfiguration;
			buildSettings = {
				CODE_SIGN_IDENTITY = "-";
				INFOPLIST_FILE = "Derived/InfoPlists/WheelmanTests-Info.plist";
				LD_RUNPATH_SEARCH_PATHS = (
					"$(inherited)",
					"@executable_path/../Frameworks",
					"@loader_path/../Frameworks",
				);
				MACOSX_DEPLOYMENT_TARGET = 14.0;
				PRODUCT_BUNDLE_IDENTIFIER = com.buttonheist.wheelman.tests;
				PRODUCT_NAME = WheelmanTests;
				SDKROOT = macosx;
				SWIFT_COMPILATION_MODE = wholemodule;
				SWIFT_OPTIMIZATION_LEVEL = "-Owholemodule";
				SWIFT_VERSION = 5.0;
			};
			name = Release;
		};
		5BB65043CE8E77CAAD416919 /* Release */ = {
			isa = XCBuildConfiguration;
			buildSettings = {
				CODE_SIGN_IDENTITY = "";
				COMBINE_HIDPI_IMAGES = YES;
				CURRENT_PROJECT_VERSION = 1;
				DEFINES_MODULE = YES;
				DYLIB_COMPATIBILITY_VERSION = 1;
				DYLIB_CURRENT_VERSION = 1;
				DYLIB_INSTALL_NAME_BASE = "@rpath";
				FRAMEWORK_VERSION = A;
				INFOPLIST_FILE = "Derived/InfoPlists/ButtonHeist-Info.plist";
				INSTALL_PATH = "$(LOCAL_LIBRARY_DIR)/Frameworks";
				LD_RUNPATH_SEARCH_PATHS = (
					"$(inherited)",
					"@executable_path/../Frameworks",
					"@loader_path/../Frameworks",
				);
				MACOSX_DEPLOYMENT_TARGET = 14.0;
				PRODUCT_BUNDLE_IDENTIFIER = com.buttonheist.buttonheist;
				PRODUCT_NAME = ButtonHeist;
				SDKROOT = macosx;
				SKIP_INSTALL = YES;
				SWIFT_COMPILATION_MODE = wholemodule;
				SWIFT_OPTIMIZATION_LEVEL = "-Owholemodule";
				SWIFT_VERSION = 5.0;
				VERSIONING_SYSTEM = "apple-generic";
				VERSION_INFO_PREFIX = "";
			};
			name = Release;
		};
		6ABCA99CE2546CACEFC7C1FE /* Release */ = {
			isa = XCBuildConfiguration;
			buildSettings = {
				"CURRENT_PROJECT_VERSION[sdk=iphoneos*]" = 1;
				"CURRENT_PROJECT_VERSION[sdk=iphonesimulator*]" = 1;
				"CURRENT_PROJECT_VERSION[sdk=macosx*]" = 1;
				"DEFINES_MODULE[sdk=iphoneos*]" = YES;
				"DEFINES_MODULE[sdk=iphonesimulator*]" = YES;
				"DEFINES_MODULE[sdk=macosx*]" = YES;
				"DYLIB_COMPATIBILITY_VERSION[sdk=iphoneos*]" = 1;
				"DYLIB_COMPATIBILITY_VERSION[sdk=iphonesimulator*]" = 1;
				"DYLIB_COMPATIBILITY_VERSION[sdk=macosx*]" = 1;
				"DYLIB_CURRENT_VERSION[sdk=iphoneos*]" = 1;
				"DYLIB_CURRENT_VERSION[sdk=iphonesimulator*]" = 1;
				"DYLIB_CURRENT_VERSION[sdk=macosx*]" = 1;
				"DYLIB_INSTALL_NAME_BASE[sdk=iphoneos*]" = "@rpath";
				"DYLIB_INSTALL_NAME_BASE[sdk=iphonesimulator*]" = "@rpath";
				"DYLIB_INSTALL_NAME_BASE[sdk=macosx*]" = "@rpath";
				INFOPLIST_FILE = "Derived/InfoPlists/Wheelman-Info.plist";
				"INSTALL_PATH[sdk=iphoneos*]" = "$(LOCAL_LIBRARY_DIR)/Frameworks";
				"INSTALL_PATH[sdk=iphonesimulator*]" = "$(LOCAL_LIBRARY_DIR)/Frameworks";
				"INSTALL_PATH[sdk=macosx*]" = "$(LOCAL_LIBRARY_DIR)/Frameworks";
				IPHONEOS_DEPLOYMENT_TARGET = 17.0;
				"LD_RUNPATH_SEARCH_PATHS[sdk=iphoneos*]" = (
					"$(inherited)",
					"@executable_path/Frameworks",
					"@loader_path/Frameworks",
				);
				"LD_RUNPATH_SEARCH_PATHS[sdk=iphonesimulator*]" = (
					"$(inherited)",
					"@executable_path/Frameworks",
					"@loader_path/Frameworks",
				);
				"LD_RUNPATH_SEARCH_PATHS[sdk=macosx*]" = (
					"$(inherited)",
					"@executable_path/../Frameworks",
					"@loader_path/../Frameworks",
				);
				MACOSX_DEPLOYMENT_TARGET = 14.0;
				PRODUCT_BUNDLE_IDENTIFIER = com.buttonheist.wheelman;
				PRODUCT_NAME = Wheelman;
				"PRODUCT_NAME[sdk=iphoneos*]" = "$(TARGET_NAME:c99extidentifier)";
				"PRODUCT_NAME[sdk=iphonesimulator*]" = "$(TARGET_NAME:c99extidentifier)";
				"PRODUCT_NAME[sdk=macosx*]" = "$(TARGET_NAME:c99extidentifier)";
				SDKROOT = auto;
				"SKIP_INSTALL[sdk=iphoneos*]" = YES;
				"SKIP_INSTALL[sdk=iphonesimulator*]" = YES;
				"SKIP_INSTALL[sdk=macosx*]" = YES;
				SUPPORTED_PLATFORMS = "iphoneos iphonesimulator macosx";
				SUPPORTS_MACCATALYST = NO;
				SUPPORTS_MAC_DESIGNED_FOR_IPHONE_IPAD = NO;
				SUPPORTS_XR_DESIGNED_FOR_IPHONE_IPAD = NO;
				"SWIFT_COMPILATION_MODE[sdk=iphoneos*]" = wholemodule;
				"SWIFT_COMPILATION_MODE[sdk=iphonesimulator*]" = wholemodule;
				"SWIFT_COMPILATION_MODE[sdk=macosx*]" = wholemodule;
				"SWIFT_OPTIMIZATION_LEVEL[sdk=iphoneos*]" = "-Owholemodule";
				"SWIFT_OPTIMIZATION_LEVEL[sdk=iphonesimulator*]" = "-Owholemodule";
				"SWIFT_OPTIMIZATION_LEVEL[sdk=macosx*]" = "-Owholemodule";
				"SWIFT_VERSION[sdk=iphoneos*]" = 5.0;
				"SWIFT_VERSION[sdk=iphonesimulator*]" = 5.0;
				"SWIFT_VERSION[sdk=macosx*]" = 5.0;
				TARGETED_DEVICE_FAMILY = "1,2";
				"VERSIONING_SYSTEM[sdk=iphoneos*]" = "apple-generic";
				"VERSIONING_SYSTEM[sdk=iphonesimulator*]" = "apple-generic";
				"VERSIONING_SYSTEM[sdk=macosx*]" = "apple-generic";
				"VERSION_INFO_PREFIX[sdk=iphoneos*]" = "";
				"VERSION_INFO_PREFIX[sdk=iphonesimulator*]" = "";
				"VERSION_INFO_PREFIX[sdk=macosx*]" = "";
			};
			name = Release;
		};
		8EBEF1C799234401E924CB78 /* Debug */ = {
			isa = XCBuildConfiguration;
			buildSettings = {
				"CURRENT_PROJECT_VERSION[sdk=iphoneos*]" = 1;
				"CURRENT_PROJECT_VERSION[sdk=iphonesimulator*]" = 1;
				"CURRENT_PROJECT_VERSION[sdk=macosx*]" = 1;
				"DEFINES_MODULE[sdk=iphoneos*]" = YES;
				"DEFINES_MODULE[sdk=iphonesimulator*]" = YES;
				"DEFINES_MODULE[sdk=macosx*]" = YES;
				"DYLIB_COMPATIBILITY_VERSION[sdk=iphoneos*]" = 1;
				"DYLIB_COMPATIBILITY_VERSION[sdk=iphonesimulator*]" = 1;
				"DYLIB_COMPATIBILITY_VERSION[sdk=macosx*]" = 1;
				"DYLIB_CURRENT_VERSION[sdk=iphoneos*]" = 1;
				"DYLIB_CURRENT_VERSION[sdk=iphonesimulator*]" = 1;
				"DYLIB_CURRENT_VERSION[sdk=macosx*]" = 1;
				"DYLIB_INSTALL_NAME_BASE[sdk=iphoneos*]" = "@rpath";
				"DYLIB_INSTALL_NAME_BASE[sdk=iphonesimulator*]" = "@rpath";
				"DYLIB_INSTALL_NAME_BASE[sdk=macosx*]" = "@rpath";
				INFOPLIST_FILE = "Derived/InfoPlists/TheGoods-Info.plist";
				"INSTALL_PATH[sdk=iphoneos*]" = "$(LOCAL_LIBRARY_DIR)/Frameworks";
				"INSTALL_PATH[sdk=iphonesimulator*]" = "$(LOCAL_LIBRARY_DIR)/Frameworks";
				"INSTALL_PATH[sdk=macosx*]" = "$(LOCAL_LIBRARY_DIR)/Frameworks";
				IPHONEOS_DEPLOYMENT_TARGET = 17.0;
				"LD_RUNPATH_SEARCH_PATHS[sdk=iphoneos*]" = (
					"$(inherited)",
					"@executable_path/Frameworks",
					"@loader_path/Frameworks",
				);
				"LD_RUNPATH_SEARCH_PATHS[sdk=iphonesimulator*]" = (
					"$(inherited)",
					"@executable_path/Frameworks",
					"@loader_path/Frameworks",
				);
				"LD_RUNPATH_SEARCH_PATHS[sdk=macosx*]" = (
					"$(inherited)",
					"@executable_path/../Frameworks",
					"@loader_path/../Frameworks",
				);
				MACOSX_DEPLOYMENT_TARGET = 14.0;
				PRODUCT_BUNDLE_IDENTIFIER = com.buttonheist.thegoods;
				PRODUCT_NAME = TheGoods;
				"PRODUCT_NAME[sdk=iphoneos*]" = "$(TARGET_NAME:c99extidentifier)";
				"PRODUCT_NAME[sdk=iphonesimulator*]" = "$(TARGET_NAME:c99extidentifier)";
				"PRODUCT_NAME[sdk=macosx*]" = "$(TARGET_NAME:c99extidentifier)";
				SDKROOT = auto;
				"SKIP_INSTALL[sdk=iphoneos*]" = YES;
				"SKIP_INSTALL[sdk=iphonesimulator*]" = YES;
				"SKIP_INSTALL[sdk=macosx*]" = YES;
				SUPPORTED_PLATFORMS = "iphoneos iphonesimulator macosx";
				SUPPORTS_MACCATALYST = NO;
				SUPPORTS_MAC_DESIGNED_FOR_IPHONE_IPAD = NO;
				SUPPORTS_XR_DESIGNED_FOR_IPHONE_IPAD = NO;
				"SWIFT_ACTIVE_COMPILATION_CONDITIONS[sdk=iphoneos*]" = (
					"$(inherited)",
					DEBUG,
				);
				"SWIFT_ACTIVE_COMPILATION_CONDITIONS[sdk=iphonesimulator*]" = (
					"$(inherited)",
					DEBUG,
				);
				"SWIFT_ACTIVE_COMPILATION_CONDITIONS[sdk=macosx*]" = (
					"$(inherited)",
					DEBUG,
				);
				"SWIFT_COMPILATION_MODE[sdk=iphoneos*]" = singlefile;
				"SWIFT_COMPILATION_MODE[sdk=iphonesimulator*]" = singlefile;
				"SWIFT_COMPILATION_MODE[sdk=macosx*]" = singlefile;
				"SWIFT_OPTIMIZATION_LEVEL[sdk=iphoneos*]" = "-Onone";
				"SWIFT_OPTIMIZATION_LEVEL[sdk=iphonesimulator*]" = "-Onone";
				"SWIFT_OPTIMIZATION_LEVEL[sdk=macosx*]" = "-Onone";
				"SWIFT_VERSION[sdk=iphoneos*]" = 5.0;
				"SWIFT_VERSION[sdk=iphonesimulator*]" = 5.0;
				"SWIFT_VERSION[sdk=macosx*]" = 5.0;
				TARGETED_DEVICE_FAMILY = "1,2";
				"VERSIONING_SYSTEM[sdk=iphoneos*]" = "apple-generic";
				"VERSIONING_SYSTEM[sdk=iphonesimulator*]" = "apple-generic";
				"VERSIONING_SYSTEM[sdk=macosx*]" = "apple-generic";
				"VERSION_INFO_PREFIX[sdk=iphoneos*]" = "";
				"VERSION_INFO_PREFIX[sdk=iphonesimulator*]" = "";
				"VERSION_INFO_PREFIX[sdk=macosx*]" = "";
			};
			name = Debug;
		};
		AA6EE511DA108932B3DAFDEE /* Release */ = {
			isa = XCBuildConfiguration;
			buildSettings = {
				ASSETCATALOG_COMPILER_APPICON_NAME = AppIcon;
				CODE_SIGN_ENTITLEMENTS = Stakeout/Stakeout.entitlements;
				CODE_SIGN_IDENTITY = "-";
				COMBINE_HIDPI_IMAGES = YES;
				ENABLE_PREVIEWS = YES;
				INFOPLIST_FILE = "Derived/InfoPlists/Stakeout-Info.plist";
				LD_RUNPATH_SEARCH_PATHS = (
					"$(inherited)",
					"@executable_path/../Frameworks",
				);
				MACOSX_DEPLOYMENT_TARGET = 14.0;
				PRODUCT_BUNDLE_IDENTIFIER = com.buttonheist.stakeout;
				PRODUCT_NAME = Stakeout;
				SDKROOT = macosx;
				SWIFT_COMPILATION_MODE = wholemodule;
				SWIFT_OPTIMIZATION_LEVEL = "-Owholemodule";
				SWIFT_VERSION = 5.0;
			};
			name = Release;
		};
		AF59DDBB148017DFE61662AD /* Debug */ = {
			isa = XCBuildConfiguration;
			buildSettings = {
				CODE_SIGN_IDENTITY = "";
				CURRENT_PROJECT_VERSION = 1;
				DEFINES_MODULE = YES;
				DYLIB_COMPATIBILITY_VERSION = 1;
				DYLIB_CURRENT_VERSION = 1;
				DYLIB_INSTALL_NAME_BASE = "@rpath";
				HEADER_SEARCH_PATHS = (
					"$(inherited)",
					"$(inherited)",
					"$(SRCROOT)/AccessibilitySnapshot/Sources/AccessibilitySnapshot/Parser/ObjC/include",
				);
				INFOPLIST_FILE = "Derived/InfoPlists/InsideMan-Info.plist";
				INSTALL_PATH = "$(LOCAL_LIBRARY_DIR)/Frameworks";
				IPHONEOS_DEPLOYMENT_TARGET = 17.0;
				LD_RUNPATH_SEARCH_PATHS = (
					"$(inherited)",
					"@executable_path/Frameworks",
					"@loader_path/Frameworks",
				);
				OTHER_CFLAGS = (
					"$(inherited)",
					"-fmodule-map-file=$(SRCROOT)/AccessibilitySnapshot/Derived/AccessibilitySnapshotParser_ObjC.modulemap",
				);
				OTHER_SWIFT_FLAGS = (
					"$(inherited)",
					"-Xcc",
					"-fmodule-map-file=$(SRCROOT)/AccessibilitySnapshot/Derived/AccessibilitySnapshotParser_ObjC.modulemap",
				);
				PRODUCT_BUNDLE_IDENTIFIER = com.buttonheist.insideman;
				PRODUCT_NAME = InsideMan;
				SDKROOT = iphoneos;
				SKIP_INSTALL = YES;
				SUPPORTS_MACCATALYST = NO;
				SUPPORTS_MAC_DESIGNED_FOR_IPHONE_IPAD = NO;
				SUPPORTS_XR_DESIGNED_FOR_IPHONE_IPAD = NO;
				SWIFT_ACTIVE_COMPILATION_CONDITIONS = (
					"$(inherited)",
					DEBUG,
				);
				SWIFT_COMPILATION_MODE = singlefile;
				SWIFT_OPTIMIZATION_LEVEL = "-Onone";
				SWIFT_VERSION = 5.0;
				TARGETED_DEVICE_FAMILY = "1,2";
				VERSIONING_SYSTEM = "apple-generic";
				VERSION_INFO_PREFIX = "";
			};
			name = Debug;
		};
		C68A8E22CB29F90CB31F3A51 /* Release */ = {
			isa = XCBuildConfiguration;
			buildSettings = {
				CODE_SIGN_IDENTITY = "";
				CURRENT_PROJECT_VERSION = 1;
				DEFINES_MODULE = YES;
				DYLIB_COMPATIBILITY_VERSION = 1;
				DYLIB_CURRENT_VERSION = 1;
				DYLIB_INSTALL_NAME_BASE = "@rpath";
				HEADER_SEARCH_PATHS = (
					"$(inherited)",
					"$(inherited)",
					"$(SRCROOT)/AccessibilitySnapshot/Sources/AccessibilitySnapshot/Parser/ObjC/include",
				);
				INFOPLIST_FILE = "Derived/InfoPlists/InsideMan-Info.plist";
				INSTALL_PATH = "$(LOCAL_LIBRARY_DIR)/Frameworks";
				IPHONEOS_DEPLOYMENT_TARGET = 17.0;
				LD_RUNPATH_SEARCH_PATHS = (
					"$(inherited)",
					"@executable_path/Frameworks",
					"@loader_path/Frameworks",
				);
				OTHER_CFLAGS = (
					"$(inherited)",
					"-fmodule-map-file=$(SRCROOT)/AccessibilitySnapshot/Derived/AccessibilitySnapshotParser_ObjC.modulemap",
				);
				OTHER_SWIFT_FLAGS = (
					"$(inherited)",
					"-Xcc",
					"-fmodule-map-file=$(SRCROOT)/AccessibilitySnapshot/Derived/AccessibilitySnapshotParser_ObjC.modulemap",
				);
				PRODUCT_BUNDLE_IDENTIFIER = com.buttonheist.insideman;
				PRODUCT_NAME = InsideMan;
				SDKROOT = iphoneos;
				SKIP_INSTALL = YES;
				SUPPORTS_MACCATALYST = NO;
				SUPPORTS_MAC_DESIGNED_FOR_IPHONE_IPAD = NO;
				SUPPORTS_XR_DESIGNED_FOR_IPHONE_IPAD = NO;
				SWIFT_COMPILATION_MODE = wholemodule;
				SWIFT_OPTIMIZATION_LEVEL = "-Owholemodule";
				SWIFT_VERSION = 5.0;
				TARGETED_DEVICE_FAMILY = "1,2";
				VERSIONING_SYSTEM = "apple-generic";
				VERSION_INFO_PREFIX = "";
			};
			name = Release;
		};
		CD092A15D6AA9EC0124D887A /* Release */ = {
			isa = XCBuildConfiguration;
			buildSettings = {
				ALWAYS_SEARCH_USER_PATHS = NO;
				CLANG_ANALYZER_LOCALIZABILITY_NONLOCALIZED = YES;
				CLANG_ANALYZER_NONNULL = YES;
				CLANG_ANALYZER_NUMBER_OBJECT_CONVERSION = YES_AGGRESSIVE;
				CLANG_CXX_LANGUAGE_STANDARD = "gnu++14";
				CLANG_CXX_LIBRARY = "libc++";
				CLANG_ENABLE_MODULES = YES;
				CLANG_ENABLE_OBJC_ARC = YES;
				CLANG_ENABLE_OBJC_WEAK = YES;
				CLANG_WARN_BLOCK_CAPTURE_AUTORELEASING = YES;
				CLANG_WARN_BOOL_CONVERSION = YES;
				CLANG_WARN_COMMA = YES;
				CLANG_WARN_CONSTANT_CONVERSION = YES;
				CLANG_WARN_DEPRECATED_OBJC_IMPLEMENTATIONS = YES;
				CLANG_WARN_DIRECT_OBJC_ISA_USAGE = YES_ERROR;
				CLANG_WARN_DOCUMENTATION_COMMENTS = YES;
				CLANG_WARN_EMPTY_BODY = YES;
				CLANG_WARN_ENUM_CONVERSION = YES;
				CLANG_WARN_INFINITE_RECURSION = YES;
				CLANG_WARN_INT_CONVERSION = YES;
				CLANG_WARN_NON_LITERAL_NULL_CONVERSION = YES;
				CLANG_WARN_OBJC_IMPLICIT_RETAIN_SELF = YES;
				CLANG_WARN_OBJC_LITERAL_CONVERSION = YES;
				CLANG_WARN_OBJC_ROOT_CLASS = YES_ERROR;
				CLANG_WARN_QUOTED_INCLUDE_IN_FRAMEWORK_HEADER = YES;
				CLANG_WARN_RANGE_LOOP_ANALYSIS = YES;
				CLANG_WARN_STRICT_PROTOTYPES = YES;
				CLANG_WARN_SUSPICIOUS_MOVE = YES;
				CLANG_WARN_UNGUARDED_AVAILABILITY = YES_AGGRESSIVE;
				CLANG_WARN_UNREACHABLE_CODE = YES;
				CLANG_WARN__DUPLICATE_METHOD_MATCH = YES;
				COPY_PHASE_STRIP = NO;
				DEAD_CODE_STRIPPING = YES;
				DEBUG_INFORMATION_FORMAT = "dwarf-with-dsym";
				ENABLE_NS_ASSERTIONS = NO;
				ENABLE_STRICT_OBJC_MSGSEND = YES;
				GCC_C_LANGUAGE_STANDARD = gnu11;
				GCC_NO_COMMON_BLOCKS = YES;
				GCC_WARN_64_TO_32_BIT_CONVERSION = YES;
				GCC_WARN_ABOUT_RETURN_TYPE = YES_ERROR;
				GCC_WARN_UNDECLARED_SELECTOR = YES;
				GCC_WARN_UNINITIALIZED_AUTOS = YES_AGGRESSIVE;
				GCC_WARN_UNUSED_FUNCTION = YES;
				GCC_WARN_UNUSED_VARIABLE = YES;
				MTL_ENABLE_DEBUG_INFO = NO;
				PRODUCT_NAME = "$(TARGET_NAME)";
				VALIDATE_PRODUCT = YES;
			};
			name = Release;
		};
		CDB420765D655E899C915F4C /* Debug */ = {
			isa = XCBuildConfiguration;
			buildSettings = {
				"CURRENT_PROJECT_VERSION[sdk=iphoneos*]" = 1;
				"CURRENT_PROJECT_VERSION[sdk=iphonesimulator*]" = 1;
				"CURRENT_PROJECT_VERSION[sdk=macosx*]" = 1;
				"DEFINES_MODULE[sdk=iphoneos*]" = YES;
				"DEFINES_MODULE[sdk=iphonesimulator*]" = YES;
				"DEFINES_MODULE[sdk=macosx*]" = YES;
				"DYLIB_COMPATIBILITY_VERSION[sdk=iphoneos*]" = 1;
				"DYLIB_COMPATIBILITY_VERSION[sdk=iphonesimulator*]" = 1;
				"DYLIB_COMPATIBILITY_VERSION[sdk=macosx*]" = 1;
				"DYLIB_CURRENT_VERSION[sdk=iphoneos*]" = 1;
				"DYLIB_CURRENT_VERSION[sdk=iphonesimulator*]" = 1;
				"DYLIB_CURRENT_VERSION[sdk=macosx*]" = 1;
				"DYLIB_INSTALL_NAME_BASE[sdk=iphoneos*]" = "@rpath";
				"DYLIB_INSTALL_NAME_BASE[sdk=iphonesimulator*]" = "@rpath";
				"DYLIB_INSTALL_NAME_BASE[sdk=macosx*]" = "@rpath";
				INFOPLIST_FILE = "Derived/InfoPlists/Wheelman-Info.plist";
				"INSTALL_PATH[sdk=iphoneos*]" = "$(LOCAL_LIBRARY_DIR)/Frameworks";
				"INSTALL_PATH[sdk=iphonesimulator*]" = "$(LOCAL_LIBRARY_DIR)/Frameworks";
				"INSTALL_PATH[sdk=macosx*]" = "$(LOCAL_LIBRARY_DIR)/Frameworks";
				IPHONEOS_DEPLOYMENT_TARGET = 17.0;
				"LD_RUNPATH_SEARCH_PATHS[sdk=iphoneos*]" = (
					"$(inherited)",
					"@executable_path/Frameworks",
					"@loader_path/Frameworks",
				);
				"LD_RUNPATH_SEARCH_PATHS[sdk=iphonesimulator*]" = (
					"$(inherited)",
					"@executable_path/Frameworks",
					"@loader_path/Frameworks",
				);
				"LD_RUNPATH_SEARCH_PATHS[sdk=macosx*]" = (
					"$(inherited)",
					"@executable_path/../Frameworks",
					"@loader_path/../Frameworks",
				);
				MACOSX_DEPLOYMENT_TARGET = 14.0;
				PRODUCT_BUNDLE_IDENTIFIER = com.buttonheist.wheelman;
				PRODUCT_NAME = Wheelman;
				"PRODUCT_NAME[sdk=iphoneos*]" = "$(TARGET_NAME:c99extidentifier)";
				"PRODUCT_NAME[sdk=iphonesimulator*]" = "$(TARGET_NAME:c99extidentifier)";
				"PRODUCT_NAME[sdk=macosx*]" = "$(TARGET_NAME:c99extidentifier)";
				SDKROOT = auto;
				"SKIP_INSTALL[sdk=iphoneos*]" = YES;
				"SKIP_INSTALL[sdk=iphonesimulator*]" = YES;
				"SKIP_INSTALL[sdk=macosx*]" = YES;
				SUPPORTED_PLATFORMS = "iphoneos iphonesimulator macosx";
				SUPPORTS_MACCATALYST = NO;
				SUPPORTS_MAC_DESIGNED_FOR_IPHONE_IPAD = NO;
				SUPPORTS_XR_DESIGNED_FOR_IPHONE_IPAD = NO;
				"SWIFT_ACTIVE_COMPILATION_CONDITIONS[sdk=iphoneos*]" = (
					"$(inherited)",
					DEBUG,
				);
				"SWIFT_ACTIVE_COMPILATION_CONDITIONS[sdk=iphonesimulator*]" = (
					"$(inherited)",
					DEBUG,
				);
				"SWIFT_ACTIVE_COMPILATION_CONDITIONS[sdk=macosx*]" = (
					"$(inherited)",
					DEBUG,
				);
				"SWIFT_COMPILATION_MODE[sdk=iphoneos*]" = singlefile;
				"SWIFT_COMPILATION_MODE[sdk=iphonesimulator*]" = singlefile;
				"SWIFT_COMPILATION_MODE[sdk=macosx*]" = singlefile;
				"SWIFT_OPTIMIZATION_LEVEL[sdk=iphoneos*]" = "-Onone";
				"SWIFT_OPTIMIZATION_LEVEL[sdk=iphonesimulator*]" = "-Onone";
				"SWIFT_OPTIMIZATION_LEVEL[sdk=macosx*]" = "-Onone";
				"SWIFT_VERSION[sdk=iphoneos*]" = 5.0;
				"SWIFT_VERSION[sdk=iphonesimulator*]" = 5.0;
				"SWIFT_VERSION[sdk=macosx*]" = 5.0;
				TARGETED_DEVICE_FAMILY = "1,2";
				"VERSIONING_SYSTEM[sdk=iphoneos*]" = "apple-generic";
				"VERSIONING_SYSTEM[sdk=iphonesimulator*]" = "apple-generic";
				"VERSIONING_SYSTEM[sdk=macosx*]" = "apple-generic";
				"VERSION_INFO_PREFIX[sdk=iphoneos*]" = "";
				"VERSION_INFO_PREFIX[sdk=iphonesimulator*]" = "";
				"VERSION_INFO_PREFIX[sdk=macosx*]" = "";
			};
			name = Debug;
		};
		CF35D2B6C6DBC65C64E5E9DA /* Debug */ = {
			isa = XCBuildConfiguration;
			buildSettings = {
				ALWAYS_SEARCH_USER_PATHS = NO;
				CLANG_ANALYZER_LOCALIZABILITY_NONLOCALIZED = YES;
				CLANG_ANALYZER_NONNULL = YES;
				CLANG_ANALYZER_NUMBER_OBJECT_CONVERSION = YES_AGGRESSIVE;
				CLANG_CXX_LANGUAGE_STANDARD = "gnu++14";
				CLANG_CXX_LIBRARY = "libc++";
				CLANG_ENABLE_MODULES = YES;
				CLANG_ENABLE_OBJC_ARC = YES;
				CLANG_ENABLE_OBJC_WEAK = YES;
				CLANG_WARN_BLOCK_CAPTURE_AUTORELEASING = YES;
				CLANG_WARN_BOOL_CONVERSION = YES;
				CLANG_WARN_COMMA = YES;
				CLANG_WARN_CONSTANT_CONVERSION = YES;
				CLANG_WARN_DEPRECATED_OBJC_IMPLEMENTATIONS = YES;
				CLANG_WARN_DIRECT_OBJC_ISA_USAGE = YES_ERROR;
				CLANG_WARN_DOCUMENTATION_COMMENTS = YES;
				CLANG_WARN_EMPTY_BODY = YES;
				CLANG_WARN_ENUM_CONVERSION = YES;
				CLANG_WARN_INFINITE_RECURSION = YES;
				CLANG_WARN_INT_CONVERSION = YES;
				CLANG_WARN_NON_LITERAL_NULL_CONVERSION = YES;
				CLANG_WARN_OBJC_IMPLICIT_RETAIN_SELF = YES;
				CLANG_WARN_OBJC_LITERAL_CONVERSION = YES;
				CLANG_WARN_OBJC_ROOT_CLASS = YES_ERROR;
				CLANG_WARN_QUOTED_INCLUDE_IN_FRAMEWORK_HEADER = YES;
				CLANG_WARN_RANGE_LOOP_ANALYSIS = YES;
				CLANG_WARN_STRICT_PROTOTYPES = YES;
				CLANG_WARN_SUSPICIOUS_MOVE = YES;
				CLANG_WARN_UNGUARDED_AVAILABILITY = YES_AGGRESSIVE;
				CLANG_WARN_UNREACHABLE_CODE = YES;
				CLANG_WARN__DUPLICATE_METHOD_MATCH = YES;
				COPY_PHASE_STRIP = NO;
				DEAD_CODE_STRIPPING = YES;
				DEBUG_INFORMATION_FORMAT = dwarf;
				ENABLE_STRICT_OBJC_MSGSEND = YES;
				ENABLE_TESTABILITY = YES;
				GCC_C_LANGUAGE_STANDARD = gnu11;
				GCC_DYNAMIC_NO_PIC = NO;
				GCC_NO_COMMON_BLOCKS = YES;
				GCC_OPTIMIZATION_LEVEL = 0;
				GCC_PREPROCESSOR_DEFINITIONS = (
					"DEBUG=1",
					"$(inherited)",
				);
				GCC_WARN_64_TO_32_BIT_CONVERSION = YES;
				GCC_WARN_ABOUT_RETURN_TYPE = YES_ERROR;
				GCC_WARN_UNDECLARED_SELECTOR = YES;
				GCC_WARN_UNINITIALIZED_AUTOS = YES_AGGRESSIVE;
				GCC_WARN_UNUSED_FUNCTION = YES;
				GCC_WARN_UNUSED_VARIABLE = YES;
				MTL_ENABLE_DEBUG_INFO = YES;
				ONLY_ACTIVE_ARCH = YES;
				PRODUCT_NAME = "$(TARGET_NAME)";
			};
			name = Debug;
		};
		CFDFA5739C3517F996D6FB52 /* Debug */ = {
			isa = XCBuildConfiguration;
			buildSettings = {
				CODE_SIGN_IDENTITY = "-";
				INFOPLIST_FILE = "Derived/InfoPlists/WheelmanTests-Info.plist";
				LD_RUNPATH_SEARCH_PATHS = (
					"$(inherited)",
					"@executable_path/../Frameworks",
					"@loader_path/../Frameworks",
				);
				MACOSX_DEPLOYMENT_TARGET = 14.0;
				PRODUCT_BUNDLE_IDENTIFIER = com.buttonheist.wheelman.tests;
				PRODUCT_NAME = WheelmanTests;
				SDKROOT = macosx;
				SWIFT_ACTIVE_COMPILATION_CONDITIONS = (
					"$(inherited)",
					DEBUG,
				);
				SWIFT_COMPILATION_MODE = singlefile;
				SWIFT_OPTIMIZATION_LEVEL = "-Onone";
				SWIFT_VERSION = 5.0;
			};
			name = Debug;
		};
		DDF7010B5CE23F85F3D06735 /* Release */ = {
			isa = XCBuildConfiguration;
			buildSettings = {
				CODE_SIGN_IDENTITY = "-";
				INFOPLIST_FILE = "Derived/InfoPlists/ButtonHeistTests-Info.plist";
				LD_RUNPATH_SEARCH_PATHS = (
					"$(inherited)",
					"@executable_path/../Frameworks",
					"@loader_path/../Frameworks",
				);
				MACOSX_DEPLOYMENT_TARGET = 14.0;
				PRODUCT_BUNDLE_IDENTIFIER = com.buttonheist.tests;
				PRODUCT_NAME = ButtonHeistTests;
				SDKROOT = macosx;
				SWIFT_COMPILATION_MODE = wholemodule;
				SWIFT_OPTIMIZATION_LEVEL = "-Owholemodule";
				SWIFT_VERSION = 5.0;
			};
			name = Release;
		};
		E7425CD7B9C9A6218F4418E0 /* Release */ = {
			isa = XCBuildConfiguration;
			buildSettings = {
				"CURRENT_PROJECT_VERSION[sdk=iphoneos*]" = 1;
				"CURRENT_PROJECT_VERSION[sdk=iphonesimulator*]" = 1;
				"CURRENT_PROJECT_VERSION[sdk=macosx*]" = 1;
				"DEFINES_MODULE[sdk=iphoneos*]" = YES;
				"DEFINES_MODULE[sdk=iphonesimulator*]" = YES;
				"DEFINES_MODULE[sdk=macosx*]" = YES;
				"DYLIB_COMPATIBILITY_VERSION[sdk=iphoneos*]" = 1;
				"DYLIB_COMPATIBILITY_VERSION[sdk=iphonesimulator*]" = 1;
				"DYLIB_COMPATIBILITY_VERSION[sdk=macosx*]" = 1;
				"DYLIB_CURRENT_VERSION[sdk=iphoneos*]" = 1;
				"DYLIB_CURRENT_VERSION[sdk=iphonesimulator*]" = 1;
				"DYLIB_CURRENT_VERSION[sdk=macosx*]" = 1;
				"DYLIB_INSTALL_NAME_BASE[sdk=iphoneos*]" = "@rpath";
				"DYLIB_INSTALL_NAME_BASE[sdk=iphonesimulator*]" = "@rpath";
				"DYLIB_INSTALL_NAME_BASE[sdk=macosx*]" = "@rpath";
				INFOPLIST_FILE = "Derived/InfoPlists/TheGoods-Info.plist";
				"INSTALL_PATH[sdk=iphoneos*]" = "$(LOCAL_LIBRARY_DIR)/Frameworks";
				"INSTALL_PATH[sdk=iphonesimulator*]" = "$(LOCAL_LIBRARY_DIR)/Frameworks";
				"INSTALL_PATH[sdk=macosx*]" = "$(LOCAL_LIBRARY_DIR)/Frameworks";
				IPHONEOS_DEPLOYMENT_TARGET = 17.0;
				"LD_RUNPATH_SEARCH_PATHS[sdk=iphoneos*]" = (
					"$(inherited)",
					"@executable_path/Frameworks",
					"@loader_path/Frameworks",
				);
				"LD_RUNPATH_SEARCH_PATHS[sdk=iphonesimulator*]" = (
					"$(inherited)",
					"@executable_path/Frameworks",
					"@loader_path/Frameworks",
				);
				"LD_RUNPATH_SEARCH_PATHS[sdk=macosx*]" = (
					"$(inherited)",
					"@executable_path/../Frameworks",
					"@loader_path/../Frameworks",
				);
				MACOSX_DEPLOYMENT_TARGET = 14.0;
				PRODUCT_BUNDLE_IDENTIFIER = com.buttonheist.thegoods;
				PRODUCT_NAME = TheGoods;
				"PRODUCT_NAME[sdk=iphoneos*]" = "$(TARGET_NAME:c99extidentifier)";
				"PRODUCT_NAME[sdk=iphonesimulator*]" = "$(TARGET_NAME:c99extidentifier)";
				"PRODUCT_NAME[sdk=macosx*]" = "$(TARGET_NAME:c99extidentifier)";
				SDKROOT = auto;
				"SKIP_INSTALL[sdk=iphoneos*]" = YES;
				"SKIP_INSTALL[sdk=iphonesimulator*]" = YES;
				"SKIP_INSTALL[sdk=macosx*]" = YES;
				SUPPORTED_PLATFORMS = "iphoneos iphonesimulator macosx";
				SUPPORTS_MACCATALYST = NO;
				SUPPORTS_MAC_DESIGNED_FOR_IPHONE_IPAD = NO;
				SUPPORTS_XR_DESIGNED_FOR_IPHONE_IPAD = NO;
				"SWIFT_COMPILATION_MODE[sdk=iphoneos*]" = wholemodule;
				"SWIFT_COMPILATION_MODE[sdk=iphonesimulator*]" = wholemodule;
				"SWIFT_COMPILATION_MODE[sdk=macosx*]" = wholemodule;
				"SWIFT_OPTIMIZATION_LEVEL[sdk=iphoneos*]" = "-Owholemodule";
				"SWIFT_OPTIMIZATION_LEVEL[sdk=iphonesimulator*]" = "-Owholemodule";
				"SWIFT_OPTIMIZATION_LEVEL[sdk=macosx*]" = "-Owholemodule";
				"SWIFT_VERSION[sdk=iphoneos*]" = 5.0;
				"SWIFT_VERSION[sdk=iphonesimulator*]" = 5.0;
				"SWIFT_VERSION[sdk=macosx*]" = 5.0;
				TARGETED_DEVICE_FAMILY = "1,2";
				"VERSIONING_SYSTEM[sdk=iphoneos*]" = "apple-generic";
				"VERSIONING_SYSTEM[sdk=iphonesimulator*]" = "apple-generic";
				"VERSIONING_SYSTEM[sdk=macosx*]" = "apple-generic";
				"VERSION_INFO_PREFIX[sdk=iphoneos*]" = "";
				"VERSION_INFO_PREFIX[sdk=iphonesimulator*]" = "";
				"VERSION_INFO_PREFIX[sdk=macosx*]" = "";
			};
			name = Release;
		};
		F91DE6EE2A9FE13633BD3CEE /* Release */ = {
			isa = XCBuildConfiguration;
			buildSettings = {
				CODE_SIGN_IDENTITY = "-";
				INFOPLIST_FILE = "Derived/InfoPlists/TheGoodsTests-Info.plist";
				LD_RUNPATH_SEARCH_PATHS = (
					"$(inherited)",
					"@executable_path/../Frameworks",
					"@loader_path/../Frameworks",
				);
				MACOSX_DEPLOYMENT_TARGET = 14.0;
				PRODUCT_BUNDLE_IDENTIFIER = com.buttonheist.thegoods.tests;
				PRODUCT_NAME = TheGoodsTests;
				SDKROOT = macosx;
				SWIFT_COMPILATION_MODE = wholemodule;
				SWIFT_OPTIMIZATION_LEVEL = "-Owholemodule";
				SWIFT_VERSION = 5.0;
			};
			name = Release;
		};
/* End XCBuildConfiguration section */

/* Begin XCConfigurationList section */
		07881155C2771D49CC326485 /* Build configuration list for PBXNativeTarget "Stakeout" */ = {
			isa = XCConfigurationList;
			buildConfigurations = (
				1C9D613D3A3FA6FCF97DDEC6 /* Debug */,
				AA6EE511DA108932B3DAFDEE /* Release */,
			);
			defaultConfigurationIsVisible = 0;
			defaultConfigurationName = Release;
		};
		3A3C0FC0326E7A58AAD87CE7 /* Build configuration list for PBXProject "ButtonHeist" */ = {
			isa = XCConfigurationList;
			buildConfigurations = (
				CF35D2B6C6DBC65C64E5E9DA /* Debug */,
				CD092A15D6AA9EC0124D887A /* Release */,
			);
			defaultConfigurationIsVisible = 0;
			defaultConfigurationName = Release;
		};
		6D046CCE0D445D1A153C0DDB /* Build configuration list for PBXNativeTarget "ButtonHeist" */ = {
			isa = XCConfigurationList;
			buildConfigurations = (
				1D47A2BCA568CBC01EDB1872 /* Debug */,
				5BB65043CE8E77CAAD416919 /* Release */,
			);
			defaultConfigurationIsVisible = 0;
			defaultConfigurationName = Release;
		};
		868A54EE0ECEC296C4F43BF7 /* Build configuration list for PBXNativeTarget "WheelmanTests" */ = {
			isa = XCConfigurationList;
			buildConfigurations = (
				CFDFA5739C3517F996D6FB52 /* Debug */,
				4410693F3B93A3BCEA049290 /* Release */,
			);
			defaultConfigurationIsVisible = 0;
			defaultConfigurationName = Release;
		};
		99379F7A60255A417FF6BB94 /* Build configuration list for PBXNativeTarget "Wheelman" */ = {
			isa = XCConfigurationList;
			buildConfigurations = (
				CDB420765D655E899C915F4C /* Debug */,
				6ABCA99CE2546CACEFC7C1FE /* Release */,
			);
			defaultConfigurationIsVisible = 0;
			defaultConfigurationName = Release;
		};
		AB009AD22C807F69A7AB08A0 /* Build configuration list for PBXNativeTarget "TheGoodsTests" */ = {
			isa = XCConfigurationList;
			buildConfigurations = (
				3C95A7F5BECCC81C5C1DDFCC /* Debug */,
				F91DE6EE2A9FE13633BD3CEE /* Release */,
			);
			defaultConfigurationIsVisible = 0;
			defaultConfigurationName = Release;
		};
		E267E1445702392D696535E2 /* Build configuration list for PBXNativeTarget "TheGoods" */ = {
			isa = XCConfigurationList;
			buildConfigurations = (
				8EBEF1C799234401E924CB78 /* Debug */,
				E7425CD7B9C9A6218F4418E0 /* Release */,
			);
			defaultConfigurationIsVisible = 0;
			defaultConfigurationName = Release;
		};
		E5E60CDB6DEE5DD5783B9774 /* Build configuration list for PBXNativeTarget "InsideMan" */ = {
			isa = XCConfigurationList;
			buildConfigurations = (
				AF59DDBB148017DFE61662AD /* Debug */,
				C68A8E22CB29F90CB31F3A51 /* Release */,
			);
			defaultConfigurationIsVisible = 0;
			defaultConfigurationName = Release;
		};
		E61912E614DD3484D53CF9AD /* Build configuration list for PBXNativeTarget "ButtonHeistTests" */ = {
			isa = XCConfigurationList;
			buildConfigurations = (
				2F7C6B8F46593EBC86F2E7E9 /* Debug */,
				DDF7010B5CE23F85F3D06735 /* Release */,
			);
			defaultConfigurationIsVisible = 0;
			defaultConfigurationName = Release;
		};
/* End XCConfigurationList section */
	};
	rootObject = 05095CDD5321516AFB12077C /* Project object */;
}
